// !$*UTF8*$!
{
	archiveVersion = 1;
	classes = {
	};
	objectVersion = 46;
	objects = {

/* Begin PBXBuildFile section */
		62AC95561E99A83A00C7E83A /* Squeal.framework in Frameworks */ = {isa = PBXBuildFile; fileRef = 62AC954C1E99A83A00C7E83A /* Squeal.framework */; };
		62AC955D1E99A83A00C7E83A /* Squeal-macOS.h in Headers */ = {isa = PBXBuildFile; fileRef = 62AC954F1E99A83A00C7E83A /* Squeal-macOS.h */; settings = {ATTRIBUTES = (Public, ); }; };
		62AC956F1E99A8B400C7E83A /* Bindable.swift in Sources */ = {isa = PBXBuildFile; fileRef = 62AC95641E99A8B400C7E83A /* Bindable.swift */; };
		62AC95701E99A8B400C7E83A /* Database.swift in Sources */ = {isa = PBXBuildFile; fileRef = 62AC95651E99A8B400C7E83A /* Database.swift */; };
		62AC95711E99A8B400C7E83A /* DatabasePool.swift in Sources */ = {isa = PBXBuildFile; fileRef = 62AC95661E99A8B400C7E83A /* DatabasePool.swift */; };
		62AC95721E99A8B400C7E83A /* DeleteHelpers.swift in Sources */ = {isa = PBXBuildFile; fileRef = 62AC95671E99A8B400C7E83A /* DeleteHelpers.swift */; };
		62AC95731E99A8B400C7E83A /* Errors.swift in Sources */ = {isa = PBXBuildFile; fileRef = 62AC95681E99A8B400C7E83A /* Errors.swift */; };
		62AC95741E99A8B400C7E83A /* InsertHelpers.swift in Sources */ = {isa = PBXBuildFile; fileRef = 62AC95691E99A8B400C7E83A /* InsertHelpers.swift */; };
		62AC95751E99A8B400C7E83A /* SchemaHelpers.swift in Sources */ = {isa = PBXBuildFile; fileRef = 62AC956A1E99A8B400C7E83A /* SchemaHelpers.swift */; };
		62AC95761E99A8B400C7E83A /* SelectHelpers.swift in Sources */ = {isa = PBXBuildFile; fileRef = 62AC956B1E99A8B400C7E83A /* SelectHelpers.swift */; };
		62AC95771E99A8B400C7E83A /* Statement.swift in Sources */ = {isa = PBXBuildFile; fileRef = 62AC956C1E99A8B400C7E83A /* Statement.swift */; };
		62AC95781E99A8B400C7E83A /* TransactionHelpers.swift in Sources */ = {isa = PBXBuildFile; fileRef = 62AC956D1E99A8B400C7E83A /* TransactionHelpers.swift */; };
		62AC95791E99A8B400C7E83A /* UpdateHelpers.swift in Sources */ = {isa = PBXBuildFile; fileRef = 62AC956E1E99A8B400C7E83A /* UpdateHelpers.swift */; };
		62AC95891E99B02000C7E83A /* BindableSpec.swift in Sources */ = {isa = PBXBuildFile; fileRef = 62AC957F1E99B02000C7E83A /* BindableSpec.swift */; };
		62AC958A1E99B02000C7E83A /* DatabasePoolSpec.swift in Sources */ = {isa = PBXBuildFile; fileRef = 62AC95801E99B02000C7E83A /* DatabasePoolSpec.swift */; };
		62AC958B1E99B02000C7E83A /* DatabaseSpec.swift in Sources */ = {isa = PBXBuildFile; fileRef = 62AC95811E99B02000C7E83A /* DatabaseSpec.swift */; };
		62AC958C1E99B02000C7E83A /* DeleteHelpersSpec.swift in Sources */ = {isa = PBXBuildFile; fileRef = 62AC95821E99B02000C7E83A /* DeleteHelpersSpec.swift */; };
		62AC958D1E99B02000C7E83A /* InsertHelpersSpec.swift in Sources */ = {isa = PBXBuildFile; fileRef = 62AC95831E99B02000C7E83A /* InsertHelpersSpec.swift */; };
		62AC958E1E99B02000C7E83A /* SchemaHelpersSpec.swift in Sources */ = {isa = PBXBuildFile; fileRef = 62AC95841E99B02000C7E83A /* SchemaHelpersSpec.swift */; };
		62AC958F1E99B02000C7E83A /* SelectHelpersSpec.swift in Sources */ = {isa = PBXBuildFile; fileRef = 62AC95851E99B02000C7E83A /* SelectHelpersSpec.swift */; };
		62AC95901E99B02000C7E83A /* StatementSpec.swift in Sources */ = {isa = PBXBuildFile; fileRef = 62AC95861E99B02000C7E83A /* StatementSpec.swift */; };
		62AC95911E99B02000C7E83A /* TransactionHelpersSpec.swift in Sources */ = {isa = PBXBuildFile; fileRef = 62AC95871E99B02000C7E83A /* TransactionHelpersSpec.swift */; };
		62AC95921E99B02000C7E83A /* UpdateHelpersSpec.swift in Sources */ = {isa = PBXBuildFile; fileRef = 62AC95881E99B02000C7E83A /* UpdateHelpersSpec.swift */; };
		62AC95971E99B08F00C7E83A /* DatabaseSpecHelpers.swift in Sources */ = {isa = PBXBuildFile; fileRef = 62AC95961E99B08F00C7E83A /* DatabaseSpecHelpers.swift */; };
		62AC959A1E99B1AC00C7E83A /* Nimble.framework in Frameworks */ = {isa = PBXBuildFile; fileRef = 62AC95991E99B1AC00C7E83A /* Nimble.framework */; };
		62AC959C1E99B1AF00C7E83A /* Quick.framework in Frameworks */ = {isa = PBXBuildFile; fileRef = 62AC959B1E99B1AF00C7E83A /* Quick.framework */; };
		62AC95A21E99B35C00C7E83A /* Quick.framework in CopyFiles */ = {isa = PBXBuildFile; fileRef = 62AC959B1E99B1AF00C7E83A /* Quick.framework */; settings = {ATTRIBUTES = (CodeSignOnCopy, RemoveHeadersOnCopy, ); }; };
		62AC95A31E99B35E00C7E83A /* Nimble.framework in CopyFiles */ = {isa = PBXBuildFile; fileRef = 62AC95991E99B1AC00C7E83A /* Nimble.framework */; settings = {ATTRIBUTES = (CodeSignOnCopy, RemoveHeadersOnCopy, ); }; };
		62AC95B21E99C30A00C7E83A /* Squeal.framework in Frameworks */ = {isa = PBXBuildFile; fileRef = 62AC95A91E99C30A00C7E83A /* Squeal.framework */; };
		62AC95B91E99C30A00C7E83A /* Squeal-iOS.h in Headers */ = {isa = PBXBuildFile; fileRef = 62AC95AB1E99C30A00C7E83A /* Squeal-iOS.h */; settings = {ATTRIBUTES = (Public, ); }; };
		62AC95C01E99C33B00C7E83A /* Bindable.swift in Sources */ = {isa = PBXBuildFile; fileRef = 62AC95641E99A8B400C7E83A /* Bindable.swift */; };
		62AC95C11E99C33B00C7E83A /* Database.swift in Sources */ = {isa = PBXBuildFile; fileRef = 62AC95651E99A8B400C7E83A /* Database.swift */; };
		62AC95C21E99C33B00C7E83A /* DatabasePool.swift in Sources */ = {isa = PBXBuildFile; fileRef = 62AC95661E99A8B400C7E83A /* DatabasePool.swift */; };
		62AC95C31E99C33B00C7E83A /* DeleteHelpers.swift in Sources */ = {isa = PBXBuildFile; fileRef = 62AC95671E99A8B400C7E83A /* DeleteHelpers.swift */; };
		62AC95C41E99C33B00C7E83A /* Errors.swift in Sources */ = {isa = PBXBuildFile; fileRef = 62AC95681E99A8B400C7E83A /* Errors.swift */; };
		62AC95C51E99C33B00C7E83A /* InsertHelpers.swift in Sources */ = {isa = PBXBuildFile; fileRef = 62AC95691E99A8B400C7E83A /* InsertHelpers.swift */; };
		62AC95C61E99C33B00C7E83A /* SchemaHelpers.swift in Sources */ = {isa = PBXBuildFile; fileRef = 62AC956A1E99A8B400C7E83A /* SchemaHelpers.swift */; };
		62AC95C71E99C33B00C7E83A /* SelectHelpers.swift in Sources */ = {isa = PBXBuildFile; fileRef = 62AC956B1E99A8B400C7E83A /* SelectHelpers.swift */; };
		62AC95C81E99C33B00C7E83A /* Statement.swift in Sources */ = {isa = PBXBuildFile; fileRef = 62AC956C1E99A8B400C7E83A /* Statement.swift */; };
		62AC95C91E99C33B00C7E83A /* TransactionHelpers.swift in Sources */ = {isa = PBXBuildFile; fileRef = 62AC956D1E99A8B400C7E83A /* TransactionHelpers.swift */; };
		62AC95CA1E99C33B00C7E83A /* UpdateHelpers.swift in Sources */ = {isa = PBXBuildFile; fileRef = 62AC956E1E99A8B400C7E83A /* UpdateHelpers.swift */; };
		62AC95CB1E99C34600C7E83A /* DatabaseSpecHelpers.swift in Sources */ = {isa = PBXBuildFile; fileRef = 62AC95961E99B08F00C7E83A /* DatabaseSpecHelpers.swift */; };
		62AC95CC1E99C34600C7E83A /* BindableSpec.swift in Sources */ = {isa = PBXBuildFile; fileRef = 62AC957F1E99B02000C7E83A /* BindableSpec.swift */; };
		62AC95CD1E99C34600C7E83A /* DatabasePoolSpec.swift in Sources */ = {isa = PBXBuildFile; fileRef = 62AC95801E99B02000C7E83A /* DatabasePoolSpec.swift */; };
		62AC95CE1E99C34600C7E83A /* DatabaseSpec.swift in Sources */ = {isa = PBXBuildFile; fileRef = 62AC95811E99B02000C7E83A /* DatabaseSpec.swift */; };
		62AC95CF1E99C34600C7E83A /* DeleteHelpersSpec.swift in Sources */ = {isa = PBXBuildFile; fileRef = 62AC95821E99B02000C7E83A /* DeleteHelpersSpec.swift */; };
		62AC95D01E99C34600C7E83A /* InsertHelpersSpec.swift in Sources */ = {isa = PBXBuildFile; fileRef = 62AC95831E99B02000C7E83A /* InsertHelpersSpec.swift */; };
		62AC95D11E99C34600C7E83A /* SchemaHelpersSpec.swift in Sources */ = {isa = PBXBuildFile; fileRef = 62AC95841E99B02000C7E83A /* SchemaHelpersSpec.swift */; };
		62AC95D21E99C34600C7E83A /* SelectHelpersSpec.swift in Sources */ = {isa = PBXBuildFile; fileRef = 62AC95851E99B02000C7E83A /* SelectHelpersSpec.swift */; };
		62AC95D31E99C34600C7E83A /* StatementSpec.swift in Sources */ = {isa = PBXBuildFile; fileRef = 62AC95861E99B02000C7E83A /* StatementSpec.swift */; };
		62AC95D41E99C34600C7E83A /* TransactionHelpersSpec.swift in Sources */ = {isa = PBXBuildFile; fileRef = 62AC95871E99B02000C7E83A /* TransactionHelpersSpec.swift */; };
		62AC95D51E99C34600C7E83A /* UpdateHelpersSpec.swift in Sources */ = {isa = PBXBuildFile; fileRef = 62AC95881E99B02000C7E83A /* UpdateHelpersSpec.swift */; };
		62AC95D81E99C4AA00C7E83A /* Nimble.framework in Frameworks */ = {isa = PBXBuildFile; fileRef = 62AC95D61E99C4AA00C7E83A /* Nimble.framework */; };
		62AC95D91E99C4AA00C7E83A /* Quick.framework in Frameworks */ = {isa = PBXBuildFile; fileRef = 62AC95D71E99C4AA00C7E83A /* Quick.framework */; };
		62AC95DD1E99D0B700C7E83A /* Nimble.framework in CopyFiles */ = {isa = PBXBuildFile; fileRef = 62AC95D61E99C4AA00C7E83A /* Nimble.framework */; settings = {ATTRIBUTES = (CodeSignOnCopy, RemoveHeadersOnCopy, ); }; };
		62AC95DE1E99D0B700C7E83A /* Quick.framework in CopyFiles */ = {isa = PBXBuildFile; fileRef = 62AC95D71E99C4AA00C7E83A /* Quick.framework */; settings = {ATTRIBUTES = (CodeSignOnCopy, RemoveHeadersOnCopy, ); }; };
		62AC95ED1E99D1E600C7E83A /* Squeal.framework in Frameworks */ = {isa = PBXBuildFile; fileRef = 62AC95E41E99D1E600C7E83A /* Squeal.framework */; };
		62AC95F41E99D1E600C7E83A /* Squeal-tvOS.h in Headers */ = {isa = PBXBuildFile; fileRef = 62AC95E61E99D1E600C7E83A /* Squeal-tvOS.h */; settings = {ATTRIBUTES = (Public, ); }; };
		62AC95FB1E99D30700C7E83A /* Bindable.swift in Sources */ = {isa = PBXBuildFile; fileRef = 62AC95641E99A8B400C7E83A /* Bindable.swift */; };
		62AC95FC1E99D30700C7E83A /* Database.swift in Sources */ = {isa = PBXBuildFile; fileRef = 62AC95651E99A8B400C7E83A /* Database.swift */; };
		62AC95FD1E99D30700C7E83A /* DatabasePool.swift in Sources */ = {isa = PBXBuildFile; fileRef = 62AC95661E99A8B400C7E83A /* DatabasePool.swift */; };
		62AC95FE1E99D30700C7E83A /* DeleteHelpers.swift in Sources */ = {isa = PBXBuildFile; fileRef = 62AC95671E99A8B400C7E83A /* DeleteHelpers.swift */; };
		62AC95FF1E99D30700C7E83A /* Errors.swift in Sources */ = {isa = PBXBuildFile; fileRef = 62AC95681E99A8B400C7E83A /* Errors.swift */; };
		62AC96001E99D30700C7E83A /* InsertHelpers.swift in Sources */ = {isa = PBXBuildFile; fileRef = 62AC95691E99A8B400C7E83A /* InsertHelpers.swift */; };
		62AC96011E99D30700C7E83A /* SchemaHelpers.swift in Sources */ = {isa = PBXBuildFile; fileRef = 62AC956A1E99A8B400C7E83A /* SchemaHelpers.swift */; };
		62AC96021E99D30700C7E83A /* SelectHelpers.swift in Sources */ = {isa = PBXBuildFile; fileRef = 62AC956B1E99A8B400C7E83A /* SelectHelpers.swift */; };
		62AC96031E99D30700C7E83A /* Statement.swift in Sources */ = {isa = PBXBuildFile; fileRef = 62AC956C1E99A8B400C7E83A /* Statement.swift */; };
		62AC96041E99D30700C7E83A /* TransactionHelpers.swift in Sources */ = {isa = PBXBuildFile; fileRef = 62AC956D1E99A8B400C7E83A /* TransactionHelpers.swift */; };
		62AC96051E99D30700C7E83A /* UpdateHelpers.swift in Sources */ = {isa = PBXBuildFile; fileRef = 62AC956E1E99A8B400C7E83A /* UpdateHelpers.swift */; };
		62AC96081E99D3F200C7E83A /* Nimble.framework in Frameworks */ = {isa = PBXBuildFile; fileRef = 62AC96061E99D3F200C7E83A /* Nimble.framework */; };
		62AC96091E99D3F200C7E83A /* Quick.framework in Frameworks */ = {isa = PBXBuildFile; fileRef = 62AC96071E99D3F200C7E83A /* Quick.framework */; };
		62AC960B1E99D41500C7E83A /* Nimble.framework in CopyFiles */ = {isa = PBXBuildFile; fileRef = 62AC96061E99D3F200C7E83A /* Nimble.framework */; settings = {ATTRIBUTES = (CodeSignOnCopy, RemoveHeadersOnCopy, ); }; };
		62AC960C1E99D41500C7E83A /* Quick.framework in CopyFiles */ = {isa = PBXBuildFile; fileRef = 62AC96071E99D3F200C7E83A /* Quick.framework */; settings = {ATTRIBUTES = (CodeSignOnCopy, RemoveHeadersOnCopy, ); }; };
		62AC960D1E99D63600C7E83A /* DatabaseSpecHelpers.swift in Sources */ = {isa = PBXBuildFile; fileRef = 62AC95961E99B08F00C7E83A /* DatabaseSpecHelpers.swift */; };
		62AC960E1E99D63600C7E83A /* BindableSpec.swift in Sources */ = {isa = PBXBuildFile; fileRef = 62AC957F1E99B02000C7E83A /* BindableSpec.swift */; };
		62AC960F1E99D63600C7E83A /* DatabasePoolSpec.swift in Sources */ = {isa = PBXBuildFile; fileRef = 62AC95801E99B02000C7E83A /* DatabasePoolSpec.swift */; };
		62AC96101E99D63600C7E83A /* DatabaseSpec.swift in Sources */ = {isa = PBXBuildFile; fileRef = 62AC95811E99B02000C7E83A /* DatabaseSpec.swift */; };
		62AC96111E99D63600C7E83A /* DeleteHelpersSpec.swift in Sources */ = {isa = PBXBuildFile; fileRef = 62AC95821E99B02000C7E83A /* DeleteHelpersSpec.swift */; };
		62AC96121E99D63600C7E83A /* InsertHelpersSpec.swift in Sources */ = {isa = PBXBuildFile; fileRef = 62AC95831E99B02000C7E83A /* InsertHelpersSpec.swift */; };
		62AC96131E99D63600C7E83A /* SchemaHelpersSpec.swift in Sources */ = {isa = PBXBuildFile; fileRef = 62AC95841E99B02000C7E83A /* SchemaHelpersSpec.swift */; };
		62AC96141E99D63600C7E83A /* SelectHelpersSpec.swift in Sources */ = {isa = PBXBuildFile; fileRef = 62AC95851E99B02000C7E83A /* SelectHelpersSpec.swift */; };
		62AC96151E99D63600C7E83A /* StatementSpec.swift in Sources */ = {isa = PBXBuildFile; fileRef = 62AC95861E99B02000C7E83A /* StatementSpec.swift */; };
		62AC96161E99D63600C7E83A /* TransactionHelpersSpec.swift in Sources */ = {isa = PBXBuildFile; fileRef = 62AC95871E99B02000C7E83A /* TransactionHelpersSpec.swift */; };
		62AC96171E99D63600C7E83A /* UpdateHelpersSpec.swift in Sources */ = {isa = PBXBuildFile; fileRef = 62AC95881E99B02000C7E83A /* UpdateHelpersSpec.swift */; };
		62AC96211E99D69B00C7E83A /* Squeal-watchOS.h in Headers */ = {isa = PBXBuildFile; fileRef = 62AC961F1E99D69B00C7E83A /* Squeal-watchOS.h */; settings = {ATTRIBUTES = (Public, ); }; };
		62AC96251E99D6B000C7E83A /* Bindable.swift in Sources */ = {isa = PBXBuildFile; fileRef = 62AC95641E99A8B400C7E83A /* Bindable.swift */; };
		62AC96261E99D6B000C7E83A /* Database.swift in Sources */ = {isa = PBXBuildFile; fileRef = 62AC95651E99A8B400C7E83A /* Database.swift */; };
		62AC96271E99D6B000C7E83A /* DatabasePool.swift in Sources */ = {isa = PBXBuildFile; fileRef = 62AC95661E99A8B400C7E83A /* DatabasePool.swift */; };
		62AC96281E99D6B000C7E83A /* DeleteHelpers.swift in Sources */ = {isa = PBXBuildFile; fileRef = 62AC95671E99A8B400C7E83A /* DeleteHelpers.swift */; };
		62AC96291E99D6B000C7E83A /* Errors.swift in Sources */ = {isa = PBXBuildFile; fileRef = 62AC95681E99A8B400C7E83A /* Errors.swift */; };
		62AC962A1E99D6B000C7E83A /* InsertHelpers.swift in Sources */ = {isa = PBXBuildFile; fileRef = 62AC95691E99A8B400C7E83A /* InsertHelpers.swift */; };
		62AC962B1E99D6B000C7E83A /* SchemaHelpers.swift in Sources */ = {isa = PBXBuildFile; fileRef = 62AC956A1E99A8B400C7E83A /* SchemaHelpers.swift */; };
		62AC962C1E99D6B000C7E83A /* SelectHelpers.swift in Sources */ = {isa = PBXBuildFile; fileRef = 62AC956B1E99A8B400C7E83A /* SelectHelpers.swift */; };
		62AC962D1E99D6B000C7E83A /* Statement.swift in Sources */ = {isa = PBXBuildFile; fileRef = 62AC956C1E99A8B400C7E83A /* Statement.swift */; };
		62AC962E1E99D6B000C7E83A /* TransactionHelpers.swift in Sources */ = {isa = PBXBuildFile; fileRef = 62AC956D1E99A8B400C7E83A /* TransactionHelpers.swift */; };
		62AC962F1E99D6B000C7E83A /* UpdateHelpers.swift in Sources */ = {isa = PBXBuildFile; fileRef = 62AC956E1E99A8B400C7E83A /* UpdateHelpers.swift */; };
/* End PBXBuildFile section */

/* Begin PBXContainerItemProxy section */
		62AC95571E99A83A00C7E83A /* PBXContainerItemProxy */ = {
			isa = PBXContainerItemProxy;
			containerPortal = 62AC95401E99A7C500C7E83A /* Project object */;
			proxyType = 1;
			remoteGlobalIDString = 62AC954B1E99A83A00C7E83A;
			remoteInfo = "Squeal-macOS";
		};
		62AC95B31E99C30A00C7E83A /* PBXContainerItemProxy */ = {
			isa = PBXContainerItemProxy;
			containerPortal = 62AC95401E99A7C500C7E83A /* Project object */;
			proxyType = 1;
			remoteGlobalIDString = 62AC95A81E99C30A00C7E83A;
			remoteInfo = "Squeal-iOS";
		};
		62AC95EE1E99D1E600C7E83A /* PBXContainerItemProxy */ = {
			isa = PBXContainerItemProxy;
			containerPortal = 62AC95401E99A7C500C7E83A /* Project object */;
			proxyType = 1;
			remoteGlobalIDString = 62AC95E31E99D1E600C7E83A;
			remoteInfo = "Squeal-tvOS";
		};
/* End PBXContainerItemProxy section */

/* Begin PBXCopyFilesBuildPhase section */
		62AC959D1E99B27500C7E83A /* CopyFiles */ = {
			isa = PBXCopyFilesBuildPhase;
			buildActionMask = 2147483647;
			dstPath = "";
			dstSubfolderSpec = 10;
			files = (
				62AC95A21E99B35C00C7E83A /* Quick.framework in CopyFiles */,
				62AC95A31E99B35E00C7E83A /* Nimble.framework in CopyFiles */,
			);
			runOnlyForDeploymentPostprocessing = 0;
		};
		62AC95DC1E99D0AE00C7E83A /* CopyFiles */ = {
			isa = PBXCopyFilesBuildPhase;
			buildActionMask = 2147483647;
			dstPath = "";
			dstSubfolderSpec = 10;
			files = (
				62AC95DD1E99D0B700C7E83A /* Nimble.framework in CopyFiles */,
				62AC95DE1E99D0B700C7E83A /* Quick.framework in CopyFiles */,
			);
			runOnlyForDeploymentPostprocessing = 0;
		};
		62AC960A1E99D40D00C7E83A /* CopyFiles */ = {
			isa = PBXCopyFilesBuildPhase;
			buildActionMask = 2147483647;
			dstPath = "";
			dstSubfolderSpec = 10;
			files = (
				62AC960B1E99D41500C7E83A /* Nimble.framework in CopyFiles */,
				62AC960C1E99D41500C7E83A /* Quick.framework in CopyFiles */,
			);
			runOnlyForDeploymentPostprocessing = 0;
		};
/* End PBXCopyFilesBuildPhase section */

/* Begin PBXFileReference section */
		62AC954C1E99A83A00C7E83A /* Squeal.framework */ = {isa = PBXFileReference; explicitFileType = wrapper.framework; includeInIndex = 0; path = Squeal.framework; sourceTree = BUILT_PRODUCTS_DIR; };
		62AC954F1E99A83A00C7E83A /* Squeal-macOS.h */ = {isa = PBXFileReference; lastKnownFileType = sourcecode.c.h; path = "Squeal-macOS.h"; sourceTree = "<group>"; };
		62AC95501E99A83A00C7E83A /* Info.plist */ = {isa = PBXFileReference; lastKnownFileType = text.plist.xml; path = Info.plist; sourceTree = "<group>"; };
		62AC95551E99A83A00C7E83A /* Squeal-macOSTests.xctest */ = {isa = PBXFileReference; explicitFileType = wrapper.cfbundle; includeInIndex = 0; path = "Squeal-macOSTests.xctest"; sourceTree = BUILT_PRODUCTS_DIR; };
		62AC955C1E99A83A00C7E83A /* Info.plist */ = {isa = PBXFileReference; lastKnownFileType = text.plist.xml; path = Info.plist; sourceTree = "<group>"; };
		62AC95641E99A8B400C7E83A /* Bindable.swift */ = {isa = PBXFileReference; fileEncoding = 4; lastKnownFileType = sourcecode.swift; path = Bindable.swift; sourceTree = "<group>"; };
		62AC95651E99A8B400C7E83A /* Database.swift */ = {isa = PBXFileReference; fileEncoding = 4; lastKnownFileType = sourcecode.swift; path = Database.swift; sourceTree = "<group>"; };
		62AC95661E99A8B400C7E83A /* DatabasePool.swift */ = {isa = PBXFileReference; fileEncoding = 4; lastKnownFileType = sourcecode.swift; path = DatabasePool.swift; sourceTree = "<group>"; };
		62AC95671E99A8B400C7E83A /* DeleteHelpers.swift */ = {isa = PBXFileReference; fileEncoding = 4; lastKnownFileType = sourcecode.swift; path = DeleteHelpers.swift; sourceTree = "<group>"; };
		62AC95681E99A8B400C7E83A /* Errors.swift */ = {isa = PBXFileReference; fileEncoding = 4; lastKnownFileType = sourcecode.swift; path = Errors.swift; sourceTree = "<group>"; };
		62AC95691E99A8B400C7E83A /* InsertHelpers.swift */ = {isa = PBXFileReference; fileEncoding = 4; lastKnownFileType = sourcecode.swift; path = InsertHelpers.swift; sourceTree = "<group>"; };
		62AC956A1E99A8B400C7E83A /* SchemaHelpers.swift */ = {isa = PBXFileReference; fileEncoding = 4; lastKnownFileType = sourcecode.swift; path = SchemaHelpers.swift; sourceTree = "<group>"; };
		62AC956B1E99A8B400C7E83A /* SelectHelpers.swift */ = {isa = PBXFileReference; fileEncoding = 4; lastKnownFileType = sourcecode.swift; path = SelectHelpers.swift; sourceTree = "<group>"; };
		62AC956C1E99A8B400C7E83A /* Statement.swift */ = {isa = PBXFileReference; fileEncoding = 4; lastKnownFileType = sourcecode.swift; path = Statement.swift; sourceTree = "<group>"; };
		62AC956D1E99A8B400C7E83A /* TransactionHelpers.swift */ = {isa = PBXFileReference; fileEncoding = 4; lastKnownFileType = sourcecode.swift; path = TransactionHelpers.swift; sourceTree = "<group>"; };
		62AC956E1E99A8B400C7E83A /* UpdateHelpers.swift */ = {isa = PBXFileReference; fileEncoding = 4; lastKnownFileType = sourcecode.swift; path = UpdateHelpers.swift; sourceTree = "<group>"; };
		62AC957F1E99B02000C7E83A /* BindableSpec.swift */ = {isa = PBXFileReference; fileEncoding = 4; lastKnownFileType = sourcecode.swift; path = BindableSpec.swift; sourceTree = "<group>"; };
		62AC95801E99B02000C7E83A /* DatabasePoolSpec.swift */ = {isa = PBXFileReference; fileEncoding = 4; lastKnownFileType = sourcecode.swift; path = DatabasePoolSpec.swift; sourceTree = "<group>"; };
		62AC95811E99B02000C7E83A /* DatabaseSpec.swift */ = {isa = PBXFileReference; fileEncoding = 4; lastKnownFileType = sourcecode.swift; path = DatabaseSpec.swift; sourceTree = "<group>"; };
		62AC95821E99B02000C7E83A /* DeleteHelpersSpec.swift */ = {isa = PBXFileReference; fileEncoding = 4; lastKnownFileType = sourcecode.swift; path = DeleteHelpersSpec.swift; sourceTree = "<group>"; };
		62AC95831E99B02000C7E83A /* InsertHelpersSpec.swift */ = {isa = PBXFileReference; fileEncoding = 4; lastKnownFileType = sourcecode.swift; path = InsertHelpersSpec.swift; sourceTree = "<group>"; };
		62AC95841E99B02000C7E83A /* SchemaHelpersSpec.swift */ = {isa = PBXFileReference; fileEncoding = 4; lastKnownFileType = sourcecode.swift; path = SchemaHelpersSpec.swift; sourceTree = "<group>"; };
		62AC95851E99B02000C7E83A /* SelectHelpersSpec.swift */ = {isa = PBXFileReference; fileEncoding = 4; lastKnownFileType = sourcecode.swift; path = SelectHelpersSpec.swift; sourceTree = "<group>"; };
		62AC95861E99B02000C7E83A /* StatementSpec.swift */ = {isa = PBXFileReference; fileEncoding = 4; lastKnownFileType = sourcecode.swift; path = StatementSpec.swift; sourceTree = "<group>"; };
		62AC95871E99B02000C7E83A /* TransactionHelpersSpec.swift */ = {isa = PBXFileReference; fileEncoding = 4; lastKnownFileType = sourcecode.swift; path = TransactionHelpersSpec.swift; sourceTree = "<group>"; };
		62AC95881E99B02000C7E83A /* UpdateHelpersSpec.swift */ = {isa = PBXFileReference; fileEncoding = 4; lastKnownFileType = sourcecode.swift; path = UpdateHelpersSpec.swift; sourceTree = "<group>"; };
		62AC95961E99B08F00C7E83A /* DatabaseSpecHelpers.swift */ = {isa = PBXFileReference; fileEncoding = 4; lastKnownFileType = sourcecode.swift; path = DatabaseSpecHelpers.swift; sourceTree = "<group>"; };
		62AC95991E99B1AC00C7E83A /* Nimble.framework */ = {isa = PBXFileReference; lastKnownFileType = wrapper.framework; name = Nimble.framework; path = ../Carthage/Build/Mac/Nimble.framework; sourceTree = "<group>"; };
		62AC959B1E99B1AF00C7E83A /* Quick.framework */ = {isa = PBXFileReference; lastKnownFileType = wrapper.framework; name = Quick.framework; path = ../Carthage/Build/Mac/Quick.framework; sourceTree = "<group>"; };
		62AC95A91E99C30A00C7E83A /* Squeal.framework */ = {isa = PBXFileReference; explicitFileType = wrapper.framework; includeInIndex = 0; path = Squeal.framework; sourceTree = BUILT_PRODUCTS_DIR; };
		62AC95AB1E99C30A00C7E83A /* Squeal-iOS.h */ = {isa = PBXFileReference; lastKnownFileType = sourcecode.c.h; path = "Squeal-iOS.h"; sourceTree = "<group>"; };
		62AC95AC1E99C30A00C7E83A /* Info.plist */ = {isa = PBXFileReference; lastKnownFileType = text.plist.xml; path = Info.plist; sourceTree = "<group>"; };
		62AC95B11E99C30A00C7E83A /* Squeal-iOSTests.xctest */ = {isa = PBXFileReference; explicitFileType = wrapper.cfbundle; includeInIndex = 0; path = "Squeal-iOSTests.xctest"; sourceTree = BUILT_PRODUCTS_DIR; };
		62AC95B81E99C30A00C7E83A /* Info.plist */ = {isa = PBXFileReference; lastKnownFileType = text.plist.xml; path = Info.plist; sourceTree = "<group>"; };
		62AC95D61E99C4AA00C7E83A /* Nimble.framework */ = {isa = PBXFileReference; lastKnownFileType = wrapper.framework; name = Nimble.framework; path = ../Carthage/Build/iOS/Nimble.framework; sourceTree = "<group>"; };
		62AC95D71E99C4AA00C7E83A /* Quick.framework */ = {isa = PBXFileReference; lastKnownFileType = wrapper.framework; name = Quick.framework; path = ../Carthage/Build/iOS/Quick.framework; sourceTree = "<group>"; };
		62AC95E41E99D1E600C7E83A /* Squeal.framework */ = {isa = PBXFileReference; explicitFileType = wrapper.framework; includeInIndex = 0; path = Squeal.framework; sourceTree = BUILT_PRODUCTS_DIR; };
		62AC95E61E99D1E600C7E83A /* Squeal-tvOS.h */ = {isa = PBXFileReference; lastKnownFileType = sourcecode.c.h; path = "Squeal-tvOS.h"; sourceTree = "<group>"; };
		62AC95E71E99D1E600C7E83A /* Info.plist */ = {isa = PBXFileReference; lastKnownFileType = text.plist.xml; path = Info.plist; sourceTree = "<group>"; };
		62AC95EC1E99D1E600C7E83A /* Squeal-tvOSTests.xctest */ = {isa = PBXFileReference; explicitFileType = wrapper.cfbundle; includeInIndex = 0; path = "Squeal-tvOSTests.xctest"; sourceTree = BUILT_PRODUCTS_DIR; };
		62AC95F31E99D1E600C7E83A /* Info.plist */ = {isa = PBXFileReference; lastKnownFileType = text.plist.xml; path = Info.plist; sourceTree = "<group>"; };
		62AC96061E99D3F200C7E83A /* Nimble.framework */ = {isa = PBXFileReference; lastKnownFileType = wrapper.framework; name = Nimble.framework; path = ../Carthage/Build/tvOS/Nimble.framework; sourceTree = "<group>"; };
		62AC96071E99D3F200C7E83A /* Quick.framework */ = {isa = PBXFileReference; lastKnownFileType = wrapper.framework; name = Quick.framework; path = ../Carthage/Build/tvOS/Quick.framework; sourceTree = "<group>"; };
		62AC961D1E99D69B00C7E83A /* Squeal.framework */ = {isa = PBXFileReference; explicitFileType = wrapper.framework; includeInIndex = 0; path = Squeal.framework; sourceTree = BUILT_PRODUCTS_DIR; };
		62AC961F1E99D69B00C7E83A /* Squeal-watchOS.h */ = {isa = PBXFileReference; lastKnownFileType = sourcecode.c.h; path = "Squeal-watchOS.h"; sourceTree = "<group>"; };
		62AC96201E99D69B00C7E83A /* Info.plist */ = {isa = PBXFileReference; lastKnownFileType = text.plist.xml; path = Info.plist; sourceTree = "<group>"; };
/* End PBXFileReference section */

/* Begin PBXFrameworksBuildPhase section */
		62AC95481E99A83A00C7E83A /* Frameworks */ = {
			isa = PBXFrameworksBuildPhase;
			buildActionMask = 2147483647;
			files = (
			);
			runOnlyForDeploymentPostprocessing = 0;
		};
		62AC95521E99A83A00C7E83A /* Frameworks */ = {
			isa = PBXFrameworksBuildPhase;
			buildActionMask = 2147483647;
			files = (
				62AC95561E99A83A00C7E83A /* Squeal.framework in Frameworks */,
				62AC959A1E99B1AC00C7E83A /* Nimble.framework in Frameworks */,
				62AC959C1E99B1AF00C7E83A /* Quick.framework in Frameworks */,
			);
			runOnlyForDeploymentPostprocessing = 0;
		};
		62AC95A51E99C30A00C7E83A /* Frameworks */ = {
			isa = PBXFrameworksBuildPhase;
			buildActionMask = 2147483647;
			files = (
			);
			runOnlyForDeploymentPostprocessing = 0;
		};
		62AC95AE1E99C30A00C7E83A /* Frameworks */ = {
			isa = PBXFrameworksBuildPhase;
			buildActionMask = 2147483647;
			files = (
				62AC95B21E99C30A00C7E83A /* Squeal.framework in Frameworks */,
				62AC95D81E99C4AA00C7E83A /* Nimble.framework in Frameworks */,
				62AC95D91E99C4AA00C7E83A /* Quick.framework in Frameworks */,
			);
			runOnlyForDeploymentPostprocessing = 0;
		};
		62AC95E01E99D1E600C7E83A /* Frameworks */ = {
			isa = PBXFrameworksBuildPhase;
			buildActionMask = 2147483647;
			files = (
			);
			runOnlyForDeploymentPostprocessing = 0;
		};
		62AC95E91E99D1E600C7E83A /* Frameworks */ = {
			isa = PBXFrameworksBuildPhase;
			buildActionMask = 2147483647;
			files = (
				62AC95ED1E99D1E600C7E83A /* Squeal.framework in Frameworks */,
				62AC96081E99D3F200C7E83A /* Nimble.framework in Frameworks */,
				62AC96091E99D3F200C7E83A /* Quick.framework in Frameworks */,
			);
			runOnlyForDeploymentPostprocessing = 0;
		};
		62AC96191E99D69B00C7E83A /* Frameworks */ = {
			isa = PBXFrameworksBuildPhase;
			buildActionMask = 2147483647;
			files = (
			);
			runOnlyForDeploymentPostprocessing = 0;
		};
/* End PBXFrameworksBuildPhase section */

/* Begin PBXGroup section */
		62AC953F1E99A7C500C7E83A = {
			isa = PBXGroup;
			children = (
				62AC95981E99B1AC00C7E83A /* Frameworks */,
				62AC954D1E99A83A00C7E83A /* Products */,
				62AC95461E99A81400C7E83A /* Sources */,
				62AC95AA1E99C30A00C7E83A /* Squeal-iOS */,
				62AC95B51E99C30A00C7E83A /* Squeal-iOSTests */,
				62AC954E1E99A83A00C7E83A /* Squeal-macOS */,
				62AC95591E99A83A00C7E83A /* Squeal-macOSTests */,
				62AC95E51E99D1E600C7E83A /* Squeal-tvOS */,
				62AC95F01E99D1E600C7E83A /* Squeal-tvOSTests */,
				62AC961E1E99D69B00C7E83A /* Squeal-watchOS */,
				62AC957E1E99B00A00C7E83A /* Tests */,
			);
			sourceTree = "<group>";
		};
		62AC95461E99A81400C7E83A /* Sources */ = {
			isa = PBXGroup;
			children = (
				62AC95641E99A8B400C7E83A /* Bindable.swift */,
				62AC95651E99A8B400C7E83A /* Database.swift */,
				62AC95661E99A8B400C7E83A /* DatabasePool.swift */,
				62AC95671E99A8B400C7E83A /* DeleteHelpers.swift */,
				62AC95681E99A8B400C7E83A /* Errors.swift */,
				62AC95691E99A8B400C7E83A /* InsertHelpers.swift */,
				62AC956A1E99A8B400C7E83A /* SchemaHelpers.swift */,
				62AC956B1E99A8B400C7E83A /* SelectHelpers.swift */,
				62AC956C1E99A8B400C7E83A /* Statement.swift */,
				62AC956D1E99A8B400C7E83A /* TransactionHelpers.swift */,
				62AC956E1E99A8B400C7E83A /* UpdateHelpers.swift */,
			);
			path = Sources;
			sourceTree = "<group>";
		};
		62AC954D1E99A83A00C7E83A /* Products */ = {
			isa = PBXGroup;
			children = (
				62AC954C1E99A83A00C7E83A /* Squeal.framework */,
				62AC95551E99A83A00C7E83A /* Squeal-macOSTests.xctest */,
				62AC95A91E99C30A00C7E83A /* Squeal.framework */,
				62AC95B11E99C30A00C7E83A /* Squeal-iOSTests.xctest */,
				62AC95E41E99D1E600C7E83A /* Squeal.framework */,
				62AC95EC1E99D1E600C7E83A /* Squeal-tvOSTests.xctest */,
				62AC961D1E99D69B00C7E83A /* Squeal.framework */,
			);
			name = Products;
			sourceTree = "<group>";
		};
		62AC954E1E99A83A00C7E83A /* Squeal-macOS */ = {
			isa = PBXGroup;
			children = (
				62AC954F1E99A83A00C7E83A /* Squeal-macOS.h */,
				62AC95501E99A83A00C7E83A /* Info.plist */,
			);
			path = "Squeal-macOS";
			sourceTree = "<group>";
		};
		62AC95591E99A83A00C7E83A /* Squeal-macOSTests */ = {
			isa = PBXGroup;
			children = (
				62AC959B1E99B1AF00C7E83A /* Quick.framework */,
				62AC95991E99B1AC00C7E83A /* Nimble.framework */,
				62AC955C1E99A83A00C7E83A /* Info.plist */,
			);
			path = "Squeal-macOSTests";
			sourceTree = "<group>";
		};
		62AC957E1E99B00A00C7E83A /* Tests */ = {
			isa = PBXGroup;
			children = (
				62AC95951E99B05F00C7E83A /* Helpers */,
				62AC957F1E99B02000C7E83A /* BindableSpec.swift */,
				62AC95801E99B02000C7E83A /* DatabasePoolSpec.swift */,
				62AC95811E99B02000C7E83A /* DatabaseSpec.swift */,
				62AC95821E99B02000C7E83A /* DeleteHelpersSpec.swift */,
				62AC95831E99B02000C7E83A /* InsertHelpersSpec.swift */,
				62AC95841E99B02000C7E83A /* SchemaHelpersSpec.swift */,
				62AC95851E99B02000C7E83A /* SelectHelpersSpec.swift */,
				62AC95861E99B02000C7E83A /* StatementSpec.swift */,
				62AC95871E99B02000C7E83A /* TransactionHelpersSpec.swift */,
				62AC95881E99B02000C7E83A /* UpdateHelpersSpec.swift */,
			);
			path = Tests;
			sourceTree = "<group>";
		};
		62AC95951E99B05F00C7E83A /* Helpers */ = {
			isa = PBXGroup;
			children = (
				62AC95961E99B08F00C7E83A /* DatabaseSpecHelpers.swift */,
			);
			path = Helpers;
			sourceTree = "<group>";
		};
		62AC95981E99B1AC00C7E83A /* Frameworks */ = {
			isa = PBXGroup;
			children = (
			);
			name = Frameworks;
			sourceTree = "<group>";
		};
		62AC95AA1E99C30A00C7E83A /* Squeal-iOS */ = {
			isa = PBXGroup;
			children = (
				62AC95AB1E99C30A00C7E83A /* Squeal-iOS.h */,
				62AC95AC1E99C30A00C7E83A /* Info.plist */,
			);
			path = "Squeal-iOS";
			sourceTree = "<group>";
		};
		62AC95B51E99C30A00C7E83A /* Squeal-iOSTests */ = {
			isa = PBXGroup;
			children = (
				62AC95D61E99C4AA00C7E83A /* Nimble.framework */,
				62AC95D71E99C4AA00C7E83A /* Quick.framework */,
				62AC95B81E99C30A00C7E83A /* Info.plist */,
			);
			path = "Squeal-iOSTests";
			sourceTree = "<group>";
		};
		62AC95E51E99D1E600C7E83A /* Squeal-tvOS */ = {
			isa = PBXGroup;
			children = (
				62AC95E61E99D1E600C7E83A /* Squeal-tvOS.h */,
				62AC95E71E99D1E600C7E83A /* Info.plist */,
			);
			path = "Squeal-tvOS";
			sourceTree = "<group>";
		};
		62AC95F01E99D1E600C7E83A /* Squeal-tvOSTests */ = {
			isa = PBXGroup;
			children = (
				62AC96061E99D3F200C7E83A /* Nimble.framework */,
				62AC96071E99D3F200C7E83A /* Quick.framework */,
				62AC95F31E99D1E600C7E83A /* Info.plist */,
			);
			path = "Squeal-tvOSTests";
			sourceTree = "<group>";
		};
		62AC961E1E99D69B00C7E83A /* Squeal-watchOS */ = {
			isa = PBXGroup;
			children = (
				62AC961F1E99D69B00C7E83A /* Squeal-watchOS.h */,
				62AC96201E99D69B00C7E83A /* Info.plist */,
			);
			path = "Squeal-watchOS";
			sourceTree = "<group>";
		};
/* End PBXGroup section */

/* Begin PBXHeadersBuildPhase section */
		62AC95491E99A83A00C7E83A /* Headers */ = {
			isa = PBXHeadersBuildPhase;
			buildActionMask = 2147483647;
			files = (
				62AC955D1E99A83A00C7E83A /* Squeal-macOS.h in Headers */,
			);
			runOnlyForDeploymentPostprocessing = 0;
		};
		62AC95A61E99C30A00C7E83A /* Headers */ = {
			isa = PBXHeadersBuildPhase;
			buildActionMask = 2147483647;
			files = (
				62AC95B91E99C30A00C7E83A /* Squeal-iOS.h in Headers */,
			);
			runOnlyForDeploymentPostprocessing = 0;
		};
		62AC95E11E99D1E600C7E83A /* Headers */ = {
			isa = PBXHeadersBuildPhase;
			buildActionMask = 2147483647;
			files = (
				62AC95F41E99D1E600C7E83A /* Squeal-tvOS.h in Headers */,
			);
			runOnlyForDeploymentPostprocessing = 0;
		};
		62AC961A1E99D69B00C7E83A /* Headers */ = {
			isa = PBXHeadersBuildPhase;
			buildActionMask = 2147483647;
			files = (
				62AC96211E99D69B00C7E83A /* Squeal-watchOS.h in Headers */,
			);
			runOnlyForDeploymentPostprocessing = 0;
		};
/* End PBXHeadersBuildPhase section */

/* Begin PBXNativeTarget section */
		62AC954B1E99A83A00C7E83A /* Squeal-macOS */ = {
			isa = PBXNativeTarget;
			buildConfigurationList = 62AC955E1E99A83A00C7E83A /* Build configuration list for PBXNativeTarget "Squeal-macOS" */;
			buildPhases = (
				62AC95471E99A83A00C7E83A /* Sources */,
				62AC95481E99A83A00C7E83A /* Frameworks */,
				62AC95491E99A83A00C7E83A /* Headers */,
				62AC954A1E99A83A00C7E83A /* Resources */,
			);
			buildRules = (
			);
			dependencies = (
			);
			name = "Squeal-macOS";
			productName = "Squeal-macOS";
			productReference = 62AC954C1E99A83A00C7E83A /* Squeal.framework */;
			productType = "com.apple.product-type.framework";
		};
		62AC95541E99A83A00C7E83A /* Squeal-macOSTests */ = {
			isa = PBXNativeTarget;
			buildConfigurationList = 62AC95611E99A83A00C7E83A /* Build configuration list for PBXNativeTarget "Squeal-macOSTests" */;
			buildPhases = (
				62AC95511E99A83A00C7E83A /* Sources */,
				62AC95521E99A83A00C7E83A /* Frameworks */,
				62AC95531E99A83A00C7E83A /* Resources */,
				62AC959D1E99B27500C7E83A /* CopyFiles */,
			);
			buildRules = (
			);
			dependencies = (
				62AC95581E99A83A00C7E83A /* PBXTargetDependency */,
			);
			name = "Squeal-macOSTests";
			productName = "Squeal-macOSTests";
			productReference = 62AC95551E99A83A00C7E83A /* Squeal-macOSTests.xctest */;
			productType = "com.apple.product-type.bundle.unit-test";
		};
		62AC95A81E99C30A00C7E83A /* Squeal-iOS */ = {
			isa = PBXNativeTarget;
			buildConfigurationList = 62AC95BA1E99C30A00C7E83A /* Build configuration list for PBXNativeTarget "Squeal-iOS" */;
			buildPhases = (
				62AC95A41E99C30A00C7E83A /* Sources */,
				62AC95A51E99C30A00C7E83A /* Frameworks */,
				62AC95A61E99C30A00C7E83A /* Headers */,
				62AC95A71E99C30A00C7E83A /* Resources */,
			);
			buildRules = (
			);
			dependencies = (
			);
			name = "Squeal-iOS";
			productName = "Squeal-iOS";
			productReference = 62AC95A91E99C30A00C7E83A /* Squeal.framework */;
			productType = "com.apple.product-type.framework";
		};
		62AC95B01E99C30A00C7E83A /* Squeal-iOSTests */ = {
			isa = PBXNativeTarget;
			buildConfigurationList = 62AC95BD1E99C30A00C7E83A /* Build configuration list for PBXNativeTarget "Squeal-iOSTests" */;
			buildPhases = (
				62AC95AD1E99C30A00C7E83A /* Sources */,
				62AC95AE1E99C30A00C7E83A /* Frameworks */,
				62AC95AF1E99C30A00C7E83A /* Resources */,
				62AC95DC1E99D0AE00C7E83A /* CopyFiles */,
			);
			buildRules = (
			);
			dependencies = (
				62AC95B41E99C30A00C7E83A /* PBXTargetDependency */,
			);
			name = "Squeal-iOSTests";
			productName = "Squeal-iOSTests";
			productReference = 62AC95B11E99C30A00C7E83A /* Squeal-iOSTests.xctest */;
			productType = "com.apple.product-type.bundle.unit-test";
		};
		62AC95E31E99D1E600C7E83A /* Squeal-tvOS */ = {
			isa = PBXNativeTarget;
			buildConfigurationList = 62AC95F51E99D1E600C7E83A /* Build configuration list for PBXNativeTarget "Squeal-tvOS" */;
			buildPhases = (
				62AC95DF1E99D1E600C7E83A /* Sources */,
				62AC95E01E99D1E600C7E83A /* Frameworks */,
				62AC95E11E99D1E600C7E83A /* Headers */,
				62AC95E21E99D1E600C7E83A /* Resources */,
			);
			buildRules = (
			);
			dependencies = (
			);
			name = "Squeal-tvOS";
			productName = "Squeal-tvOS";
			productReference = 62AC95E41E99D1E600C7E83A /* Squeal.framework */;
			productType = "com.apple.product-type.framework";
		};
		62AC95EB1E99D1E600C7E83A /* Squeal-tvOSTests */ = {
			isa = PBXNativeTarget;
			buildConfigurationList = 62AC95F81E99D1E600C7E83A /* Build configuration list for PBXNativeTarget "Squeal-tvOSTests" */;
			buildPhases = (
				62AC95E81E99D1E600C7E83A /* Sources */,
				62AC95E91E99D1E600C7E83A /* Frameworks */,
				62AC95EA1E99D1E600C7E83A /* Resources */,
				62AC960A1E99D40D00C7E83A /* CopyFiles */,
			);
			buildRules = (
			);
			dependencies = (
				62AC95EF1E99D1E600C7E83A /* PBXTargetDependency */,
			);
			name = "Squeal-tvOSTests";
			productName = "Squeal-tvOSTests";
			productReference = 62AC95EC1E99D1E600C7E83A /* Squeal-tvOSTests.xctest */;
			productType = "com.apple.product-type.bundle.unit-test";
		};
		62AC961C1E99D69B00C7E83A /* Squeal-watchOS */ = {
			isa = PBXNativeTarget;
			buildConfigurationList = 62AC96221E99D69B00C7E83A /* Build configuration list for PBXNativeTarget "Squeal-watchOS" */;
			buildPhases = (
				62AC96181E99D69B00C7E83A /* Sources */,
				62AC96191E99D69B00C7E83A /* Frameworks */,
				62AC961A1E99D69B00C7E83A /* Headers */,
				62AC961B1E99D69B00C7E83A /* Resources */,
			);
			buildRules = (
			);
			dependencies = (
			);
			name = "Squeal-watchOS";
			productName = "Squeal-watchOS";
			productReference = 62AC961D1E99D69B00C7E83A /* Squeal.framework */;
			productType = "com.apple.product-type.framework";
		};
/* End PBXNativeTarget section */

/* Begin PBXProject section */
		62AC95401E99A7C500C7E83A /* Project object */ = {
			isa = PBXProject;
			attributes = {
				LastSwiftUpdateCheck = 0830;
				LastUpgradeCheck = 0830;
				TargetAttributes = {
					62AC954B1E99A83A00C7E83A = {
						CreatedOnToolsVersion = 8.3.1;
						LastSwiftMigration = 0830;
						ProvisioningStyle = Automatic;
					};
					62AC95541E99A83A00C7E83A = {
						CreatedOnToolsVersion = 8.3.1;
						ProvisioningStyle = Automatic;
					};
					62AC95A81E99C30A00C7E83A = {
						CreatedOnToolsVersion = 8.3.1;
						ProvisioningStyle = Automatic;
					};
					62AC95B01E99C30A00C7E83A = {
						CreatedOnToolsVersion = 8.3.1;
						ProvisioningStyle = Automatic;
					};
					62AC95E31E99D1E600C7E83A = {
						CreatedOnToolsVersion = 8.3.1;
						ProvisioningStyle = Automatic;
					};
					62AC95EB1E99D1E600C7E83A = {
						CreatedOnToolsVersion = 8.3.1;
						ProvisioningStyle = Automatic;
					};
					62AC961C1E99D69B00C7E83A = {
						CreatedOnToolsVersion = 8.3.1;
						ProvisioningStyle = Automatic;
					};
				};
			};
			buildConfigurationList = 62AC95431E99A7C500C7E83A /* Build configuration list for PBXProject "Squeal" */;
			compatibilityVersion = "Xcode 3.2";
			developmentRegion = English;
			hasScannedForEncodings = 0;
			knownRegions = (
				en,
			);
			mainGroup = 62AC953F1E99A7C500C7E83A;
			productRefGroup = 62AC954D1E99A83A00C7E83A /* Products */;
			projectDirPath = "";
			projectRoot = "";
			targets = (
				62AC954B1E99A83A00C7E83A /* Squeal-macOS */,
				62AC95541E99A83A00C7E83A /* Squeal-macOSTests */,
				62AC95A81E99C30A00C7E83A /* Squeal-iOS */,
				62AC95B01E99C30A00C7E83A /* Squeal-iOSTests */,
				62AC95E31E99D1E600C7E83A /* Squeal-tvOS */,
				62AC95EB1E99D1E600C7E83A /* Squeal-tvOSTests */,
				62AC961C1E99D69B00C7E83A /* Squeal-watchOS */,
			);
		};
/* End PBXProject section */

/* Begin PBXResourcesBuildPhase section */
		62AC954A1E99A83A00C7E83A /* Resources */ = {
			isa = PBXResourcesBuildPhase;
			buildActionMask = 2147483647;
			files = (
			);
			runOnlyForDeploymentPostprocessing = 0;
		};
		62AC95531E99A83A00C7E83A /* Resources */ = {
			isa = PBXResourcesBuildPhase;
			buildActionMask = 2147483647;
			files = (
			);
			runOnlyForDeploymentPostprocessing = 0;
		};
		62AC95A71E99C30A00C7E83A /* Resources */ = {
			isa = PBXResourcesBuildPhase;
			buildActionMask = 2147483647;
			files = (
			);
			runOnlyForDeploymentPostprocessing = 0;
		};
		62AC95AF1E99C30A00C7E83A /* Resources */ = {
			isa = PBXResourcesBuildPhase;
			buildActionMask = 2147483647;
			files = (
			);
			runOnlyForDeploymentPostprocessing = 0;
		};
		62AC95E21E99D1E600C7E83A /* Resources */ = {
			isa = PBXResourcesBuildPhase;
			buildActionMask = 2147483647;
			files = (
			);
			runOnlyForDeploymentPostprocessing = 0;
		};
		62AC95EA1E99D1E600C7E83A /* Resources */ = {
			isa = PBXResourcesBuildPhase;
			buildActionMask = 2147483647;
			files = (
			);
			runOnlyForDeploymentPostprocessing = 0;
		};
		62AC961B1E99D69B00C7E83A /* Resources */ = {
			isa = PBXResourcesBuildPhase;
			buildActionMask = 2147483647;
			files = (
			);
			runOnlyForDeploymentPostprocessing = 0;
		};
/* End PBXResourcesBuildPhase section */

/* Begin PBXSourcesBuildPhase section */
		62AC95471E99A83A00C7E83A /* Sources */ = {
			isa = PBXSourcesBuildPhase;
			buildActionMask = 2147483647;
			files = (
				62AC95771E99A8B400C7E83A /* Statement.swift in Sources */,
				62AC95721E99A8B400C7E83A /* DeleteHelpers.swift in Sources */,
				62AC95761E99A8B400C7E83A /* SelectHelpers.swift in Sources */,
				62AC95731E99A8B400C7E83A /* Errors.swift in Sources */,
				62AC95791E99A8B400C7E83A /* UpdateHelpers.swift in Sources */,
				62AC95781E99A8B400C7E83A /* TransactionHelpers.swift in Sources */,
				62AC95741E99A8B400C7E83A /* InsertHelpers.swift in Sources */,
				62AC95701E99A8B400C7E83A /* Database.swift in Sources */,
				62AC956F1E99A8B400C7E83A /* Bindable.swift in Sources */,
				62AC95751E99A8B400C7E83A /* SchemaHelpers.swift in Sources */,
				62AC95711E99A8B400C7E83A /* DatabasePool.swift in Sources */,
			);
			runOnlyForDeploymentPostprocessing = 0;
		};
		62AC95511E99A83A00C7E83A /* Sources */ = {
			isa = PBXSourcesBuildPhase;
			buildActionMask = 2147483647;
			files = (
				62AC958F1E99B02000C7E83A /* SelectHelpersSpec.swift in Sources */,
				62AC95901E99B02000C7E83A /* StatementSpec.swift in Sources */,
				62AC95971E99B08F00C7E83A /* DatabaseSpecHelpers.swift in Sources */,
				62AC958D1E99B02000C7E83A /* InsertHelpersSpec.swift in Sources */,
				62AC958E1E99B02000C7E83A /* SchemaHelpersSpec.swift in Sources */,
				62AC958B1E99B02000C7E83A /* DatabaseSpec.swift in Sources */,
				62AC958A1E99B02000C7E83A /* DatabasePoolSpec.swift in Sources */,
				62AC95921E99B02000C7E83A /* UpdateHelpersSpec.swift in Sources */,
				62AC95911E99B02000C7E83A /* TransactionHelpersSpec.swift in Sources */,
				62AC95891E99B02000C7E83A /* BindableSpec.swift in Sources */,
				62AC958C1E99B02000C7E83A /* DeleteHelpersSpec.swift in Sources */,
			);
			runOnlyForDeploymentPostprocessing = 0;
		};
		62AC95A41E99C30A00C7E83A /* Sources */ = {
			isa = PBXSourcesBuildPhase;
			buildActionMask = 2147483647;
			files = (
				62AC95C81E99C33B00C7E83A /* Statement.swift in Sources */,
				62AC95C31E99C33B00C7E83A /* DeleteHelpers.swift in Sources */,
				62AC95C71E99C33B00C7E83A /* SelectHelpers.swift in Sources */,
				62AC95C41E99C33B00C7E83A /* Errors.swift in Sources */,
				62AC95CA1E99C33B00C7E83A /* UpdateHelpers.swift in Sources */,
				62AC95C91E99C33B00C7E83A /* TransactionHelpers.swift in Sources */,
				62AC95C51E99C33B00C7E83A /* InsertHelpers.swift in Sources */,
				62AC95C11E99C33B00C7E83A /* Database.swift in Sources */,
				62AC95C01E99C33B00C7E83A /* Bindable.swift in Sources */,
				62AC95C61E99C33B00C7E83A /* SchemaHelpers.swift in Sources */,
				62AC95C21E99C33B00C7E83A /* DatabasePool.swift in Sources */,
			);
			runOnlyForDeploymentPostprocessing = 0;
		};
		62AC95AD1E99C30A00C7E83A /* Sources */ = {
			isa = PBXSourcesBuildPhase;
			buildActionMask = 2147483647;
			files = (
				62AC95CC1E99C34600C7E83A /* BindableSpec.swift in Sources */,
				62AC95D11E99C34600C7E83A /* SchemaHelpersSpec.swift in Sources */,
				62AC95D31E99C34600C7E83A /* StatementSpec.swift in Sources */,
				62AC95CE1E99C34600C7E83A /* DatabaseSpec.swift in Sources */,
				62AC95CF1E99C34600C7E83A /* DeleteHelpersSpec.swift in Sources */,
				62AC95D21E99C34600C7E83A /* SelectHelpersSpec.swift in Sources */,
				62AC95D41E99C34600C7E83A /* TransactionHelpersSpec.swift in Sources */,
				62AC95CB1E99C34600C7E83A /* DatabaseSpecHelpers.swift in Sources */,
				62AC95CD1E99C34600C7E83A /* DatabasePoolSpec.swift in Sources */,
				62AC95D01E99C34600C7E83A /* InsertHelpersSpec.swift in Sources */,
				62AC95D51E99C34600C7E83A /* UpdateHelpersSpec.swift in Sources */,
			);
			runOnlyForDeploymentPostprocessing = 0;
		};
		62AC95DF1E99D1E600C7E83A /* Sources */ = {
			isa = PBXSourcesBuildPhase;
			buildActionMask = 2147483647;
			files = (
				62AC96031E99D30700C7E83A /* Statement.swift in Sources */,
				62AC95FE1E99D30700C7E83A /* DeleteHelpers.swift in Sources */,
				62AC96021E99D30700C7E83A /* SelectHelpers.swift in Sources */,
				62AC95FF1E99D30700C7E83A /* Errors.swift in Sources */,
				62AC96051E99D30700C7E83A /* UpdateHelpers.swift in Sources */,
				62AC96041E99D30700C7E83A /* TransactionHelpers.swift in Sources */,
				62AC96001E99D30700C7E83A /* InsertHelpers.swift in Sources */,
				62AC95FC1E99D30700C7E83A /* Database.swift in Sources */,
				62AC95FB1E99D30700C7E83A /* Bindable.swift in Sources */,
				62AC96011E99D30700C7E83A /* SchemaHelpers.swift in Sources */,
				62AC95FD1E99D30700C7E83A /* DatabasePool.swift in Sources */,
			);
			runOnlyForDeploymentPostprocessing = 0;
		};
		62AC95E81E99D1E600C7E83A /* Sources */ = {
			isa = PBXSourcesBuildPhase;
			buildActionMask = 2147483647;
			files = (
				62AC96141E99D63600C7E83A /* SelectHelpersSpec.swift in Sources */,
				62AC960D1E99D63600C7E83A /* DatabaseSpecHelpers.swift in Sources */,
				62AC96151E99D63600C7E83A /* StatementSpec.swift in Sources */,
				62AC96121E99D63600C7E83A /* InsertHelpersSpec.swift in Sources */,
				62AC96131E99D63600C7E83A /* SchemaHelpersSpec.swift in Sources */,
				62AC96101E99D63600C7E83A /* DatabaseSpec.swift in Sources */,
				62AC960F1E99D63600C7E83A /* DatabasePoolSpec.swift in Sources */,
				62AC96171E99D63600C7E83A /* UpdateHelpersSpec.swift in Sources */,
				62AC96161E99D63600C7E83A /* TransactionHelpersSpec.swift in Sources */,
				62AC960E1E99D63600C7E83A /* BindableSpec.swift in Sources */,
				62AC96111E99D63600C7E83A /* DeleteHelpersSpec.swift in Sources */,
			);
			runOnlyForDeploymentPostprocessing = 0;
		};
		62AC96181E99D69B00C7E83A /* Sources */ = {
			isa = PBXSourcesBuildPhase;
			buildActionMask = 2147483647;
			files = (
				62AC962D1E99D6B000C7E83A /* Statement.swift in Sources */,
				62AC96281E99D6B000C7E83A /* DeleteHelpers.swift in Sources */,
				62AC962C1E99D6B000C7E83A /* SelectHelpers.swift in Sources */,
				62AC96291E99D6B000C7E83A /* Errors.swift in Sources */,
				62AC962F1E99D6B000C7E83A /* UpdateHelpers.swift in Sources */,
				62AC962E1E99D6B000C7E83A /* TransactionHelpers.swift in Sources */,
				62AC962A1E99D6B000C7E83A /* InsertHelpers.swift in Sources */,
				62AC96261E99D6B000C7E83A /* Database.swift in Sources */,
				62AC96251E99D6B000C7E83A /* Bindable.swift in Sources */,
				62AC962B1E99D6B000C7E83A /* SchemaHelpers.swift in Sources */,
				62AC96271E99D6B000C7E83A /* DatabasePool.swift in Sources */,
			);
			runOnlyForDeploymentPostprocessing = 0;
		};
/* End PBXSourcesBuildPhase section */

/* Begin PBXTargetDependency section */
		62AC95581E99A83A00C7E83A /* PBXTargetDependency */ = {
			isa = PBXTargetDependency;
			target = 62AC954B1E99A83A00C7E83A /* Squeal-macOS */;
			targetProxy = 62AC95571E99A83A00C7E83A /* PBXContainerItemProxy */;
		};
		62AC95B41E99C30A00C7E83A /* PBXTargetDependency */ = {
			isa = PBXTargetDependency;
			target = 62AC95A81E99C30A00C7E83A /* Squeal-iOS */;
			targetProxy = 62AC95B31E99C30A00C7E83A /* PBXContainerItemProxy */;
		};
		62AC95EF1E99D1E600C7E83A /* PBXTargetDependency */ = {
			isa = PBXTargetDependency;
			target = 62AC95E31E99D1E600C7E83A /* Squeal-tvOS */;
			targetProxy = 62AC95EE1E99D1E600C7E83A /* PBXContainerItemProxy */;
		};
/* End PBXTargetDependency section */

/* Begin XCBuildConfiguration section */
		62AC95441E99A7C500C7E83A /* Debug */ = {
			isa = XCBuildConfiguration;
			buildSettings = {
				IPHONEOS_DEPLOYMENT_TARGET = 9.0;
				MACOSX_DEPLOYMENT_TARGET = 10.10;
			};
			name = Debug;
		};
		62AC95451E99A7C500C7E83A /* Release */ = {
			isa = XCBuildConfiguration;
			buildSettings = {
				IPHONEOS_DEPLOYMENT_TARGET = 9.0;
				MACOSX_DEPLOYMENT_TARGET = 10.10;
			};
			name = Release;
		};
		62AC955F1E99A83A00C7E83A /* Debug */ = {
			isa = XCBuildConfiguration;
			buildSettings = {
				ALWAYS_SEARCH_USER_PATHS = NO;
				CLANG_ANALYZER_NONNULL = YES;
				CLANG_ANALYZER_NUMBER_OBJECT_CONVERSION = YES_AGGRESSIVE;
				CLANG_CXX_LANGUAGE_STANDARD = "gnu++0x";
				CLANG_CXX_LIBRARY = "libc++";
				CLANG_ENABLE_MODULES = YES;
				CLANG_ENABLE_OBJC_ARC = YES;
				CLANG_WARN_BOOL_CONVERSION = YES;
				CLANG_WARN_CONSTANT_CONVERSION = YES;
				CLANG_WARN_DIRECT_OBJC_ISA_USAGE = YES_ERROR;
				CLANG_WARN_DOCUMENTATION_COMMENTS = YES;
				CLANG_WARN_EMPTY_BODY = YES;
				CLANG_WARN_ENUM_CONVERSION = YES;
				CLANG_WARN_INFINITE_RECURSION = YES;
				CLANG_WARN_INT_CONVERSION = YES;
				CLANG_WARN_OBJC_ROOT_CLASS = YES_ERROR;
				CLANG_WARN_SUSPICIOUS_MOVE = YES;
				CLANG_WARN_UNREACHABLE_CODE = YES;
				CLANG_WARN__DUPLICATE_METHOD_MATCH = YES;
				CODE_SIGN_IDENTITY = "-";
				COMBINE_HIDPI_IMAGES = YES;
				COPY_PHASE_STRIP = NO;
				CURRENT_PROJECT_VERSION = 12;
				DEBUG_INFORMATION_FORMAT = dwarf;
				DEFINES_MODULE = YES;
				DYLIB_COMPATIBILITY_VERSION = 1;
				DYLIB_CURRENT_VERSION = 12;
				DYLIB_INSTALL_NAME_BASE = "@rpath";
				ENABLE_STRICT_OBJC_MSGSEND = YES;
				ENABLE_TESTABILITY = YES;
				FRAMEWORK_VERSION = A;
				GCC_C_LANGUAGE_STANDARD = gnu99;
				GCC_DYNAMIC_NO_PIC = NO;
				GCC_NO_COMMON_BLOCKS = YES;
				GCC_OPTIMIZATION_LEVEL = 0;
				GCC_PREPROCESSOR_DEFINITIONS = (
					"DEBUG=1",
					"$(inherited)",
				);
				GCC_WARN_64_TO_32_BIT_CONVERSION = YES;
				GCC_WARN_ABOUT_RETURN_TYPE = YES_ERROR;
				GCC_WARN_UNDECLARED_SELECTOR = YES;
				GCC_WARN_UNINITIALIZED_AUTOS = YES_AGGRESSIVE;
				GCC_WARN_UNUSED_FUNCTION = YES;
				GCC_WARN_UNUSED_VARIABLE = YES;
				INFOPLIST_FILE = "Squeal-macOS/Info.plist";
				INSTALL_PATH = "$(LOCAL_LIBRARY_DIR)/Frameworks";
				LD_RUNPATH_SEARCH_PATHS = "$(inherited) @executable_path/../Frameworks @loader_path/Frameworks";
				MACOSX_DEPLOYMENT_TARGET = 10.10;
				MTL_ENABLE_DEBUG_INFO = YES;
				ONLY_ACTIVE_ARCH = YES;
				PRODUCT_BUNDLE_IDENTIFIER = com.nerdyc.Squeal;
				PRODUCT_NAME = Squeal;
				SDKROOT = macosx;
				SKIP_INSTALL = YES;
				SWIFT_ACTIVE_COMPILATION_CONDITIONS = DEBUG;
				"SWIFT_INCLUDE_PATHS[sdk=macosx*]" = "$(SRCROOT)/Clibsqlite3/macOS";
				SWIFT_OPTIMIZATION_LEVEL = "-Onone";
				SWIFT_VERSION = 3.0;
				VERSIONING_SYSTEM = "apple-generic";
				VERSION_INFO_PREFIX = "";
			};
			name = Debug;
		};
		62AC95601E99A83A00C7E83A /* Release */ = {
			isa = XCBuildConfiguration;
			buildSettings = {
				ALWAYS_SEARCH_USER_PATHS = NO;
				CLANG_ANALYZER_NONNULL = YES;
				CLANG_ANALYZER_NUMBER_OBJECT_CONVERSION = YES_AGGRESSIVE;
				CLANG_CXX_LANGUAGE_STANDARD = "gnu++0x";
				CLANG_CXX_LIBRARY = "libc++";
				CLANG_ENABLE_MODULES = YES;
				CLANG_ENABLE_OBJC_ARC = YES;
				CLANG_WARN_BOOL_CONVERSION = YES;
				CLANG_WARN_CONSTANT_CONVERSION = YES;
				CLANG_WARN_DIRECT_OBJC_ISA_USAGE = YES_ERROR;
				CLANG_WARN_DOCUMENTATION_COMMENTS = YES;
				CLANG_WARN_EMPTY_BODY = YES;
				CLANG_WARN_ENUM_CONVERSION = YES;
				CLANG_WARN_INFINITE_RECURSION = YES;
				CLANG_WARN_INT_CONVERSION = YES;
				CLANG_WARN_OBJC_ROOT_CLASS = YES_ERROR;
				CLANG_WARN_SUSPICIOUS_MOVE = YES;
				CLANG_WARN_UNREACHABLE_CODE = YES;
				CLANG_WARN__DUPLICATE_METHOD_MATCH = YES;
				CODE_SIGN_IDENTITY = "-";
				COMBINE_HIDPI_IMAGES = YES;
				COPY_PHASE_STRIP = NO;
				CURRENT_PROJECT_VERSION = 12;
				DEBUG_INFORMATION_FORMAT = "dwarf-with-dsym";
				DEFINES_MODULE = YES;
				DYLIB_COMPATIBILITY_VERSION = 1;
				DYLIB_CURRENT_VERSION = 12;
				DYLIB_INSTALL_NAME_BASE = "@rpath";
				ENABLE_NS_ASSERTIONS = NO;
				ENABLE_STRICT_OBJC_MSGSEND = YES;
				FRAMEWORK_VERSION = A;
				GCC_C_LANGUAGE_STANDARD = gnu99;
				GCC_NO_COMMON_BLOCKS = YES;
				GCC_WARN_64_TO_32_BIT_CONVERSION = YES;
				GCC_WARN_ABOUT_RETURN_TYPE = YES_ERROR;
				GCC_WARN_UNDECLARED_SELECTOR = YES;
				GCC_WARN_UNINITIALIZED_AUTOS = YES_AGGRESSIVE;
				GCC_WARN_UNUSED_FUNCTION = YES;
				GCC_WARN_UNUSED_VARIABLE = YES;
				INFOPLIST_FILE = "Squeal-macOS/Info.plist";
				INSTALL_PATH = "$(LOCAL_LIBRARY_DIR)/Frameworks";
				LD_RUNPATH_SEARCH_PATHS = "$(inherited) @executable_path/../Frameworks @loader_path/Frameworks";
				MACOSX_DEPLOYMENT_TARGET = 10.10;
				MTL_ENABLE_DEBUG_INFO = NO;
				PRODUCT_BUNDLE_IDENTIFIER = com.nerdyc.Squeal;
				PRODUCT_NAME = Squeal;
				SDKROOT = macosx;
				SKIP_INSTALL = YES;
				"SWIFT_INCLUDE_PATHS[sdk=macosx*]" = "$(SRCROOT)/Clibsqlite3/macOS";
				SWIFT_OPTIMIZATION_LEVEL = "-Owholemodule";
				SWIFT_VERSION = 3.0;
				VERSIONING_SYSTEM = "apple-generic";
				VERSION_INFO_PREFIX = "";
			};
			name = Release;
		};
		62AC95621E99A83A00C7E83A /* Debug */ = {
			isa = XCBuildConfiguration;
			buildSettings = {
				ALWAYS_EMBED_SWIFT_STANDARD_LIBRARIES = YES;
				ALWAYS_SEARCH_USER_PATHS = NO;
				CLANG_ANALYZER_NONNULL = YES;
				CLANG_ANALYZER_NUMBER_OBJECT_CONVERSION = YES_AGGRESSIVE;
				CLANG_CXX_LANGUAGE_STANDARD = "gnu++0x";
				CLANG_CXX_LIBRARY = "libc++";
				CLANG_ENABLE_MODULES = YES;
				CLANG_ENABLE_OBJC_ARC = YES;
				CLANG_WARN_BOOL_CONVERSION = YES;
				CLANG_WARN_CONSTANT_CONVERSION = YES;
				CLANG_WARN_DIRECT_OBJC_ISA_USAGE = YES_ERROR;
				CLANG_WARN_DOCUMENTATION_COMMENTS = YES;
				CLANG_WARN_EMPTY_BODY = YES;
				CLANG_WARN_ENUM_CONVERSION = YES;
				CLANG_WARN_INFINITE_RECURSION = YES;
				CLANG_WARN_INT_CONVERSION = YES;
				CLANG_WARN_OBJC_ROOT_CLASS = YES_ERROR;
				CLANG_WARN_SUSPICIOUS_MOVE = YES;
				CLANG_WARN_UNREACHABLE_CODE = YES;
				CLANG_WARN__DUPLICATE_METHOD_MATCH = YES;
				CODE_SIGN_IDENTITY = "-";
				COMBINE_HIDPI_IMAGES = YES;
				COPY_PHASE_STRIP = NO;
				DEBUG_INFORMATION_FORMAT = dwarf;
				ENABLE_STRICT_OBJC_MSGSEND = YES;
				ENABLE_TESTABILITY = YES;
				FRAMEWORK_SEARCH_PATHS = (
					"$(inherited)",
					"$(PROJECT_DIR)/Carthage/Build/Mac",
				);
				GCC_C_LANGUAGE_STANDARD = gnu99;
				GCC_DYNAMIC_NO_PIC = NO;
				GCC_NO_COMMON_BLOCKS = YES;
				GCC_OPTIMIZATION_LEVEL = 0;
				GCC_PREPROCESSOR_DEFINITIONS = (
					"DEBUG=1",
					"$(inherited)",
				);
				GCC_WARN_64_TO_32_BIT_CONVERSION = YES;
				GCC_WARN_ABOUT_RETURN_TYPE = YES_ERROR;
				GCC_WARN_UNDECLARED_SELECTOR = YES;
				GCC_WARN_UNINITIALIZED_AUTOS = YES_AGGRESSIVE;
				GCC_WARN_UNUSED_FUNCTION = YES;
				GCC_WARN_UNUSED_VARIABLE = YES;
				INFOPLIST_FILE = "Squeal-macOSTests/Info.plist";
				LD_RUNPATH_SEARCH_PATHS = "$(inherited) @executable_path/../Frameworks @loader_path/../Frameworks";
				MACOSX_DEPLOYMENT_TARGET = 10.12;
				MTL_ENABLE_DEBUG_INFO = YES;
				ONLY_ACTIVE_ARCH = YES;
				PRODUCT_BUNDLE_IDENTIFIER = "com.nerdyc.Squeal-macOSTests";
				PRODUCT_NAME = "$(TARGET_NAME)";
				SDKROOT = macosx;
				SWIFT_ACTIVE_COMPILATION_CONDITIONS = DEBUG;
				SWIFT_OPTIMIZATION_LEVEL = "-Onone";
				SWIFT_VERSION = 3.0;
			};
			name = Debug;
		};
		62AC95631E99A83A00C7E83A /* Release */ = {
			isa = XCBuildConfiguration;
			buildSettings = {
				ALWAYS_EMBED_SWIFT_STANDARD_LIBRARIES = YES;
				ALWAYS_SEARCH_USER_PATHS = NO;
				CLANG_ANALYZER_NONNULL = YES;
				CLANG_ANALYZER_NUMBER_OBJECT_CONVERSION = YES_AGGRESSIVE;
				CLANG_CXX_LANGUAGE_STANDARD = "gnu++0x";
				CLANG_CXX_LIBRARY = "libc++";
				CLANG_ENABLE_MODULES = YES;
				CLANG_ENABLE_OBJC_ARC = YES;
				CLANG_WARN_BOOL_CONVERSION = YES;
				CLANG_WARN_CONSTANT_CONVERSION = YES;
				CLANG_WARN_DIRECT_OBJC_ISA_USAGE = YES_ERROR;
				CLANG_WARN_DOCUMENTATION_COMMENTS = YES;
				CLANG_WARN_EMPTY_BODY = YES;
				CLANG_WARN_ENUM_CONVERSION = YES;
				CLANG_WARN_INFINITE_RECURSION = YES;
				CLANG_WARN_INT_CONVERSION = YES;
				CLANG_WARN_OBJC_ROOT_CLASS = YES_ERROR;
				CLANG_WARN_SUSPICIOUS_MOVE = YES;
				CLANG_WARN_UNREACHABLE_CODE = YES;
				CLANG_WARN__DUPLICATE_METHOD_MATCH = YES;
				CODE_SIGN_IDENTITY = "-";
				COMBINE_HIDPI_IMAGES = YES;
				COPY_PHASE_STRIP = NO;
				DEBUG_INFORMATION_FORMAT = "dwarf-with-dsym";
				ENABLE_NS_ASSERTIONS = NO;
				ENABLE_STRICT_OBJC_MSGSEND = YES;
				FRAMEWORK_SEARCH_PATHS = (
					"$(inherited)",
					"$(PROJECT_DIR)/Carthage/Build/Mac",
				);
				GCC_C_LANGUAGE_STANDARD = gnu99;
				GCC_NO_COMMON_BLOCKS = YES;
				GCC_WARN_64_TO_32_BIT_CONVERSION = YES;
				GCC_WARN_ABOUT_RETURN_TYPE = YES_ERROR;
				GCC_WARN_UNDECLARED_SELECTOR = YES;
				GCC_WARN_UNINITIALIZED_AUTOS = YES_AGGRESSIVE;
				GCC_WARN_UNUSED_FUNCTION = YES;
				GCC_WARN_UNUSED_VARIABLE = YES;
				INFOPLIST_FILE = "Squeal-macOSTests/Info.plist";
				LD_RUNPATH_SEARCH_PATHS = "$(inherited) @executable_path/../Frameworks @loader_path/../Frameworks";
				MACOSX_DEPLOYMENT_TARGET = 10.12;
				MTL_ENABLE_DEBUG_INFO = NO;
				PRODUCT_BUNDLE_IDENTIFIER = "com.nerdyc.Squeal-macOSTests";
				PRODUCT_NAME = "$(TARGET_NAME)";
				SDKROOT = macosx;
				SWIFT_OPTIMIZATION_LEVEL = "-Owholemodule";
				SWIFT_VERSION = 3.0;
			};
			name = Release;
		};
		62AC95BB1E99C30A00C7E83A /* Debug */ = {
			isa = XCBuildConfiguration;
			buildSettings = {
				ALWAYS_SEARCH_USER_PATHS = NO;
				CLANG_ANALYZER_NONNULL = YES;
				CLANG_ANALYZER_NUMBER_OBJECT_CONVERSION = YES_AGGRESSIVE;
				CLANG_CXX_LANGUAGE_STANDARD = "gnu++0x";
				CLANG_CXX_LIBRARY = "libc++";
				CLANG_ENABLE_MODULES = YES;
				CLANG_ENABLE_OBJC_ARC = YES;
				CLANG_WARN_BOOL_CONVERSION = YES;
				CLANG_WARN_CONSTANT_CONVERSION = YES;
				CLANG_WARN_DIRECT_OBJC_ISA_USAGE = YES_ERROR;
				CLANG_WARN_DOCUMENTATION_COMMENTS = YES;
				CLANG_WARN_EMPTY_BODY = YES;
				CLANG_WARN_ENUM_CONVERSION = YES;
				CLANG_WARN_INFINITE_RECURSION = YES;
				CLANG_WARN_INT_CONVERSION = YES;
				CLANG_WARN_OBJC_ROOT_CLASS = YES_ERROR;
				CLANG_WARN_SUSPICIOUS_MOVE = YES;
				CLANG_WARN_UNREACHABLE_CODE = YES;
				CLANG_WARN__DUPLICATE_METHOD_MATCH = YES;
				CODE_SIGN_IDENTITY = "";
				"CODE_SIGN_IDENTITY[sdk=iphoneos*]" = "iPhone Developer";
				COPY_PHASE_STRIP = NO;
				CURRENT_PROJECT_VERSION = 12;
				DEBUG_INFORMATION_FORMAT = dwarf;
				DEFINES_MODULE = YES;
				DYLIB_COMPATIBILITY_VERSION = 1;
				DYLIB_CURRENT_VERSION = 12;
				DYLIB_INSTALL_NAME_BASE = "@rpath";
				ENABLE_STRICT_OBJC_MSGSEND = YES;
				ENABLE_TESTABILITY = YES;
				GCC_C_LANGUAGE_STANDARD = gnu99;
				GCC_DYNAMIC_NO_PIC = NO;
				GCC_NO_COMMON_BLOCKS = YES;
				GCC_OPTIMIZATION_LEVEL = 0;
				GCC_PREPROCESSOR_DEFINITIONS = (
					"DEBUG=1",
					"$(inherited)",
				);
				GCC_WARN_64_TO_32_BIT_CONVERSION = YES;
				GCC_WARN_ABOUT_RETURN_TYPE = YES_ERROR;
				GCC_WARN_UNDECLARED_SELECTOR = YES;
				GCC_WARN_UNINITIALIZED_AUTOS = YES_AGGRESSIVE;
				GCC_WARN_UNUSED_FUNCTION = YES;
				GCC_WARN_UNUSED_VARIABLE = YES;
				INFOPLIST_FILE = "Squeal-iOS/Info.plist";
				INSTALL_PATH = "$(LOCAL_LIBRARY_DIR)/Frameworks";
				IPHONEOS_DEPLOYMENT_TARGET = 9.0;
				LD_RUNPATH_SEARCH_PATHS = "$(inherited) @executable_path/Frameworks @loader_path/Frameworks";
				MTL_ENABLE_DEBUG_INFO = YES;
				ONLY_ACTIVE_ARCH = YES;
				PRODUCT_BUNDLE_IDENTIFIER = "com.nerdyc.Squeal-iOS";
				PRODUCT_NAME = Squeal;
				SDKROOT = iphoneos;
				SKIP_INSTALL = YES;
				SWIFT_ACTIVE_COMPILATION_CONDITIONS = DEBUG;
				"SWIFT_INCLUDE_PATHS[sdk=iphoneos*]" = "$(SRCROOT)/Clibsqlite3/iOS";
				"SWIFT_INCLUDE_PATHS[sdk=iphonesimulator*]" = "$(SRCROOT)/Clibsqlite3/iOS-Simulator";
				SWIFT_OPTIMIZATION_LEVEL = "-Onone";
				SWIFT_VERSION = 3.0;
				TARGETED_DEVICE_FAMILY = "1,2";
				VERSIONING_SYSTEM = "apple-generic";
				VERSION_INFO_PREFIX = "";
			};
			name = Debug;
		};
		62AC95BC1E99C30A00C7E83A /* Release */ = {
			isa = XCBuildConfiguration;
			buildSettings = {
				ALWAYS_SEARCH_USER_PATHS = NO;
				CLANG_ANALYZER_NONNULL = YES;
				CLANG_ANALYZER_NUMBER_OBJECT_CONVERSION = YES_AGGRESSIVE;
				CLANG_CXX_LANGUAGE_STANDARD = "gnu++0x";
				CLANG_CXX_LIBRARY = "libc++";
				CLANG_ENABLE_MODULES = YES;
				CLANG_ENABLE_OBJC_ARC = YES;
				CLANG_WARN_BOOL_CONVERSION = YES;
				CLANG_WARN_CONSTANT_CONVERSION = YES;
				CLANG_WARN_DIRECT_OBJC_ISA_USAGE = YES_ERROR;
				CLANG_WARN_DOCUMENTATION_COMMENTS = YES;
				CLANG_WARN_EMPTY_BODY = YES;
				CLANG_WARN_ENUM_CONVERSION = YES;
				CLANG_WARN_INFINITE_RECURSION = YES;
				CLANG_WARN_INT_CONVERSION = YES;
				CLANG_WARN_OBJC_ROOT_CLASS = YES_ERROR;
				CLANG_WARN_SUSPICIOUS_MOVE = YES;
				CLANG_WARN_UNREACHABLE_CODE = YES;
				CLANG_WARN__DUPLICATE_METHOD_MATCH = YES;
				CODE_SIGN_IDENTITY = "";
				"CODE_SIGN_IDENTITY[sdk=iphoneos*]" = "iPhone Developer";
				COPY_PHASE_STRIP = NO;
				CURRENT_PROJECT_VERSION = 12;
				DEBUG_INFORMATION_FORMAT = "dwarf-with-dsym";
				DEFINES_MODULE = YES;
				DYLIB_COMPATIBILITY_VERSION = 1;
				DYLIB_CURRENT_VERSION = 12;
				DYLIB_INSTALL_NAME_BASE = "@rpath";
				ENABLE_NS_ASSERTIONS = NO;
				ENABLE_STRICT_OBJC_MSGSEND = YES;
				GCC_C_LANGUAGE_STANDARD = gnu99;
				GCC_NO_COMMON_BLOCKS = YES;
				GCC_WARN_64_TO_32_BIT_CONVERSION = YES;
				GCC_WARN_ABOUT_RETURN_TYPE = YES_ERROR;
				GCC_WARN_UNDECLARED_SELECTOR = YES;
				GCC_WARN_UNINITIALIZED_AUTOS = YES_AGGRESSIVE;
				GCC_WARN_UNUSED_FUNCTION = YES;
				GCC_WARN_UNUSED_VARIABLE = YES;
				INFOPLIST_FILE = "Squeal-iOS/Info.plist";
				INSTALL_PATH = "$(LOCAL_LIBRARY_DIR)/Frameworks";
				IPHONEOS_DEPLOYMENT_TARGET = 9.0;
				LD_RUNPATH_SEARCH_PATHS = "$(inherited) @executable_path/Frameworks @loader_path/Frameworks";
				MTL_ENABLE_DEBUG_INFO = NO;
				PRODUCT_BUNDLE_IDENTIFIER = "com.nerdyc.Squeal-iOS";
				PRODUCT_NAME = Squeal;
				SDKROOT = iphoneos;
				SKIP_INSTALL = YES;
				"SWIFT_INCLUDE_PATHS[sdk=iphoneos*]" = "$(SRCROOT)/Clibsqlite3/iOS";
				"SWIFT_INCLUDE_PATHS[sdk=iphonesimulator*]" = "$(SRCROOT)/Clibsqlite3/iOS-Simulator";
				SWIFT_OPTIMIZATION_LEVEL = "-Owholemodule";
				SWIFT_VERSION = 3.0;
				TARGETED_DEVICE_FAMILY = "1,2";
				VALIDATE_PRODUCT = YES;
				VERSIONING_SYSTEM = "apple-generic";
				VERSION_INFO_PREFIX = "";
			};
			name = Release;
		};
		62AC95BE1E99C30A00C7E83A /* Debug */ = {
			isa = XCBuildConfiguration;
			buildSettings = {
				ALWAYS_EMBED_SWIFT_STANDARD_LIBRARIES = YES;
				ALWAYS_SEARCH_USER_PATHS = NO;
				CLANG_ANALYZER_NONNULL = YES;
				CLANG_ANALYZER_NUMBER_OBJECT_CONVERSION = YES_AGGRESSIVE;
				CLANG_CXX_LANGUAGE_STANDARD = "gnu++0x";
				CLANG_CXX_LIBRARY = "libc++";
				CLANG_ENABLE_MODULES = YES;
				CLANG_ENABLE_OBJC_ARC = YES;
				CLANG_WARN_BOOL_CONVERSION = YES;
				CLANG_WARN_CONSTANT_CONVERSION = YES;
				CLANG_WARN_DIRECT_OBJC_ISA_USAGE = YES_ERROR;
				CLANG_WARN_DOCUMENTATION_COMMENTS = YES;
				CLANG_WARN_EMPTY_BODY = YES;
				CLANG_WARN_ENUM_CONVERSION = YES;
				CLANG_WARN_INFINITE_RECURSION = YES;
				CLANG_WARN_INT_CONVERSION = YES;
				CLANG_WARN_OBJC_ROOT_CLASS = YES_ERROR;
				CLANG_WARN_SUSPICIOUS_MOVE = YES;
				CLANG_WARN_UNREACHABLE_CODE = YES;
				CLANG_WARN__DUPLICATE_METHOD_MATCH = YES;
				"CODE_SIGN_IDENTITY[sdk=iphoneos*]" = "iPhone Developer";
				COPY_PHASE_STRIP = NO;
				DEBUG_INFORMATION_FORMAT = dwarf;
				ENABLE_STRICT_OBJC_MSGSEND = YES;
				ENABLE_TESTABILITY = YES;
				FRAMEWORK_SEARCH_PATHS = (
					"$(inherited)",
					"$(PROJECT_DIR)/Carthage/Build/iOS",
				);
				GCC_C_LANGUAGE_STANDARD = gnu99;
				GCC_DYNAMIC_NO_PIC = NO;
				GCC_NO_COMMON_BLOCKS = YES;
				GCC_OPTIMIZATION_LEVEL = 0;
				GCC_PREPROCESSOR_DEFINITIONS = (
					"DEBUG=1",
					"$(inherited)",
				);
				GCC_WARN_64_TO_32_BIT_CONVERSION = YES;
				GCC_WARN_ABOUT_RETURN_TYPE = YES_ERROR;
				GCC_WARN_UNDECLARED_SELECTOR = YES;
				GCC_WARN_UNINITIALIZED_AUTOS = YES_AGGRESSIVE;
				GCC_WARN_UNUSED_FUNCTION = YES;
				GCC_WARN_UNUSED_VARIABLE = YES;
				INFOPLIST_FILE = "Squeal-iOSTests/Info.plist";
				IPHONEOS_DEPLOYMENT_TARGET = 10.3;
				LD_RUNPATH_SEARCH_PATHS = "$(inherited) @executable_path/Frameworks @loader_path/Frameworks";
				MTL_ENABLE_DEBUG_INFO = YES;
				ONLY_ACTIVE_ARCH = YES;
				PRODUCT_BUNDLE_IDENTIFIER = "com.nerdyc.Squeal-iOSTests";
				PRODUCT_NAME = "$(TARGET_NAME)";
				SDKROOT = iphoneos;
				SWIFT_ACTIVE_COMPILATION_CONDITIONS = DEBUG;
				SWIFT_OPTIMIZATION_LEVEL = "-Onone";
				SWIFT_VERSION = 3.0;
			};
			name = Debug;
		};
		62AC95BF1E99C30A00C7E83A /* Release */ = {
			isa = XCBuildConfiguration;
			buildSettings = {
				ALWAYS_EMBED_SWIFT_STANDARD_LIBRARIES = YES;
				ALWAYS_SEARCH_USER_PATHS = NO;
				CLANG_ANALYZER_NONNULL = YES;
				CLANG_ANALYZER_NUMBER_OBJECT_CONVERSION = YES_AGGRESSIVE;
				CLANG_CXX_LANGUAGE_STANDARD = "gnu++0x";
				CLANG_CXX_LIBRARY = "libc++";
				CLANG_ENABLE_MODULES = YES;
				CLANG_ENABLE_OBJC_ARC = YES;
				CLANG_WARN_BOOL_CONVERSION = YES;
				CLANG_WARN_CONSTANT_CONVERSION = YES;
				CLANG_WARN_DIRECT_OBJC_ISA_USAGE = YES_ERROR;
				CLANG_WARN_DOCUMENTATION_COMMENTS = YES;
				CLANG_WARN_EMPTY_BODY = YES;
				CLANG_WARN_ENUM_CONVERSION = YES;
				CLANG_WARN_INFINITE_RECURSION = YES;
				CLANG_WARN_INT_CONVERSION = YES;
				CLANG_WARN_OBJC_ROOT_CLASS = YES_ERROR;
				CLANG_WARN_SUSPICIOUS_MOVE = YES;
				CLANG_WARN_UNREACHABLE_CODE = YES;
				CLANG_WARN__DUPLICATE_METHOD_MATCH = YES;
				"CODE_SIGN_IDENTITY[sdk=iphoneos*]" = "iPhone Developer";
				COPY_PHASE_STRIP = NO;
				DEBUG_INFORMATION_FORMAT = "dwarf-with-dsym";
				ENABLE_NS_ASSERTIONS = NO;
				ENABLE_STRICT_OBJC_MSGSEND = YES;
				FRAMEWORK_SEARCH_PATHS = (
					"$(inherited)",
					"$(PROJECT_DIR)/Carthage/Build/iOS",
				);
				GCC_C_LANGUAGE_STANDARD = gnu99;
				GCC_NO_COMMON_BLOCKS = YES;
				GCC_WARN_64_TO_32_BIT_CONVERSION = YES;
				GCC_WARN_ABOUT_RETURN_TYPE = YES_ERROR;
				GCC_WARN_UNDECLARED_SELECTOR = YES;
				GCC_WARN_UNINITIALIZED_AUTOS = YES_AGGRESSIVE;
				GCC_WARN_UNUSED_FUNCTION = YES;
				GCC_WARN_UNUSED_VARIABLE = YES;
				INFOPLIST_FILE = "Squeal-iOSTests/Info.plist";
				IPHONEOS_DEPLOYMENT_TARGET = 10.3;
				LD_RUNPATH_SEARCH_PATHS = "$(inherited) @executable_path/Frameworks @loader_path/Frameworks";
				MTL_ENABLE_DEBUG_INFO = NO;
				PRODUCT_BUNDLE_IDENTIFIER = "com.nerdyc.Squeal-iOSTests";
				PRODUCT_NAME = "$(TARGET_NAME)";
				SDKROOT = iphoneos;
				SWIFT_OPTIMIZATION_LEVEL = "-Owholemodule";
				SWIFT_VERSION = 3.0;
				VALIDATE_PRODUCT = YES;
			};
			name = Release;
		};
		62AC95F61E99D1E600C7E83A /* Debug */ = {
			isa = XCBuildConfiguration;
			buildSettings = {
				ALWAYS_SEARCH_USER_PATHS = NO;
				CLANG_ANALYZER_NONNULL = YES;
				CLANG_ANALYZER_NUMBER_OBJECT_CONVERSION = YES_AGGRESSIVE;
				CLANG_CXX_LANGUAGE_STANDARD = "gnu++0x";
				CLANG_CXX_LIBRARY = "libc++";
				CLANG_ENABLE_MODULES = YES;
				CLANG_ENABLE_OBJC_ARC = YES;
				CLANG_WARN_BOOL_CONVERSION = YES;
				CLANG_WARN_CONSTANT_CONVERSION = YES;
				CLANG_WARN_DIRECT_OBJC_ISA_USAGE = YES_ERROR;
				CLANG_WARN_DOCUMENTATION_COMMENTS = YES;
				CLANG_WARN_EMPTY_BODY = YES;
				CLANG_WARN_ENUM_CONVERSION = YES;
				CLANG_WARN_INFINITE_RECURSION = YES;
				CLANG_WARN_INT_CONVERSION = YES;
				CLANG_WARN_OBJC_ROOT_CLASS = YES_ERROR;
				CLANG_WARN_SUSPICIOUS_MOVE = YES;
				CLANG_WARN_UNREACHABLE_CODE = YES;
				CLANG_WARN__DUPLICATE_METHOD_MATCH = YES;
				CODE_SIGN_IDENTITY = "";
				COPY_PHASE_STRIP = NO;
				CURRENT_PROJECT_VERSION = 12;
				DEBUG_INFORMATION_FORMAT = dwarf;
				DEFINES_MODULE = YES;
				DYLIB_COMPATIBILITY_VERSION = 1;
				DYLIB_CURRENT_VERSION = 12;
				DYLIB_INSTALL_NAME_BASE = "@rpath";
				ENABLE_STRICT_OBJC_MSGSEND = YES;
				ENABLE_TESTABILITY = YES;
				GCC_C_LANGUAGE_STANDARD = gnu99;
				GCC_DYNAMIC_NO_PIC = NO;
				GCC_NO_COMMON_BLOCKS = YES;
				GCC_OPTIMIZATION_LEVEL = 0;
				GCC_PREPROCESSOR_DEFINITIONS = (
					"DEBUG=1",
					"$(inherited)",
				);
				GCC_WARN_64_TO_32_BIT_CONVERSION = YES;
				GCC_WARN_ABOUT_RETURN_TYPE = YES_ERROR;
				GCC_WARN_UNDECLARED_SELECTOR = YES;
				GCC_WARN_UNINITIALIZED_AUTOS = YES_AGGRESSIVE;
				GCC_WARN_UNUSED_FUNCTION = YES;
				GCC_WARN_UNUSED_VARIABLE = YES;
				INFOPLIST_FILE = "Squeal-tvOS/Info.plist";
				INSTALL_PATH = "$(LOCAL_LIBRARY_DIR)/Frameworks";
				LD_RUNPATH_SEARCH_PATHS = "$(inherited) @executable_path/Frameworks @loader_path/Frameworks";
				MTL_ENABLE_DEBUG_INFO = YES;
				ONLY_ACTIVE_ARCH = YES;
				PRODUCT_BUNDLE_IDENTIFIER = "com.nerdyc.Squeal-tvOS";
				PRODUCT_NAME = Squeal;
				SDKROOT = appletvos;
				SKIP_INSTALL = YES;
				SWIFT_ACTIVE_COMPILATION_CONDITIONS = DEBUG;
				"SWIFT_INCLUDE_PATHS[sdk=appletvos*]" = "$(SRCROOT)/Clibsqlite3/tvOS";
				"SWIFT_INCLUDE_PATHS[sdk=appletvsimulator*]" = "$(SRCROOT)/Clibsqlite3/tvOS-Simulator";
				SWIFT_OPTIMIZATION_LEVEL = "-Onone";
				SWIFT_VERSION = 3.0;
				TARGETED_DEVICE_FAMILY = 3;
				TVOS_DEPLOYMENT_TARGET = 9.0;
				VERSIONING_SYSTEM = "apple-generic";
				VERSION_INFO_PREFIX = "";
			};
			name = Debug;
		};
		62AC95F71E99D1E600C7E83A /* Release */ = {
			isa = XCBuildConfiguration;
			buildSettings = {
				ALWAYS_SEARCH_USER_PATHS = NO;
				CLANG_ANALYZER_NONNULL = YES;
				CLANG_ANALYZER_NUMBER_OBJECT_CONVERSION = YES_AGGRESSIVE;
				CLANG_CXX_LANGUAGE_STANDARD = "gnu++0x";
				CLANG_CXX_LIBRARY = "libc++";
				CLANG_ENABLE_MODULES = YES;
				CLANG_ENABLE_OBJC_ARC = YES;
				CLANG_WARN_BOOL_CONVERSION = YES;
				CLANG_WARN_CONSTANT_CONVERSION = YES;
				CLANG_WARN_DIRECT_OBJC_ISA_USAGE = YES_ERROR;
				CLANG_WARN_DOCUMENTATION_COMMENTS = YES;
				CLANG_WARN_EMPTY_BODY = YES;
				CLANG_WARN_ENUM_CONVERSION = YES;
				CLANG_WARN_INFINITE_RECURSION = YES;
				CLANG_WARN_INT_CONVERSION = YES;
				CLANG_WARN_OBJC_ROOT_CLASS = YES_ERROR;
				CLANG_WARN_SUSPICIOUS_MOVE = YES;
				CLANG_WARN_UNREACHABLE_CODE = YES;
				CLANG_WARN__DUPLICATE_METHOD_MATCH = YES;
				CODE_SIGN_IDENTITY = "";
				COPY_PHASE_STRIP = NO;
				CURRENT_PROJECT_VERSION = 12;
				DEBUG_INFORMATION_FORMAT = "dwarf-with-dsym";
				DEFINES_MODULE = YES;
				DYLIB_COMPATIBILITY_VERSION = 1;
				DYLIB_CURRENT_VERSION = 12;
				DYLIB_INSTALL_NAME_BASE = "@rpath";
				ENABLE_NS_ASSERTIONS = NO;
				ENABLE_STRICT_OBJC_MSGSEND = YES;
				GCC_C_LANGUAGE_STANDARD = gnu99;
				GCC_NO_COMMON_BLOCKS = YES;
				GCC_WARN_64_TO_32_BIT_CONVERSION = YES;
				GCC_WARN_ABOUT_RETURN_TYPE = YES_ERROR;
				GCC_WARN_UNDECLARED_SELECTOR = YES;
				GCC_WARN_UNINITIALIZED_AUTOS = YES_AGGRESSIVE;
				GCC_WARN_UNUSED_FUNCTION = YES;
				GCC_WARN_UNUSED_VARIABLE = YES;
				INFOPLIST_FILE = "Squeal-tvOS/Info.plist";
				INSTALL_PATH = "$(LOCAL_LIBRARY_DIR)/Frameworks";
				LD_RUNPATH_SEARCH_PATHS = "$(inherited) @executable_path/Frameworks @loader_path/Frameworks";
				MTL_ENABLE_DEBUG_INFO = NO;
				PRODUCT_BUNDLE_IDENTIFIER = "com.nerdyc.Squeal-tvOS";
				PRODUCT_NAME = Squeal;
				SDKROOT = appletvos;
				SKIP_INSTALL = YES;
				"SWIFT_INCLUDE_PATHS[sdk=appletvos*]" = "$(SRCROOT)/Clibsqlite3/tvOS";
				"SWIFT_INCLUDE_PATHS[sdk=appletvsimulator*]" = "$(SRCROOT)/Clibsqlite3/tvOS-Simulator";
				SWIFT_OPTIMIZATION_LEVEL = "-Owholemodule";
				SWIFT_VERSION = 3.0;
				TARGETED_DEVICE_FAMILY = 3;
				TVOS_DEPLOYMENT_TARGET = 9.0;
				VALIDATE_PRODUCT = YES;
				VERSIONING_SYSTEM = "apple-generic";
				VERSION_INFO_PREFIX = "";
			};
			name = Release;
		};
		62AC95F91E99D1E600C7E83A /* Debug */ = {
			isa = XCBuildConfiguration;
			buildSettings = {
				ALWAYS_EMBED_SWIFT_STANDARD_LIBRARIES = YES;
				ALWAYS_SEARCH_USER_PATHS = NO;
				CLANG_ANALYZER_NONNULL = YES;
				CLANG_ANALYZER_NUMBER_OBJECT_CONVERSION = YES_AGGRESSIVE;
				CLANG_CXX_LANGUAGE_STANDARD = "gnu++0x";
				CLANG_CXX_LIBRARY = "libc++";
				CLANG_ENABLE_MODULES = YES;
				CLANG_ENABLE_OBJC_ARC = YES;
				CLANG_WARN_BOOL_CONVERSION = YES;
				CLANG_WARN_CONSTANT_CONVERSION = YES;
				CLANG_WARN_DIRECT_OBJC_ISA_USAGE = YES_ERROR;
				CLANG_WARN_DOCUMENTATION_COMMENTS = YES;
				CLANG_WARN_EMPTY_BODY = YES;
				CLANG_WARN_ENUM_CONVERSION = YES;
				CLANG_WARN_INFINITE_RECURSION = YES;
				CLANG_WARN_INT_CONVERSION = YES;
				CLANG_WARN_OBJC_ROOT_CLASS = YES_ERROR;
				CLANG_WARN_SUSPICIOUS_MOVE = YES;
				CLANG_WARN_UNREACHABLE_CODE = YES;
				CLANG_WARN__DUPLICATE_METHOD_MATCH = YES;
				COPY_PHASE_STRIP = NO;
				DEBUG_INFORMATION_FORMAT = dwarf;
				ENABLE_STRICT_OBJC_MSGSEND = YES;
				ENABLE_TESTABILITY = YES;
				FRAMEWORK_SEARCH_PATHS = (
					"$(inherited)",
					"$(PROJECT_DIR)/Carthage/Build/tvOS",
				);
				GCC_C_LANGUAGE_STANDARD = gnu99;
				GCC_DYNAMIC_NO_PIC = NO;
				GCC_NO_COMMON_BLOCKS = YES;
				GCC_OPTIMIZATION_LEVEL = 0;
				GCC_PREPROCESSOR_DEFINITIONS = (
					"DEBUG=1",
					"$(inherited)",
				);
				GCC_WARN_64_TO_32_BIT_CONVERSION = YES;
				GCC_WARN_ABOUT_RETURN_TYPE = YES_ERROR;
				GCC_WARN_UNDECLARED_SELECTOR = YES;
				GCC_WARN_UNINITIALIZED_AUTOS = YES_AGGRESSIVE;
				GCC_WARN_UNUSED_FUNCTION = YES;
				GCC_WARN_UNUSED_VARIABLE = YES;
				INFOPLIST_FILE = "Squeal-tvOSTests/Info.plist";
				LD_RUNPATH_SEARCH_PATHS = "$(inherited) @executable_path/Frameworks @loader_path/Frameworks";
				MTL_ENABLE_DEBUG_INFO = YES;
				ONLY_ACTIVE_ARCH = YES;
				PRODUCT_BUNDLE_IDENTIFIER = "com.nerdyc.Squeal-tvOSTests";
				PRODUCT_NAME = "$(TARGET_NAME)";
				SDKROOT = appletvos;
				SWIFT_ACTIVE_COMPILATION_CONDITIONS = DEBUG;
				SWIFT_OPTIMIZATION_LEVEL = "-Onone";
				SWIFT_VERSION = 3.0;
				TVOS_DEPLOYMENT_TARGET = 10.2;
			};
			name = Debug;
		};
		62AC95FA1E99D1E600C7E83A /* Release */ = {
			isa = XCBuildConfiguration;
			buildSettings = {
				ALWAYS_EMBED_SWIFT_STANDARD_LIBRARIES = YES;
				ALWAYS_SEARCH_USER_PATHS = NO;
				CLANG_ANALYZER_NONNULL = YES;
				CLANG_ANALYZER_NUMBER_OBJECT_CONVERSION = YES_AGGRESSIVE;
				CLANG_CXX_LANGUAGE_STANDARD = "gnu++0x";
				CLANG_CXX_LIBRARY = "libc++";
				CLANG_ENABLE_MODULES = YES;
				CLANG_ENABLE_OBJC_ARC = YES;
				CLANG_WARN_BOOL_CONVERSION = YES;
				CLANG_WARN_CONSTANT_CONVERSION = YES;
				CLANG_WARN_DIRECT_OBJC_ISA_USAGE = YES_ERROR;
				CLANG_WARN_DOCUMENTATION_COMMENTS = YES;
				CLANG_WARN_EMPTY_BODY = YES;
				CLANG_WARN_ENUM_CONVERSION = YES;
				CLANG_WARN_INFINITE_RECURSION = YES;
				CLANG_WARN_INT_CONVERSION = YES;
				CLANG_WARN_OBJC_ROOT_CLASS = YES_ERROR;
				CLANG_WARN_SUSPICIOUS_MOVE = YES;
				CLANG_WARN_UNREACHABLE_CODE = YES;
				CLANG_WARN__DUPLICATE_METHOD_MATCH = YES;
				COPY_PHASE_STRIP = NO;
				DEBUG_INFORMATION_FORMAT = "dwarf-with-dsym";
				ENABLE_NS_ASSERTIONS = NO;
				ENABLE_STRICT_OBJC_MSGSEND = YES;
				FRAMEWORK_SEARCH_PATHS = (
					"$(inherited)",
					"$(PROJECT_DIR)/Carthage/Build/tvOS",
				);
				GCC_C_LANGUAGE_STANDARD = gnu99;
				GCC_NO_COMMON_BLOCKS = YES;
				GCC_WARN_64_TO_32_BIT_CONVERSION = YES;
				GCC_WARN_ABOUT_RETURN_TYPE = YES_ERROR;
				GCC_WARN_UNDECLARED_SELECTOR = YES;
				GCC_WARN_UNINITIALIZED_AUTOS = YES_AGGRESSIVE;
				GCC_WARN_UNUSED_FUNCTION = YES;
				GCC_WARN_UNUSED_VARIABLE = YES;
				INFOPLIST_FILE = "Squeal-tvOSTests/Info.plist";
				LD_RUNPATH_SEARCH_PATHS = "$(inherited) @executable_path/Frameworks @loader_path/Frameworks";
				MTL_ENABLE_DEBUG_INFO = NO;
				PRODUCT_BUNDLE_IDENTIFIER = "com.nerdyc.Squeal-tvOSTests";
				PRODUCT_NAME = "$(TARGET_NAME)";
				SDKROOT = appletvos;
				SWIFT_OPTIMIZATION_LEVEL = "-Owholemodule";
				SWIFT_VERSION = 3.0;
				TVOS_DEPLOYMENT_TARGET = 10.2;
				VALIDATE_PRODUCT = YES;
			};
			name = Release;
		};
		62AC96231E99D69B00C7E83A /* Debug */ = {
			isa = XCBuildConfiguration;
			buildSettings = {
				ALWAYS_SEARCH_USER_PATHS = NO;
				APPLICATION_EXTENSION_API_ONLY = YES;
				CLANG_ANALYZER_NONNULL = YES;
				CLANG_ANALYZER_NUMBER_OBJECT_CONVERSION = YES_AGGRESSIVE;
				CLANG_CXX_LANGUAGE_STANDARD = "gnu++0x";
				CLANG_CXX_LIBRARY = "libc++";
				CLANG_ENABLE_MODULES = YES;
				CLANG_ENABLE_OBJC_ARC = YES;
				CLANG_WARN_BOOL_CONVERSION = YES;
				CLANG_WARN_CONSTANT_CONVERSION = YES;
				CLANG_WARN_DIRECT_OBJC_ISA_USAGE = YES_ERROR;
				CLANG_WARN_DOCUMENTATION_COMMENTS = YES;
				CLANG_WARN_EMPTY_BODY = YES;
				CLANG_WARN_ENUM_CONVERSION = YES;
				CLANG_WARN_INFINITE_RECURSION = YES;
				CLANG_WARN_INT_CONVERSION = YES;
				CLANG_WARN_OBJC_ROOT_CLASS = YES_ERROR;
				CLANG_WARN_SUSPICIOUS_MOVE = YES;
				CLANG_WARN_UNREACHABLE_CODE = YES;
				CLANG_WARN__DUPLICATE_METHOD_MATCH = YES;
				CODE_SIGN_IDENTITY = "";
				COPY_PHASE_STRIP = NO;
				CURRENT_PROJECT_VERSION = 12;
				DEBUG_INFORMATION_FORMAT = dwarf;
				DEFINES_MODULE = YES;
				DYLIB_COMPATIBILITY_VERSION = 1;
				DYLIB_CURRENT_VERSION = 12;
				DYLIB_INSTALL_NAME_BASE = "@rpath";
				ENABLE_STRICT_OBJC_MSGSEND = YES;
				ENABLE_TESTABILITY = YES;
				GCC_C_LANGUAGE_STANDARD = gnu99;
				GCC_DYNAMIC_NO_PIC = NO;
				GCC_NO_COMMON_BLOCKS = YES;
				GCC_OPTIMIZATION_LEVEL = 0;
				GCC_PREPROCESSOR_DEFINITIONS = (
					"DEBUG=1",
					"$(inherited)",
				);
				GCC_WARN_64_TO_32_BIT_CONVERSION = YES;
				GCC_WARN_ABOUT_RETURN_TYPE = YES_ERROR;
				GCC_WARN_UNDECLARED_SELECTOR = YES;
				GCC_WARN_UNINITIALIZED_AUTOS = YES_AGGRESSIVE;
				GCC_WARN_UNUSED_FUNCTION = YES;
				GCC_WARN_UNUSED_VARIABLE = YES;
				INFOPLIST_FILE = "Squeal-watchOS/Info.plist";
				INSTALL_PATH = "$(LOCAL_LIBRARY_DIR)/Frameworks";
				LD_RUNPATH_SEARCH_PATHS = "$(inherited) @executable_path/Frameworks @loader_path/Frameworks";
				MTL_ENABLE_DEBUG_INFO = YES;
				ONLY_ACTIVE_ARCH = YES;
				PRODUCT_BUNDLE_IDENTIFIER = "com.nerdyc.Squeal-watchOS";
				PRODUCT_NAME = Squeal;
				SDKROOT = watchos;
				SKIP_INSTALL = YES;
				SWIFT_ACTIVE_COMPILATION_CONDITIONS = DEBUG;
				"SWIFT_INCLUDE_PATHS[sdk=watchos*]" = "$(SRCROOT)/Clibsqlite3/watchOS";
				"SWIFT_INCLUDE_PATHS[sdk=watchsimulator*]" = "$(SRCROOT)/Clibsqlite3/watchOS-Simulator";
				SWIFT_OPTIMIZATION_LEVEL = "-Onone";
				SWIFT_VERSION = 3.0;
				TARGETED_DEVICE_FAMILY = 4;
				VERSIONING_SYSTEM = "apple-generic";
				VERSION_INFO_PREFIX = "";
				WATCHOS_DEPLOYMENT_TARGET = 3.0;
			};
			name = Debug;
		};
		62AC96241E99D69B00C7E83A /* Release */ = {
			isa = XCBuildConfiguration;
			buildSettings = {
				ALWAYS_SEARCH_USER_PATHS = NO;
				APPLICATION_EXTENSION_API_ONLY = YES;
				CLANG_ANALYZER_NONNULL = YES;
				CLANG_ANALYZER_NUMBER_OBJECT_CONVERSION = YES_AGGRESSIVE;
				CLANG_CXX_LANGUAGE_STANDARD = "gnu++0x";
				CLANG_CXX_LIBRARY = "libc++";
				CLANG_ENABLE_MODULES = YES;
				CLANG_ENABLE_OBJC_ARC = YES;
				CLANG_WARN_BOOL_CONVERSION = YES;
				CLANG_WARN_CONSTANT_CONVERSION = YES;
				CLANG_WARN_DIRECT_OBJC_ISA_USAGE = YES_ERROR;
				CLANG_WARN_DOCUMENTATION_COMMENTS = YES;
				CLANG_WARN_EMPTY_BODY = YES;
				CLANG_WARN_ENUM_CONVERSION = YES;
				CLANG_WARN_INFINITE_RECURSION = YES;
				CLANG_WARN_INT_CONVERSION = YES;
				CLANG_WARN_OBJC_ROOT_CLASS = YES_ERROR;
				CLANG_WARN_SUSPICIOUS_MOVE = YES;
				CLANG_WARN_UNREACHABLE_CODE = YES;
				CLANG_WARN__DUPLICATE_METHOD_MATCH = YES;
				CODE_SIGN_IDENTITY = "";
				COPY_PHASE_STRIP = NO;
				CURRENT_PROJECT_VERSION = 12;
				DEBUG_INFORMATION_FORMAT = "dwarf-with-dsym";
				DEFINES_MODULE = YES;
				DYLIB_COMPATIBILITY_VERSION = 1;
				DYLIB_CURRENT_VERSION = 12;
				DYLIB_INSTALL_NAME_BASE = "@rpath";
				ENABLE_NS_ASSERTIONS = NO;
				ENABLE_STRICT_OBJC_MSGSEND = YES;
				GCC_C_LANGUAGE_STANDARD = gnu99;
				GCC_NO_COMMON_BLOCKS = YES;
				GCC_WARN_64_TO_32_BIT_CONVERSION = YES;
				GCC_WARN_ABOUT_RETURN_TYPE = YES_ERROR;
				GCC_WARN_UNDECLARED_SELECTOR = YES;
				GCC_WARN_UNINITIALIZED_AUTOS = YES_AGGRESSIVE;
				GCC_WARN_UNUSED_FUNCTION = YES;
				GCC_WARN_UNUSED_VARIABLE = YES;
				INFOPLIST_FILE = "Squeal-watchOS/Info.plist";
				INSTALL_PATH = "$(LOCAL_LIBRARY_DIR)/Frameworks";
				LD_RUNPATH_SEARCH_PATHS = "$(inherited) @executable_path/Frameworks @loader_path/Frameworks";
				MTL_ENABLE_DEBUG_INFO = NO;
				PRODUCT_BUNDLE_IDENTIFIER = "com.nerdyc.Squeal-watchOS";
				PRODUCT_NAME = Squeal;
				SDKROOT = watchos;
				SKIP_INSTALL = YES;
				"SWIFT_INCLUDE_PATHS[sdk=watchos*]" = "$(SRCROOT)/Clibsqlite3/watchOS";
				"SWIFT_INCLUDE_PATHS[sdk=watchsimulator*]" = "$(SRCROOT)/Clibsqlite3/watchOS-Simulator";
				SWIFT_OPTIMIZATION_LEVEL = "-Owholemodule";
				SWIFT_VERSION = 3.0;
				TARGETED_DEVICE_FAMILY = 4;
				VALIDATE_PRODUCT = YES;
				VERSIONING_SYSTEM = "apple-generic";
				VERSION_INFO_PREFIX = "";
				WATCHOS_DEPLOYMENT_TARGET = 3.0;
			};
			name = Release;
		};
/* End XCBuildConfiguration section */

/* Begin XCConfigurationList section */
		62AC95431E99A7C500C7E83A /* Build configuration list for PBXProject "Squeal" */ = {
			isa = XCConfigurationList;
			buildConfigurations = (
				62AC95441E99A7C500C7E83A /* Debug */,
				62AC95451E99A7C500C7E83A /* Release */,
			);
			defaultConfigurationIsVisible = 0;
			defaultConfigurationName = Release;
		};
		62AC955E1E99A83A00C7E83A /* Build configuration list for PBXNativeTarget "Squeal-macOS" */ = {
			isa = XCConfigurationList;
			buildConfigurations = (
				62AC955F1E99A83A00C7E83A /* Debug */,
				62AC95601E99A83A00C7E83A /* Release */,
			);
			defaultConfigurationIsVisible = 0;
			defaultConfigurationName = Release;
		};
		62AC95611E99A83A00C7E83A /* Build configuration list for PBXNativeTarget "Squeal-macOSTests" */ = {
			isa = XCConfigurationList;
			buildConfigurations = (
				62AC95621E99A83A00C7E83A /* Debug */,
				62AC95631E99A83A00C7E83A /* Release */,
			);
			defaultConfigurationIsVisible = 0;
			defaultConfigurationName = Release;
		};
		62AC95BA1E99C30A00C7E83A /* Build configuration list for PBXNativeTarget "Squeal-iOS" */ = {
			isa = XCConfigurationList;
			buildConfigurations = (
				62AC95BB1E99C30A00C7E83A /* Debug */,
				62AC95BC1E99C30A00C7E83A /* Release */,
			);
			defaultConfigurationIsVisible = 0;
			defaultConfigurationName = Release;
		};
		62AC95BD1E99C30A00C7E83A /* Build configuration list for PBXNativeTarget "Squeal-iOSTests" */ = {
			isa = XCConfigurationList;
			buildConfigurations = (
				62AC95BE1E99C30A00C7E83A /* Debug */,
				62AC95BF1E99C30A00C7E83A /* Release */,
			);
			defaultConfigurationIsVisible = 0;
			defaultConfigurationName = Release;
		};
		62AC95F51E99D1E600C7E83A /* Build configuration list for PBXNativeTarget "Squeal-tvOS" */ = {
			isa = XCConfigurationList;
			buildConfigurations = (
				62AC95F61E99D1E600C7E83A /* Debug */,
				62AC95F71E99D1E600C7E83A /* Release */,
			);
			defaultConfigurationIsVisible = 0;
			defaultConfigurationName = Release;
		};
		62AC95F81E99D1E600C7E83A /* Build configuration list for PBXNativeTarget "Squeal-tvOSTests" */ = {
			isa = XCConfigurationList;
			buildConfigurations = (
				62AC95F91E99D1E600C7E83A /* Debug */,
				62AC95FA1E99D1E600C7E83A /* Release */,
			);
			defaultConfigurationIsVisible = 0;
			defaultConfigurationName = Release;
		};
		62AC96221E99D69B00C7E83A /* Build configuration list for PBXNativeTarget "Squeal-watchOS" */ = {
			isa = XCConfigurationList;
			buildConfigurations = (
				62AC96231E99D69B00C7E83A /* Debug */,
				62AC96241E99D69B00C7E83A /* Release */,
			);
			defaultConfigurationIsVisible = 0;
			defaultConfigurationName = Release;
		};
/* End XCConfigurationList section */
	};
	rootObject = 62AC95401E99A7C500C7E83A /* Project object */;
}
