// !$*UTF8*$!
{
	archiveVersion = 1;
	classes = {
	};
	objectVersion = 46;
	objects = {

/* Begin PBXBuildFile section */
		CD3DE27E19BCD44B00DED437 /* SquealSpecHelpers.h in Headers */ = {isa = PBXBuildFile; fileRef = CD3DE27D19BCD44B00DED437 /* SquealSpecHelpers.h */; settings = {ATTRIBUTES = (Public, ); }; };
		CD3DE29819BCD50A00DED437 /* DatabaseSpecHelpers.swift in Sources */ = {isa = PBXBuildFile; fileRef = CD3DE29719BCD50A00DED437 /* DatabaseSpecHelpers.swift */; };
		CD3DE29A19BCD57A00DED437 /* StatementSpecHelpers.swift in Sources */ = {isa = PBXBuildFile; fileRef = CD3DE29919BCD57A00DED437 /* StatementSpecHelpers.swift */; };
		CD4B4C2D19B29D27004497BF /* DatabasePool.swift in Sources */ = {isa = PBXBuildFile; fileRef = CD4B4C2C19B29D27004497BF /* DatabasePool.swift */; };
		CD4B4C3719B2B3AA004497BF /* DatabasePoolSpec.swift in Sources */ = {isa = PBXBuildFile; fileRef = CD4B4C3619B2B3AA004497BF /* DatabasePoolSpec.swift */; };
		CD61584C19BCD74A00E63F56 /* SquealSpecHelpers.framework in Frameworks */ = {isa = PBXBuildFile; fileRef = CD3DE27919BCD44B00DED437 /* SquealSpecHelpers.framework */; };
		CD7247FD1996880300151E1E /* Squeal.h in Headers */ = {isa = PBXBuildFile; fileRef = CD7247FC1996880300151E1E /* Squeal.h */; settings = {ATTRIBUTES = (Public, ); }; };
		CD72481119968D3100151E1E /* Database.swift in Sources */ = {isa = PBXBuildFile; fileRef = CD72481019968D3100151E1E /* Database.swift */; };
		CD72481319968D4000151E1E /* DatabaseSpec.swift in Sources */ = {isa = PBXBuildFile; fileRef = CD72481219968D4000151E1E /* DatabaseSpec.swift */; };
		CD7248381996A7E800151E1E /* Nimble.framework in Frameworks */ = {isa = PBXBuildFile; fileRef = CD7248311996A5AB00151E1E /* Nimble.framework */; };
		CD72483E1996BC0100151E1E /* libsqlite3.dylib in Frameworks */ = {isa = PBXBuildFile; fileRef = CD72483D1996BC0100151E1E /* libsqlite3.dylib */; };
		CD7248421996BC4400151E1E /* Squeal.framework in Frameworks */ = {isa = PBXBuildFile; fileRef = CD7247F71996880300151E1E /* Squeal.framework */; };
		CD7248441996BE0400151E1E /* Foundation.framework in Frameworks */ = {isa = PBXBuildFile; fileRef = CD7248431996BE0400151E1E /* Foundation.framework */; };
		CD7248671996D4F700151E1E /* StatementSpec.swift in Sources */ = {isa = PBXBuildFile; fileRef = CD7248661996D4F700151E1E /* StatementSpec.swift */; };
		CD7FC4AA1A19806600E73C0A /* Quick.framework in Frameworks */ = {isa = PBXBuildFile; fileRef = CD7FC4A71A197EE500E73C0A /* Quick.framework */; };
		CD7FC4AB1A19806F00E73C0A /* Quick.framework in Frameworks */ = {isa = PBXBuildFile; fileRef = CD7FC4A31A197EE500E73C0A /* Quick.framework */; };
		CD9CD78719C5FB210038B7B0 /* DatabasePoolSpec.swift in Sources */ = {isa = PBXBuildFile; fileRef = CD4B4C3619B2B3AA004497BF /* DatabasePoolSpec.swift */; };
		CD9CD78819C5FB210038B7B0 /* SchemaHelpersSpec.swift in Sources */ = {isa = PBXBuildFile; fileRef = CDD59C2F199C6A5300FB662D /* SchemaHelpersSpec.swift */; };
		CD9CD78919C5FB210038B7B0 /* DatabaseSpec.swift in Sources */ = {isa = PBXBuildFile; fileRef = CD72481219968D4000151E1E /* DatabaseSpec.swift */; };
		CD9CD78A19C5FB210038B7B0 /* StatementSpec.swift in Sources */ = {isa = PBXBuildFile; fileRef = CD7248661996D4F700151E1E /* StatementSpec.swift */; };
		CD9CD78B19C5FB300038B7B0 /* Nimble.framework in Frameworks */ = {isa = PBXBuildFile; fileRef = CD72482D1996A5AB00151E1E /* Nimble.framework */; };
		CD9CD78D19C5FB3E0038B7B0 /* SquealSpecHelpers.framework in Frameworks */ = {isa = PBXBuildFile; fileRef = CDCBEB7019C5F77900862BFD /* SquealSpecHelpers.framework */; };
		CD9CD7BD19CA85820038B7B0 /* Errors.swift in Sources */ = {isa = PBXBuildFile; fileRef = CD9CD7BC19CA85820038B7B0 /* Errors.swift */; };
		CD9CD7BE19CA85820038B7B0 /* Errors.swift in Sources */ = {isa = PBXBuildFile; fileRef = CD9CD7BC19CA85820038B7B0 /* Errors.swift */; };
		CD9CD7C819CA86040038B7B0 /* TransactionHelpers.swift in Sources */ = {isa = PBXBuildFile; fileRef = CD9CD7C719CA86040038B7B0 /* TransactionHelpers.swift */; };
		CD9CD7C919CA86040038B7B0 /* TransactionHelpers.swift in Sources */ = {isa = PBXBuildFile; fileRef = CD9CD7C719CA86040038B7B0 /* TransactionHelpers.swift */; };
		CD9CD7CB19CA86270038B7B0 /* Statement.swift in Sources */ = {isa = PBXBuildFile; fileRef = CD9CD7CA19CA86270038B7B0 /* Statement.swift */; };
		CD9CD7CC19CA86270038B7B0 /* Statement.swift in Sources */ = {isa = PBXBuildFile; fileRef = CD9CD7CA19CA86270038B7B0 /* Statement.swift */; };
		CD9CD7CE19CA86FE0038B7B0 /* Bindable.swift in Sources */ = {isa = PBXBuildFile; fileRef = CD9CD7CD19CA86FE0038B7B0 /* Bindable.swift */; };
		CD9CD7CF19CA86FE0038B7B0 /* Bindable.swift in Sources */ = {isa = PBXBuildFile; fileRef = CD9CD7CD19CA86FE0038B7B0 /* Bindable.swift */; };
		CD9CD7D119CA88190038B7B0 /* InsertHelpers.swift in Sources */ = {isa = PBXBuildFile; fileRef = CD9CD7D019CA88190038B7B0 /* InsertHelpers.swift */; };
		CD9CD7D219CA88190038B7B0 /* InsertHelpers.swift in Sources */ = {isa = PBXBuildFile; fileRef = CD9CD7D019CA88190038B7B0 /* InsertHelpers.swift */; };
		CD9F4CD619A12967003CC387 /* DeleteHelpers.swift in Sources */ = {isa = PBXBuildFile; fileRef = CD9F4CD519A12967003CC387 /* DeleteHelpers.swift */; };
		CDB05CE219CA88D70085E4AC /* SelectHelpers.swift in Sources */ = {isa = PBXBuildFile; fileRef = CDB05CE119CA88D70085E4AC /* SelectHelpers.swift */; };
		CDB05CE319CA88D70085E4AC /* SelectHelpers.swift in Sources */ = {isa = PBXBuildFile; fileRef = CDB05CE119CA88D70085E4AC /* SelectHelpers.swift */; };
		CDB05CED19CA89110085E4AC /* UpdateHelpers.swift in Sources */ = {isa = PBXBuildFile; fileRef = CDB05CEC19CA89110085E4AC /* UpdateHelpers.swift */; };
		CDB05CEE19CA89110085E4AC /* UpdateHelpers.swift in Sources */ = {isa = PBXBuildFile; fileRef = CDB05CEC19CA89110085E4AC /* UpdateHelpers.swift */; };
		CDB05D0319CA93EF0085E4AC /* BindableSpec.swift in Sources */ = {isa = PBXBuildFile; fileRef = CDB05D0219CA93EF0085E4AC /* BindableSpec.swift */; };
		CDB05D0419CA93EF0085E4AC /* BindableSpec.swift in Sources */ = {isa = PBXBuildFile; fileRef = CDB05D0219CA93EF0085E4AC /* BindableSpec.swift */; };
		CDB05D0619CA949B0085E4AC /* TransactionHelpersSpec.swift in Sources */ = {isa = PBXBuildFile; fileRef = CDB05D0519CA949B0085E4AC /* TransactionHelpersSpec.swift */; };
		CDB05D0719CA949B0085E4AC /* TransactionHelpersSpec.swift in Sources */ = {isa = PBXBuildFile; fileRef = CDB05D0519CA949B0085E4AC /* TransactionHelpersSpec.swift */; };
		CDB05D0919CA95100085E4AC /* DeleteHelpersSpec.swift in Sources */ = {isa = PBXBuildFile; fileRef = CDB05D0819CA95100085E4AC /* DeleteHelpersSpec.swift */; };
		CDB05D0A19CA95100085E4AC /* DeleteHelpersSpec.swift in Sources */ = {isa = PBXBuildFile; fileRef = CDB05D0819CA95100085E4AC /* DeleteHelpersSpec.swift */; };
		CDB05D0C19CA959B0085E4AC /* UpdateHelpersSpec.swift in Sources */ = {isa = PBXBuildFile; fileRef = CDB05D0B19CA959B0085E4AC /* UpdateHelpersSpec.swift */; };
		CDB05D0D19CA959B0085E4AC /* UpdateHelpersSpec.swift in Sources */ = {isa = PBXBuildFile; fileRef = CDB05D0B19CA959B0085E4AC /* UpdateHelpersSpec.swift */; };
		CDB05D0F19CA96BB0085E4AC /* SelectHelpersSpec.swift in Sources */ = {isa = PBXBuildFile; fileRef = CDB05D0E19CA96BB0085E4AC /* SelectHelpersSpec.swift */; };
		CDB05D1019CA96BB0085E4AC /* SelectHelpersSpec.swift in Sources */ = {isa = PBXBuildFile; fileRef = CDB05D0E19CA96BB0085E4AC /* SelectHelpersSpec.swift */; };
		CDB05D1219CA97180085E4AC /* InsertHelpersSpec.swift in Sources */ = {isa = PBXBuildFile; fileRef = CDB05D1119CA97180085E4AC /* InsertHelpersSpec.swift */; };
		CDB05D1319CA97180085E4AC /* InsertHelpersSpec.swift in Sources */ = {isa = PBXBuildFile; fileRef = CDB05D1119CA97180085E4AC /* InsertHelpersSpec.swift */; };
		CDCBEB5119C5F6F500862BFD /* Squeal-iOS.h in Headers */ = {isa = PBXBuildFile; fileRef = CDCBEB5019C5F6F500862BFD /* Squeal-iOS.h */; settings = {ATTRIBUTES = (Public, ); }; };
		CDCBEB5719C5F6F500862BFD /* Squeal.framework in Frameworks */ = {isa = PBXBuildFile; fileRef = CDCBEB4C19C5F6F500862BFD /* Squeal.framework */; };
		CDCBEB6519C5F70800862BFD /* Database.swift in Sources */ = {isa = PBXBuildFile; fileRef = CD72481019968D3100151E1E /* Database.swift */; };
		CDCBEB6619C5F70800862BFD /* DeleteHelpers.swift in Sources */ = {isa = PBXBuildFile; fileRef = CD9F4CD519A12967003CC387 /* DeleteHelpers.swift */; };
		CDCBEB6719C5F70800862BFD /* SchemaHelpers.swift in Sources */ = {isa = PBXBuildFile; fileRef = CDD59C25199C69F500FB662D /* SchemaHelpers.swift */; };
		CDCBEB6819C5F70800862BFD /* DatabasePool.swift in Sources */ = {isa = PBXBuildFile; fileRef = CD4B4C2C19B29D27004497BF /* DatabasePool.swift */; };
		CDCBEB6A19C5F71E00862BFD /* libsqlite3.dylib in Frameworks */ = {isa = PBXBuildFile; fileRef = CDCBEB6919C5F71E00862BFD /* libsqlite3.dylib */; };
		CDCBEB7519C5F77900862BFD /* SquealSpecHelpers-iOS.h in Headers */ = {isa = PBXBuildFile; fileRef = CDCBEB7419C5F77900862BFD /* SquealSpecHelpers-iOS.h */; settings = {ATTRIBUTES = (Public, ); }; };
		CDCBEB8D19C5F7C800862BFD /* Squeal.framework in Frameworks */ = {isa = PBXBuildFile; fileRef = CDCBEB4C19C5F6F500862BFD /* Squeal.framework */; };
		CDCBEB8E19C5F7DB00862BFD /* DatabaseSpecHelpers.swift in Sources */ = {isa = PBXBuildFile; fileRef = CD3DE29719BCD50A00DED437 /* DatabaseSpecHelpers.swift */; };
		CDCBEB8F19C5F7DB00862BFD /* StatementSpecHelpers.swift in Sources */ = {isa = PBXBuildFile; fileRef = CD3DE29919BCD57A00DED437 /* StatementSpecHelpers.swift */; };
		CDCBEB9019C5F98E00862BFD /* Squeal.framework in Frameworks */ = {isa = PBXBuildFile; fileRef = CD7247F71996880300151E1E /* Squeal.framework */; };
		CDD59C26199C69F500FB662D /* SchemaHelpers.swift in Sources */ = {isa = PBXBuildFile; fileRef = CDD59C25199C69F500FB662D /* SchemaHelpers.swift */; };
		CDD59C30199C6A5300FB662D /* SchemaHelpersSpec.swift in Sources */ = {isa = PBXBuildFile; fileRef = CDD59C2F199C6A5300FB662D /* SchemaHelpersSpec.swift */; };
/* End PBXBuildFile section */

/* Begin PBXContainerItemProxy section */
		CD61584819BCD74000E63F56 /* PBXContainerItemProxy */ = {
			isa = PBXContainerItemProxy;
			containerPortal = CD7247EE1996880300151E1E /* Project object */;
			proxyType = 1;
			remoteGlobalIDString = CD7247F61996880300151E1E;
			remoteInfo = Squeal;
		};
		CD61584A19BCD74000E63F56 /* PBXContainerItemProxy */ = {
			isa = PBXContainerItemProxy;
			containerPortal = CD7247EE1996880300151E1E /* Project object */;
			proxyType = 1;
			remoteGlobalIDString = CD3DE27819BCD44B00DED437;
			remoteInfo = SquealSpecHelpers;
		};
		CD61585119BCDC7700E63F56 /* PBXContainerItemProxy */ = {
			isa = PBXContainerItemProxy;
			containerPortal = CD7247EE1996880300151E1E /* Project object */;
			proxyType = 1;
			remoteGlobalIDString = CD7247F61996880300151E1E;
			remoteInfo = Squeal;
		};
		CD72482C1996A5AB00151E1E /* PBXContainerItemProxy */ = {
			isa = PBXContainerItemProxy;
			containerPortal = CD7248251996A5AB00151E1E /* Nimble.xcodeproj */;
			proxyType = 2;
			remoteGlobalIDString = 1F1A74291940169200FFFC47;
			remoteInfo = "Nimble-iOS";
		};
		CD72482E1996A5AB00151E1E /* PBXContainerItemProxy */ = {
			isa = PBXContainerItemProxy;
			containerPortal = CD7248251996A5AB00151E1E /* Nimble.xcodeproj */;
			proxyType = 2;
			remoteGlobalIDString = 1F1A74341940169200FFFC47;
			remoteInfo = "Nimble-iOSTests";
		};
		CD7248301996A5AB00151E1E /* PBXContainerItemProxy */ = {
			isa = PBXContainerItemProxy;
			containerPortal = CD7248251996A5AB00151E1E /* Nimble.xcodeproj */;
			proxyType = 2;
			remoteGlobalIDString = 1F925EAD195C0D6300ED456B;
			remoteInfo = "Nimble-OSX";
		};
		CD7248321996A5AB00151E1E /* PBXContainerItemProxy */ = {
			isa = PBXContainerItemProxy;
			containerPortal = CD7248251996A5AB00151E1E /* Nimble.xcodeproj */;
			proxyType = 2;
			remoteGlobalIDString = 1F925EB7195C0D6300ED456B;
			remoteInfo = "Nimble-OSXTests";
		};
		CD7FC4A21A197EE500E73C0A /* PBXContainerItemProxy */ = {
			isa = PBXContainerItemProxy;
			containerPortal = CD7FC49A1A197EE500E73C0A /* Quick.xcodeproj */;
			proxyType = 2;
			remoteGlobalIDString = DAEB6B8E1943873100289F44;
			remoteInfo = "Quick-OSX";
		};
		CD7FC4A41A197EE500E73C0A /* PBXContainerItemProxy */ = {
			isa = PBXContainerItemProxy;
			containerPortal = CD7FC49A1A197EE500E73C0A /* Quick.xcodeproj */;
			proxyType = 2;
			remoteGlobalIDString = DAEB6B991943873100289F44;
			remoteInfo = "Quick-OSXTests";
		};
		CD7FC4A61A197EE500E73C0A /* PBXContainerItemProxy */ = {
			isa = PBXContainerItemProxy;
			containerPortal = CD7FC49A1A197EE500E73C0A /* Quick.xcodeproj */;
			proxyType = 2;
			remoteGlobalIDString = 5A5D117C19473F2100F6D13D;
			remoteInfo = "Quick-iOS";
		};
		CD7FC4A81A197EE500E73C0A /* PBXContainerItemProxy */ = {
			isa = PBXContainerItemProxy;
			containerPortal = CD7FC49A1A197EE500E73C0A /* Quick.xcodeproj */;
			proxyType = 2;
			remoteGlobalIDString = 5A5D118619473F2100F6D13D;
			remoteInfo = "Quick-iOSTests";
		};
		CDCBEB5819C5F6F500862BFD /* PBXContainerItemProxy */ = {
			isa = PBXContainerItemProxy;
			containerPortal = CD7247EE1996880300151E1E /* Project object */;
			proxyType = 1;
			remoteGlobalIDString = CDCBEB4B19C5F6F500862BFD;
			remoteInfo = "Squeal-iOS";
		};
		CDCBEB8B19C5F7C100862BFD /* PBXContainerItemProxy */ = {
			isa = PBXContainerItemProxy;
			containerPortal = CD7247EE1996880300151E1E /* Project object */;
			proxyType = 1;
			remoteGlobalIDString = CDCBEB4B19C5F6F500862BFD;
			remoteInfo = "Squeal-iOS";
		};
/* End PBXContainerItemProxy section */

/* Begin PBXFileReference section */
		CD3DE27919BCD44B00DED437 /* SquealSpecHelpers.framework */ = {isa = PBXFileReference; explicitFileType = wrapper.framework; includeInIndex = 0; path = SquealSpecHelpers.framework; sourceTree = BUILT_PRODUCTS_DIR; };
		CD3DE27C19BCD44B00DED437 /* Info.plist */ = {isa = PBXFileReference; lastKnownFileType = text.plist.xml; path = Info.plist; sourceTree = "<group>"; };
		CD3DE27D19BCD44B00DED437 /* SquealSpecHelpers.h */ = {isa = PBXFileReference; lastKnownFileType = sourcecode.c.h; path = SquealSpecHelpers.h; sourceTree = "<group>"; };
		CD3DE29719BCD50A00DED437 /* DatabaseSpecHelpers.swift */ = {isa = PBXFileReference; fileEncoding = 4; lastKnownFileType = sourcecode.swift; path = DatabaseSpecHelpers.swift; sourceTree = "<group>"; };
		CD3DE29919BCD57A00DED437 /* StatementSpecHelpers.swift */ = {isa = PBXFileReference; fileEncoding = 4; lastKnownFileType = sourcecode.swift; path = StatementSpecHelpers.swift; sourceTree = "<group>"; };
		CD4B4C2C19B29D27004497BF /* DatabasePool.swift */ = {isa = PBXFileReference; fileEncoding = 4; lastKnownFileType = sourcecode.swift; path = DatabasePool.swift; sourceTree = "<group>"; };
		CD4B4C3619B2B3AA004497BF /* DatabasePoolSpec.swift */ = {isa = PBXFileReference; fileEncoding = 4; lastKnownFileType = sourcecode.swift; path = DatabasePoolSpec.swift; sourceTree = "<group>"; };
		CD7247F71996880300151E1E /* Squeal.framework */ = {isa = PBXFileReference; explicitFileType = wrapper.framework; includeInIndex = 0; path = Squeal.framework; sourceTree = BUILT_PRODUCTS_DIR; };
		CD7247FB1996880300151E1E /* Info.plist */ = {isa = PBXFileReference; lastKnownFileType = text.plist.xml; path = Info.plist; sourceTree = "<group>"; };
		CD7247FC1996880300151E1E /* Squeal.h */ = {isa = PBXFileReference; lastKnownFileType = sourcecode.c.h; path = Squeal.h; sourceTree = "<group>"; };
		CD7248021996880300151E1E /* Squeal-OSXTests.xctest */ = {isa = PBXFileReference; explicitFileType = wrapper.cfbundle; includeInIndex = 0; path = "Squeal-OSXTests.xctest"; sourceTree = BUILT_PRODUCTS_DIR; };
		CD7248051996880300151E1E /* Info.plist */ = {isa = PBXFileReference; lastKnownFileType = text.plist.xml; path = Info.plist; sourceTree = "<group>"; };
		CD72481019968D3100151E1E /* Database.swift */ = {isa = PBXFileReference; fileEncoding = 4; lastKnownFileType = sourcecode.swift; path = Database.swift; sourceTree = "<group>"; };
		CD72481219968D4000151E1E /* DatabaseSpec.swift */ = {isa = PBXFileReference; fileEncoding = 4; lastKnownFileType = sourcecode.swift; path = DatabaseSpec.swift; sourceTree = "<group>"; };
		CD7248251996A5AB00151E1E /* Nimble.xcodeproj */ = {isa = PBXFileReference; lastKnownFileType = "wrapper.pb-project"; name = Nimble.xcodeproj; path = Externals/Nimble/Nimble.xcodeproj; sourceTree = "<group>"; };
		CD7248341996A5D100151E1E /* module.map */ = {isa = PBXFileReference; lastKnownFileType = "sourcecode.module-map"; name = module.map; path = modules/module.map; sourceTree = SOURCE_ROOT; };
		CD7248351996A5F700151E1E /* README.md */ = {isa = PBXFileReference; lastKnownFileType = net.daringfireball.markdown; path = README.md; sourceTree = SOURCE_ROOT; };
		CD72483A1996A95C00151E1E /* LICENSE.txt */ = {isa = PBXFileReference; lastKnownFileType = text; path = LICENSE.txt; sourceTree = "<group>"; };
		CD72483D1996BC0100151E1E /* libsqlite3.dylib */ = {isa = PBXFileReference; lastKnownFileType = "compiled.mach-o.dylib"; name = libsqlite3.dylib; path = usr/lib/libsqlite3.dylib; sourceTree = SDKROOT; };
		CD7248431996BE0400151E1E /* Foundation.framework */ = {isa = PBXFileReference; lastKnownFileType = wrapper.framework; name = Foundation.framework; path = System/Library/Frameworks/Foundation.framework; sourceTree = SDKROOT; };
		CD7248661996D4F700151E1E /* StatementSpec.swift */ = {isa = PBXFileReference; fileEncoding = 4; lastKnownFileType = sourcecode.swift; path = StatementSpec.swift; sourceTree = "<group>"; };
		CD7FC49A1A197EE500E73C0A /* Quick.xcodeproj */ = {isa = PBXFileReference; lastKnownFileType = "wrapper.pb-project"; name = Quick.xcodeproj; path = Externals/Quick/Quick.xcodeproj; sourceTree = "<group>"; };
		CD9CD7BC19CA85820038B7B0 /* Errors.swift */ = {isa = PBXFileReference; fileEncoding = 4; lastKnownFileType = sourcecode.swift; path = Errors.swift; sourceTree = "<group>"; };
		CD9CD7C719CA86040038B7B0 /* TransactionHelpers.swift */ = {isa = PBXFileReference; fileEncoding = 4; lastKnownFileType = sourcecode.swift; path = TransactionHelpers.swift; sourceTree = "<group>"; };
		CD9CD7CA19CA86270038B7B0 /* Statement.swift */ = {isa = PBXFileReference; fileEncoding = 4; lastKnownFileType = sourcecode.swift; path = Statement.swift; sourceTree = "<group>"; };
		CD9CD7CD19CA86FE0038B7B0 /* Bindable.swift */ = {isa = PBXFileReference; fileEncoding = 4; lastKnownFileType = sourcecode.swift; path = Bindable.swift; sourceTree = "<group>"; };
		CD9CD7D019CA88190038B7B0 /* InsertHelpers.swift */ = {isa = PBXFileReference; fileEncoding = 4; lastKnownFileType = sourcecode.swift; path = InsertHelpers.swift; sourceTree = "<group>"; };
		CD9F4CD519A12967003CC387 /* DeleteHelpers.swift */ = {isa = PBXFileReference; fileEncoding = 4; lastKnownFileType = sourcecode.swift; path = DeleteHelpers.swift; sourceTree = "<group>"; };
		CDB05CE119CA88D70085E4AC /* SelectHelpers.swift */ = {isa = PBXFileReference; fileEncoding = 4; lastKnownFileType = sourcecode.swift; path = SelectHelpers.swift; sourceTree = "<group>"; };
		CDB05CEC19CA89110085E4AC /* UpdateHelpers.swift */ = {isa = PBXFileReference; fileEncoding = 4; lastKnownFileType = sourcecode.swift; path = UpdateHelpers.swift; sourceTree = "<group>"; };
		CDB05D0219CA93EF0085E4AC /* BindableSpec.swift */ = {isa = PBXFileReference; fileEncoding = 4; lastKnownFileType = sourcecode.swift; path = BindableSpec.swift; sourceTree = "<group>"; };
		CDB05D0519CA949B0085E4AC /* TransactionHelpersSpec.swift */ = {isa = PBXFileReference; fileEncoding = 4; lastKnownFileType = sourcecode.swift; path = TransactionHelpersSpec.swift; sourceTree = "<group>"; };
		CDB05D0819CA95100085E4AC /* DeleteHelpersSpec.swift */ = {isa = PBXFileReference; fileEncoding = 4; lastKnownFileType = sourcecode.swift; path = DeleteHelpersSpec.swift; sourceTree = "<group>"; };
		CDB05D0B19CA959B0085E4AC /* UpdateHelpersSpec.swift */ = {isa = PBXFileReference; fileEncoding = 4; lastKnownFileType = sourcecode.swift; path = UpdateHelpersSpec.swift; sourceTree = "<group>"; };
		CDB05D0E19CA96BB0085E4AC /* SelectHelpersSpec.swift */ = {isa = PBXFileReference; fileEncoding = 4; lastKnownFileType = sourcecode.swift; path = SelectHelpersSpec.swift; sourceTree = "<group>"; };
		CDB05D1119CA97180085E4AC /* InsertHelpersSpec.swift */ = {isa = PBXFileReference; fileEncoding = 4; lastKnownFileType = sourcecode.swift; path = InsertHelpersSpec.swift; sourceTree = "<group>"; };
		CDCBEB4C19C5F6F500862BFD /* Squeal.framework */ = {isa = PBXFileReference; explicitFileType = wrapper.framework; includeInIndex = 0; path = Squeal.framework; sourceTree = BUILT_PRODUCTS_DIR; };
		CDCBEB4F19C5F6F500862BFD /* Info.plist */ = {isa = PBXFileReference; lastKnownFileType = text.plist.xml; path = Info.plist; sourceTree = "<group>"; };
		CDCBEB5019C5F6F500862BFD /* Squeal-iOS.h */ = {isa = PBXFileReference; lastKnownFileType = sourcecode.c.h; path = "Squeal-iOS.h"; sourceTree = "<group>"; };
		CDCBEB5619C5F6F500862BFD /* Squeal-iOSTests.xctest */ = {isa = PBXFileReference; explicitFileType = wrapper.cfbundle; includeInIndex = 0; path = "Squeal-iOSTests.xctest"; sourceTree = BUILT_PRODUCTS_DIR; };
		CDCBEB5C19C5F6F500862BFD /* Info.plist */ = {isa = PBXFileReference; lastKnownFileType = text.plist.xml; path = Info.plist; sourceTree = "<group>"; };
		CDCBEB6919C5F71E00862BFD /* libsqlite3.dylib */ = {isa = PBXFileReference; lastKnownFileType = "compiled.mach-o.dylib"; name = libsqlite3.dylib; path = Platforms/iPhoneOS.platform/Developer/SDKs/iPhoneOS8.0.sdk/usr/lib/libsqlite3.dylib; sourceTree = DEVELOPER_DIR; };
		CDCBEB7019C5F77900862BFD /* SquealSpecHelpers.framework */ = {isa = PBXFileReference; explicitFileType = wrapper.framework; includeInIndex = 0; path = SquealSpecHelpers.framework; sourceTree = BUILT_PRODUCTS_DIR; };
		CDCBEB7319C5F77900862BFD /* Info.plist */ = {isa = PBXFileReference; lastKnownFileType = text.plist.xml; path = Info.plist; sourceTree = "<group>"; };
		CDCBEB7419C5F77900862BFD /* SquealSpecHelpers-iOS.h */ = {isa = PBXFileReference; lastKnownFileType = sourcecode.c.h; path = "SquealSpecHelpers-iOS.h"; sourceTree = "<group>"; };
		CDD59C25199C69F500FB662D /* SchemaHelpers.swift */ = {isa = PBXFileReference; fileEncoding = 4; lastKnownFileType = sourcecode.swift; path = SchemaHelpers.swift; sourceTree = "<group>"; };
		CDD59C2F199C6A5300FB662D /* SchemaHelpersSpec.swift */ = {isa = PBXFileReference; fileEncoding = 4; lastKnownFileType = sourcecode.swift; path = SchemaHelpersSpec.swift; sourceTree = "<group>"; };
/* End PBXFileReference section */

/* Begin PBXFrameworksBuildPhase section */
		CD3DE27519BCD44B00DED437 /* Frameworks */ = {
			isa = PBXFrameworksBuildPhase;
			buildActionMask = 2147483647;
			files = (
				CDCBEB9019C5F98E00862BFD /* Squeal.framework in Frameworks */,
			);
			runOnlyForDeploymentPostprocessing = 0;
		};
		CD7247F31996880300151E1E /* Frameworks */ = {
			isa = PBXFrameworksBuildPhase;
			buildActionMask = 2147483647;
			files = (
				CD7248441996BE0400151E1E /* Foundation.framework in Frameworks */,
				CD72483E1996BC0100151E1E /* libsqlite3.dylib in Frameworks */,
			);
			runOnlyForDeploymentPostprocessing = 0;
		};
		CD7247FF1996880300151E1E /* Frameworks */ = {
			isa = PBXFrameworksBuildPhase;
			buildActionMask = 2147483647;
			files = (
				CD7FC4AB1A19806F00E73C0A /* Quick.framework in Frameworks */,
				CD61584C19BCD74A00E63F56 /* SquealSpecHelpers.framework in Frameworks */,
				CD7248421996BC4400151E1E /* Squeal.framework in Frameworks */,
				CD7248381996A7E800151E1E /* Nimble.framework in Frameworks */,
			);
			runOnlyForDeploymentPostprocessing = 0;
		};
		CDCBEB4819C5F6F500862BFD /* Frameworks */ = {
			isa = PBXFrameworksBuildPhase;
			buildActionMask = 2147483647;
			files = (
				CDCBEB6A19C5F71E00862BFD /* libsqlite3.dylib in Frameworks */,
			);
			runOnlyForDeploymentPostprocessing = 0;
		};
		CDCBEB5319C5F6F500862BFD /* Frameworks */ = {
			isa = PBXFrameworksBuildPhase;
			buildActionMask = 2147483647;
			files = (
				CD7FC4AA1A19806600E73C0A /* Quick.framework in Frameworks */,
				CD9CD78D19C5FB3E0038B7B0 /* SquealSpecHelpers.framework in Frameworks */,
				CD9CD78B19C5FB300038B7B0 /* Nimble.framework in Frameworks */,
				CDCBEB5719C5F6F500862BFD /* Squeal.framework in Frameworks */,
			);
			runOnlyForDeploymentPostprocessing = 0;
		};
		CDCBEB6C19C5F77900862BFD /* Frameworks */ = {
			isa = PBXFrameworksBuildPhase;
			buildActionMask = 2147483647;
			files = (
				CDCBEB8D19C5F7C800862BFD /* Squeal.framework in Frameworks */,
			);
			runOnlyForDeploymentPostprocessing = 0;
		};
/* End PBXFrameworksBuildPhase section */

/* Begin PBXGroup section */
		CD3DE27A19BCD44B00DED437 /* SquealSpecHelpers */ = {
			isa = PBXGroup;
			children = (
				CD3DE29719BCD50A00DED437 /* DatabaseSpecHelpers.swift */,
				CD3DE27D19BCD44B00DED437 /* SquealSpecHelpers.h */,
				CD3DE29919BCD57A00DED437 /* StatementSpecHelpers.swift */,
				CD3DE27B19BCD44B00DED437 /* Supporting Files */,
			);
			path = SquealSpecHelpers;
			sourceTree = "<group>";
		};
		CD3DE27B19BCD44B00DED437 /* Supporting Files */ = {
			isa = PBXGroup;
			children = (
				CD3DE27C19BCD44B00DED437 /* Info.plist */,
			);
			name = "Supporting Files";
			sourceTree = "<group>";
		};
		CD715E1619CAA32700602860 /* Core */ = {
			isa = PBXGroup;
			children = (
				CDB05D0219CA93EF0085E4AC /* BindableSpec.swift */,
				CD4B4C3619B2B3AA004497BF /* DatabasePoolSpec.swift */,
				CD72481219968D4000151E1E /* DatabaseSpec.swift */,
				CD7248661996D4F700151E1E /* StatementSpec.swift */,
			);
			name = Core;
			sourceTree = "<group>";
		};
		CD715E1719CAA33A00602860 /* Helpers */ = {
			isa = PBXGroup;
			children = (
				CDB05D0819CA95100085E4AC /* DeleteHelpersSpec.swift */,
				CDB05D1119CA97180085E4AC /* InsertHelpersSpec.swift */,
				CDD59C2F199C6A5300FB662D /* SchemaHelpersSpec.swift */,
				CDB05D0E19CA96BB0085E4AC /* SelectHelpersSpec.swift */,
				CDB05D0519CA949B0085E4AC /* TransactionHelpersSpec.swift */,
				CDB05D0B19CA959B0085E4AC /* UpdateHelpersSpec.swift */,
			);
			name = Helpers;
			sourceTree = "<group>";
		};
		CD7247ED1996880300151E1E = {
			isa = PBXGroup;
			children = (
				CD7247F91996880300151E1E /* Squeal */,
				CD7248031996880300151E1E /* SquealTests */,
				CD3DE27A19BCD44B00DED437 /* SquealSpecHelpers */,
				CDCBEB4D19C5F6F500862BFD /* Squeal-iOS */,
				CDCBEB5A19C5F6F500862BFD /* Squeal-iOSTests */,
				CDCBEB7119C5F77900862BFD /* SquealSpecHelpers-iOS */,
				CD7248141996A54B00151E1E /* Externals */,
				CD7247F81996880300151E1E /* Products */,
				CD72483A1996A95C00151E1E /* LICENSE.txt */,
				CD7248351996A5F700151E1E /* README.md */,
			);
			sourceTree = "<group>";
		};
		CD7247F81996880300151E1E /* Products */ = {
			isa = PBXGroup;
			children = (
				CD7247F71996880300151E1E /* Squeal.framework */,
				CD7248021996880300151E1E /* Squeal-OSXTests.xctest */,
				CD3DE27919BCD44B00DED437 /* SquealSpecHelpers.framework */,
				CDCBEB4C19C5F6F500862BFD /* Squeal.framework */,
				CDCBEB5619C5F6F500862BFD /* Squeal-iOSTests.xctest */,
				CDCBEB7019C5F77900862BFD /* SquealSpecHelpers.framework */,
			);
			name = Products;
			sourceTree = "<group>";
		};
		CD7247F91996880300151E1E /* Squeal */ = {
			isa = PBXGroup;
			children = (
				CDB05CF019CA899A0085E4AC /* Source */,
				CDB05CEF19CA89460085E4AC /* Helpers */,
				CD7247FC1996880300151E1E /* Squeal.h */,
				CD7247FA1996880300151E1E /* Supporting Files */,
			);
			path = Squeal;
			sourceTree = "<group>";
		};
		CD7247FA1996880300151E1E /* Supporting Files */ = {
			isa = PBXGroup;
			children = (
				CD7248431996BE0400151E1E /* Foundation.framework */,
				CD72483D1996BC0100151E1E /* libsqlite3.dylib */,
				CD7248341996A5D100151E1E /* module.map */,
				CD7247FB1996880300151E1E /* Info.plist */,
			);
			name = "Supporting Files";
			sourceTree = "<group>";
		};
		CD7248031996880300151E1E /* SquealTests */ = {
			isa = PBXGroup;
			children = (
				CD715E1619CAA32700602860 /* Core */,
				CD715E1719CAA33A00602860 /* Helpers */,
				CD7248041996880300151E1E /* Supporting Files */,
			);
			path = SquealTests;
			sourceTree = "<group>";
		};
		CD7248041996880300151E1E /* Supporting Files */ = {
			isa = PBXGroup;
			children = (
				CD7248051996880300151E1E /* Info.plist */,
			);
			name = "Supporting Files";
			sourceTree = "<group>";
		};
		CD7248141996A54B00151E1E /* Externals */ = {
			isa = PBXGroup;
			children = (
				CD7FC49A1A197EE500E73C0A /* Quick.xcodeproj */,
				CD7248251996A5AB00151E1E /* Nimble.xcodeproj */,
			);
			name = Externals;
			sourceTree = "<group>";
		};
		CD7248261996A5AB00151E1E /* Products */ = {
			isa = PBXGroup;
			children = (
				CD72482D1996A5AB00151E1E /* Nimble.framework */,
				CD72482F1996A5AB00151E1E /* NimbleTests.xctest */,
				CD7248311996A5AB00151E1E /* Nimble.framework */,
				CD7248331996A5AB00151E1E /* Nimble-OSXTests.xctest */,
			);
			name = Products;
			sourceTree = "<group>";
		};
		CD7FC49B1A197EE500E73C0A /* Products */ = {
			isa = PBXGroup;
			children = (
				CD7FC4A31A197EE500E73C0A /* Quick.framework */,
				CD7FC4A51A197EE500E73C0A /* Quick-OSXTests.xctest */,
				CD7FC4A71A197EE500E73C0A /* Quick.framework */,
				CD7FC4A91A197EE500E73C0A /* Quick-iOSTests.xctest */,
			);
			name = Products;
			sourceTree = "<group>";
		};
		CDB05CEF19CA89460085E4AC /* Helpers */ = {
			isa = PBXGroup;
			children = (
				CD9F4CD519A12967003CC387 /* DeleteHelpers.swift */,
				CD9CD7D019CA88190038B7B0 /* InsertHelpers.swift */,
				CDD59C25199C69F500FB662D /* SchemaHelpers.swift */,
				CDB05CE119CA88D70085E4AC /* SelectHelpers.swift */,
				CD9CD7C719CA86040038B7B0 /* TransactionHelpers.swift */,
				CDB05CEC19CA89110085E4AC /* UpdateHelpers.swift */,
			);
			name = Helpers;
			sourceTree = "<group>";
		};
		CDB05CF019CA899A0085E4AC /* Source */ = {
			isa = PBXGroup;
			children = (
				CD9CD7CD19CA86FE0038B7B0 /* Bindable.swift */,
				CD72481019968D3100151E1E /* Database.swift */,
				CD4B4C2C19B29D27004497BF /* DatabasePool.swift */,
				CD9CD7BC19CA85820038B7B0 /* Errors.swift */,
				CD9CD7CA19CA86270038B7B0 /* Statement.swift */,
			);
			name = Source;
			sourceTree = "<group>";
		};
		CDCBEB4D19C5F6F500862BFD /* Squeal-iOS */ = {
			isa = PBXGroup;
			children = (
				CDCBEB5019C5F6F500862BFD /* Squeal-iOS.h */,
				CDCBEB4E19C5F6F500862BFD /* Supporting Files */,
			);
			path = "Squeal-iOS";
			sourceTree = "<group>";
		};
		CDCBEB4E19C5F6F500862BFD /* Supporting Files */ = {
			isa = PBXGroup;
			children = (
				CDCBEB6919C5F71E00862BFD /* libsqlite3.dylib */,
				CDCBEB4F19C5F6F500862BFD /* Info.plist */,
			);
			name = "Supporting Files";
			sourceTree = "<group>";
		};
		CDCBEB5A19C5F6F500862BFD /* Squeal-iOSTests */ = {
			isa = PBXGroup;
			children = (
				CDCBEB5B19C5F6F500862BFD /* Supporting Files */,
			);
			path = "Squeal-iOSTests";
			sourceTree = "<group>";
		};
		CDCBEB5B19C5F6F500862BFD /* Supporting Files */ = {
			isa = PBXGroup;
			children = (
				CDCBEB5C19C5F6F500862BFD /* Info.plist */,
			);
			name = "Supporting Files";
			sourceTree = "<group>";
		};
		CDCBEB7119C5F77900862BFD /* SquealSpecHelpers-iOS */ = {
			isa = PBXGroup;
			children = (
				CDCBEB7419C5F77900862BFD /* SquealSpecHelpers-iOS.h */,
				CDCBEB7219C5F77900862BFD /* Supporting Files */,
			);
			path = "SquealSpecHelpers-iOS";
			sourceTree = "<group>";
		};
		CDCBEB7219C5F77900862BFD /* Supporting Files */ = {
			isa = PBXGroup;
			children = (
				CDCBEB7319C5F77900862BFD /* Info.plist */,
			);
			name = "Supporting Files";
			sourceTree = "<group>";
		};
/* End PBXGroup section */

/* Begin PBXHeadersBuildPhase section */
		CD3DE27619BCD44B00DED437 /* Headers */ = {
			isa = PBXHeadersBuildPhase;
			buildActionMask = 2147483647;
			files = (
				CD3DE27E19BCD44B00DED437 /* SquealSpecHelpers.h in Headers */,
			);
			runOnlyForDeploymentPostprocessing = 0;
		};
		CD7247F41996880300151E1E /* Headers */ = {
			isa = PBXHeadersBuildPhase;
			buildActionMask = 2147483647;
			files = (
				CD7247FD1996880300151E1E /* Squeal.h in Headers */,
			);
			runOnlyForDeploymentPostprocessing = 0;
		};
		CDCBEB4919C5F6F500862BFD /* Headers */ = {
			isa = PBXHeadersBuildPhase;
			buildActionMask = 2147483647;
			files = (
				CDCBEB5119C5F6F500862BFD /* Squeal-iOS.h in Headers */,
			);
			runOnlyForDeploymentPostprocessing = 0;
		};
		CDCBEB6D19C5F77900862BFD /* Headers */ = {
			isa = PBXHeadersBuildPhase;
			buildActionMask = 2147483647;
			files = (
				CDCBEB7519C5F77900862BFD /* SquealSpecHelpers-iOS.h in Headers */,
			);
			runOnlyForDeploymentPostprocessing = 0;
		};
/* End PBXHeadersBuildPhase section */

/* Begin PBXNativeTarget section */
		CD3DE27819BCD44B00DED437 /* SquealSpecHelpers-OSX */ = {
			isa = PBXNativeTarget;
			buildConfigurationList = CD3DE29519BCD44B00DED437 /* Build configuration list for PBXNativeTarget "SquealSpecHelpers-OSX" */;
			buildPhases = (
				CD3DE27419BCD44B00DED437 /* Sources */,
				CD3DE27519BCD44B00DED437 /* Frameworks */,
				CD3DE27619BCD44B00DED437 /* Headers */,
				CD3DE27719BCD44B00DED437 /* Resources */,
			);
			buildRules = (
			);
			dependencies = (
				CD61585219BCDC7700E63F56 /* PBXTargetDependency */,
			);
			name = "SquealSpecHelpers-OSX";
			productName = SquealSpecHelpers;
			productReference = CD3DE27919BCD44B00DED437 /* SquealSpecHelpers.framework */;
			productType = "com.apple.product-type.framework";
		};
		CD7247F61996880300151E1E /* Squeal-OSX */ = {
			isa = PBXNativeTarget;
			buildConfigurationList = CD72480A1996880400151E1E /* Build configuration list for PBXNativeTarget "Squeal-OSX" */;
			buildPhases = (
				CD7247F21996880300151E1E /* Sources */,
				CD7247F31996880300151E1E /* Frameworks */,
				CD7247F41996880300151E1E /* Headers */,
				CD7247F51996880300151E1E /* Resources */,
			);
			buildRules = (
			);
			dependencies = (
			);
			name = "Squeal-OSX";
			productName = Squeal;
			productReference = CD7247F71996880300151E1E /* Squeal.framework */;
			productType = "com.apple.product-type.framework";
		};
		CD7248011996880300151E1E /* Squeal-OSXTests */ = {
			isa = PBXNativeTarget;
			buildConfigurationList = CD72480D1996880400151E1E /* Build configuration list for PBXNativeTarget "Squeal-OSXTests" */;
			buildPhases = (
				CD7247FE1996880300151E1E /* Sources */,
				CD7247FF1996880300151E1E /* Frameworks */,
				CD7248001996880300151E1E /* Resources */,
			);
			buildRules = (
			);
			dependencies = (
				CD61584919BCD74000E63F56 /* PBXTargetDependency */,
				CD61584B19BCD74000E63F56 /* PBXTargetDependency */,
			);
			name = "Squeal-OSXTests";
			productName = SquealTests;
			productReference = CD7248021996880300151E1E /* Squeal-OSXTests.xctest */;
			productType = "com.apple.product-type.bundle.unit-test";
		};
		CDCBEB4B19C5F6F500862BFD /* Squeal-iOS */ = {
			isa = PBXNativeTarget;
			buildConfigurationList = CDCBEB5F19C5F6F500862BFD /* Build configuration list for PBXNativeTarget "Squeal-iOS" */;
			buildPhases = (
				CDCBEB4719C5F6F500862BFD /* Sources */,
				CDCBEB4819C5F6F500862BFD /* Frameworks */,
				CDCBEB4919C5F6F500862BFD /* Headers */,
				CDCBEB4A19C5F6F500862BFD /* Resources */,
			);
			buildRules = (
			);
			dependencies = (
			);
			name = "Squeal-iOS";
			productName = "Squeal-iOS";
			productReference = CDCBEB4C19C5F6F500862BFD /* Squeal.framework */;
			productType = "com.apple.product-type.framework";
		};
		CDCBEB5519C5F6F500862BFD /* Squeal-iOSTests */ = {
			isa = PBXNativeTarget;
			buildConfigurationList = CDCBEB6219C5F6F500862BFD /* Build configuration list for PBXNativeTarget "Squeal-iOSTests" */;
			buildPhases = (
				CDCBEB5219C5F6F500862BFD /* Sources */,
				CDCBEB5319C5F6F500862BFD /* Frameworks */,
				CDCBEB5419C5F6F500862BFD /* Resources */,
			);
			buildRules = (
			);
			dependencies = (
				CDCBEB5919C5F6F500862BFD /* PBXTargetDependency */,
			);
			name = "Squeal-iOSTests";
			productName = "Squeal-iOSTests";
			productReference = CDCBEB5619C5F6F500862BFD /* Squeal-iOSTests.xctest */;
			productType = "com.apple.product-type.bundle.unit-test";
		};
		CDCBEB6F19C5F77900862BFD /* SquealSpecHelpers-iOS */ = {
			isa = PBXNativeTarget;
			buildConfigurationList = CDCBEB8319C5F77900862BFD /* Build configuration list for PBXNativeTarget "SquealSpecHelpers-iOS" */;
			buildPhases = (
				CDCBEB6B19C5F77900862BFD /* Sources */,
				CDCBEB6C19C5F77900862BFD /* Frameworks */,
				CDCBEB6D19C5F77900862BFD /* Headers */,
				CDCBEB6E19C5F77900862BFD /* Resources */,
			);
			buildRules = (
			);
			dependencies = (
				CDCBEB8C19C5F7C100862BFD /* PBXTargetDependency */,
			);
			name = "SquealSpecHelpers-iOS";
			productName = "SquealSpecHelpers-iOS";
			productReference = CDCBEB7019C5F77900862BFD /* SquealSpecHelpers.framework */;
			productType = "com.apple.product-type.framework";
		};
/* End PBXNativeTarget section */

/* Begin PBXProject section */
		CD7247EE1996880300151E1E /* Project object */ = {
			isa = PBXProject;
			attributes = {
				LastUpgradeCheck = 0600;
				ORGANIZATIONNAME = "Vulpine Labs LLC";
				TargetAttributes = {
					CD3DE27819BCD44B00DED437 = {
						CreatedOnToolsVersion = 6.0;
					};
					CD7247F61996880300151E1E = {
						CreatedOnToolsVersion = 6.0;
					};
					CD7248011996880300151E1E = {
						CreatedOnToolsVersion = 6.0;
					};
					CDCBEB4B19C5F6F500862BFD = {
						CreatedOnToolsVersion = 6.1;
						DevelopmentTeam = D7K65AYKY9;
					};
					CDCBEB5519C5F6F500862BFD = {
						CreatedOnToolsVersion = 6.1;
					};
					CDCBEB6F19C5F77900862BFD = {
						CreatedOnToolsVersion = 6.1;
					};
				};
			};
			buildConfigurationList = CD7247F11996880300151E1E /* Build configuration list for PBXProject "Squeal" */;
			compatibilityVersion = "Xcode 3.2";
			developmentRegion = English;
			hasScannedForEncodings = 0;
			knownRegions = (
				en,
			);
			mainGroup = CD7247ED1996880300151E1E;
			productRefGroup = CD7247F81996880300151E1E /* Products */;
			projectDirPath = "";
			projectReferences = (
				{
					ProductGroup = CD7248261996A5AB00151E1E /* Products */;
					ProjectRef = CD7248251996A5AB00151E1E /* Nimble.xcodeproj */;
				},
				{
					ProductGroup = CD7FC49B1A197EE500E73C0A /* Products */;
					ProjectRef = CD7FC49A1A197EE500E73C0A /* Quick.xcodeproj */;
				},
			);
			projectRoot = "";
			targets = (
				CD7247F61996880300151E1E /* Squeal-OSX */,
				CD7248011996880300151E1E /* Squeal-OSXTests */,
				CDCBEB4B19C5F6F500862BFD /* Squeal-iOS */,
				CDCBEB5519C5F6F500862BFD /* Squeal-iOSTests */,
				CD3DE27819BCD44B00DED437 /* SquealSpecHelpers-OSX */,
				CDCBEB6F19C5F77900862BFD /* SquealSpecHelpers-iOS */,
			);
		};
/* End PBXProject section */

/* Begin PBXReferenceProxy section */
		CD72482D1996A5AB00151E1E /* Nimble.framework */ = {
			isa = PBXReferenceProxy;
			fileType = wrapper.framework;
			path = Nimble.framework;
			remoteRef = CD72482C1996A5AB00151E1E /* PBXContainerItemProxy */;
			sourceTree = BUILT_PRODUCTS_DIR;
		};
		CD72482F1996A5AB00151E1E /* NimbleTests.xctest */ = {
			isa = PBXReferenceProxy;
			fileType = wrapper.cfbundle;
			path = NimbleTests.xctest;
			remoteRef = CD72482E1996A5AB00151E1E /* PBXContainerItemProxy */;
			sourceTree = BUILT_PRODUCTS_DIR;
		};
		CD7248311996A5AB00151E1E /* Nimble.framework */ = {
			isa = PBXReferenceProxy;
			fileType = wrapper.framework;
			path = Nimble.framework;
			remoteRef = CD7248301996A5AB00151E1E /* PBXContainerItemProxy */;
			sourceTree = BUILT_PRODUCTS_DIR;
		};
		CD7248331996A5AB00151E1E /* Nimble-OSXTests.xctest */ = {
			isa = PBXReferenceProxy;
			fileType = wrapper.cfbundle;
			path = "Nimble-OSXTests.xctest";
			remoteRef = CD7248321996A5AB00151E1E /* PBXContainerItemProxy */;
			sourceTree = BUILT_PRODUCTS_DIR;
		};
		CD7FC4A31A197EE500E73C0A /* Quick.framework */ = {
			isa = PBXReferenceProxy;
			fileType = wrapper.framework;
			path = Quick.framework;
			remoteRef = CD7FC4A21A197EE500E73C0A /* PBXContainerItemProxy */;
			sourceTree = BUILT_PRODUCTS_DIR;
		};
		CD7FC4A51A197EE500E73C0A /* Quick-OSXTests.xctest */ = {
			isa = PBXReferenceProxy;
			fileType = wrapper.cfbundle;
			path = "Quick-OSXTests.xctest";
			remoteRef = CD7FC4A41A197EE500E73C0A /* PBXContainerItemProxy */;
			sourceTree = BUILT_PRODUCTS_DIR;
		};
		CD7FC4A71A197EE500E73C0A /* Quick.framework */ = {
			isa = PBXReferenceProxy;
			fileType = wrapper.framework;
			path = Quick.framework;
			remoteRef = CD7FC4A61A197EE500E73C0A /* PBXContainerItemProxy */;
			sourceTree = BUILT_PRODUCTS_DIR;
		};
		CD7FC4A91A197EE500E73C0A /* Quick-iOSTests.xctest */ = {
			isa = PBXReferenceProxy;
			fileType = wrapper.cfbundle;
			path = "Quick-iOSTests.xctest";
			remoteRef = CD7FC4A81A197EE500E73C0A /* PBXContainerItemProxy */;
			sourceTree = BUILT_PRODUCTS_DIR;
		};
/* End PBXReferenceProxy section */

/* Begin PBXResourcesBuildPhase section */
		CD3DE27719BCD44B00DED437 /* Resources */ = {
			isa = PBXResourcesBuildPhase;
			buildActionMask = 2147483647;
			files = (
			);
			runOnlyForDeploymentPostprocessing = 0;
		};
		CD7247F51996880300151E1E /* Resources */ = {
			isa = PBXResourcesBuildPhase;
			buildActionMask = 2147483647;
			files = (
			);
			runOnlyForDeploymentPostprocessing = 0;
		};
		CD7248001996880300151E1E /* Resources */ = {
			isa = PBXResourcesBuildPhase;
			buildActionMask = 2147483647;
			files = (
			);
			runOnlyForDeploymentPostprocessing = 0;
		};
		CDCBEB4A19C5F6F500862BFD /* Resources */ = {
			isa = PBXResourcesBuildPhase;
			buildActionMask = 2147483647;
			files = (
			);
			runOnlyForDeploymentPostprocessing = 0;
		};
		CDCBEB5419C5F6F500862BFD /* Resources */ = {
			isa = PBXResourcesBuildPhase;
			buildActionMask = 2147483647;
			files = (
			);
			runOnlyForDeploymentPostprocessing = 0;
		};
		CDCBEB6E19C5F77900862BFD /* Resources */ = {
			isa = PBXResourcesBuildPhase;
			buildActionMask = 2147483647;
			files = (
			);
			runOnlyForDeploymentPostprocessing = 0;
		};
/* End PBXResourcesBuildPhase section */

/* Begin PBXSourcesBuildPhase section */
		CD3DE27419BCD44B00DED437 /* Sources */ = {
			isa = PBXSourcesBuildPhase;
			buildActionMask = 2147483647;
			files = (
				CD3DE29A19BCD57A00DED437 /* StatementSpecHelpers.swift in Sources */,
				CD3DE29819BCD50A00DED437 /* DatabaseSpecHelpers.swift in Sources */,
			);
			runOnlyForDeploymentPostprocessing = 0;
		};
		CD7247F21996880300151E1E /* Sources */ = {
			isa = PBXSourcesBuildPhase;
			buildActionMask = 2147483647;
			files = (
				CD9CD7CB19CA86270038B7B0 /* Statement.swift in Sources */,
				CD9CD7C819CA86040038B7B0 /* TransactionHelpers.swift in Sources */,
				CD9CD7CE19CA86FE0038B7B0 /* Bindable.swift in Sources */,
				CD4B4C2D19B29D27004497BF /* DatabasePool.swift in Sources */,
				CDB05CED19CA89110085E4AC /* UpdateHelpers.swift in Sources */,
				CD9CD7BD19CA85820038B7B0 /* Errors.swift in Sources */,
				CDB05CE219CA88D70085E4AC /* SelectHelpers.swift in Sources */,
				CD9F4CD619A12967003CC387 /* DeleteHelpers.swift in Sources */,
				CD72481119968D3100151E1E /* Database.swift in Sources */,
				CDD59C26199C69F500FB662D /* SchemaHelpers.swift in Sources */,
				CD9CD7D119CA88190038B7B0 /* InsertHelpers.swift in Sources */,
			);
			runOnlyForDeploymentPostprocessing = 0;
		};
		CD7247FE1996880300151E1E /* Sources */ = {
			isa = PBXSourcesBuildPhase;
			buildActionMask = 2147483647;
			files = (
				CDD59C30199C6A5300FB662D /* SchemaHelpersSpec.swift in Sources */,
				CDB05D1219CA97180085E4AC /* InsertHelpersSpec.swift in Sources */,
				CD4B4C3719B2B3AA004497BF /* DatabasePoolSpec.swift in Sources */,
				CD7248671996D4F700151E1E /* StatementSpec.swift in Sources */,
				CDB05D0919CA95100085E4AC /* DeleteHelpersSpec.swift in Sources */,
				CDB05D0319CA93EF0085E4AC /* BindableSpec.swift in Sources */,
				CDB05D0C19CA959B0085E4AC /* UpdateHelpersSpec.swift in Sources */,
				CDB05D0F19CA96BB0085E4AC /* SelectHelpersSpec.swift in Sources */,
				CDB05D0619CA949B0085E4AC /* TransactionHelpersSpec.swift in Sources */,
				CD72481319968D4000151E1E /* DatabaseSpec.swift in Sources */,
			);
			runOnlyForDeploymentPostprocessing = 0;
		};
		CDCBEB4719C5F6F500862BFD /* Sources */ = {
			isa = PBXSourcesBuildPhase;
			buildActionMask = 2147483647;
			files = (
				CD9CD7CC19CA86270038B7B0 /* Statement.swift in Sources */,
				CD9CD7C919CA86040038B7B0 /* TransactionHelpers.swift in Sources */,
				CD9CD7CF19CA86FE0038B7B0 /* Bindable.swift in Sources */,
				CDCBEB6519C5F70800862BFD /* Database.swift in Sources */,
				CDB05CEE19CA89110085E4AC /* UpdateHelpers.swift in Sources */,
				CD9CD7BE19CA85820038B7B0 /* Errors.swift in Sources */,
				CDB05CE319CA88D70085E4AC /* SelectHelpers.swift in Sources */,
				CDCBEB6619C5F70800862BFD /* DeleteHelpers.swift in Sources */,
				CDCBEB6719C5F70800862BFD /* SchemaHelpers.swift in Sources */,
				CDCBEB6819C5F70800862BFD /* DatabasePool.swift in Sources */,
				CD9CD7D219CA88190038B7B0 /* InsertHelpers.swift in Sources */,
			);
			runOnlyForDeploymentPostprocessing = 0;
		};
		CDCBEB5219C5F6F500862BFD /* Sources */ = {
			isa = PBXSourcesBuildPhase;
			buildActionMask = 2147483647;
			files = (
				CDB05D1319CA97180085E4AC /* InsertHelpersSpec.swift in Sources */,
				CD9CD78719C5FB210038B7B0 /* DatabasePoolSpec.swift in Sources */,
				CD9CD78819C5FB210038B7B0 /* SchemaHelpersSpec.swift in Sources */,
				CDB05D0A19CA95100085E4AC /* DeleteHelpersSpec.swift in Sources */,
				CDB05D0419CA93EF0085E4AC /* BindableSpec.swift in Sources */,
				CDB05D0D19CA959B0085E4AC /* UpdateHelpersSpec.swift in Sources */,
				CDB05D1019CA96BB0085E4AC /* SelectHelpersSpec.swift in Sources */,
				CD9CD78919C5FB210038B7B0 /* DatabaseSpec.swift in Sources */,
				CDB05D0719CA949B0085E4AC /* TransactionHelpersSpec.swift in Sources */,
				CD9CD78A19C5FB210038B7B0 /* StatementSpec.swift in Sources */,
			);
			runOnlyForDeploymentPostprocessing = 0;
		};
		CDCBEB6B19C5F77900862BFD /* Sources */ = {
			isa = PBXSourcesBuildPhase;
			buildActionMask = 2147483647;
			files = (
				CDCBEB8E19C5F7DB00862BFD /* DatabaseSpecHelpers.swift in Sources */,
				CDCBEB8F19C5F7DB00862BFD /* StatementSpecHelpers.swift in Sources */,
			);
			runOnlyForDeploymentPostprocessing = 0;
		};
/* End PBXSourcesBuildPhase section */

/* Begin PBXTargetDependency section */
		CD61584919BCD74000E63F56 /* PBXTargetDependency */ = {
			isa = PBXTargetDependency;
			target = CD7247F61996880300151E1E /* Squeal-OSX */;
			targetProxy = CD61584819BCD74000E63F56 /* PBXContainerItemProxy */;
		};
		CD61584B19BCD74000E63F56 /* PBXTargetDependency */ = {
			isa = PBXTargetDependency;
			target = CD3DE27819BCD44B00DED437 /* SquealSpecHelpers-OSX */;
			targetProxy = CD61584A19BCD74000E63F56 /* PBXContainerItemProxy */;
		};
		CD61585219BCDC7700E63F56 /* PBXTargetDependency */ = {
			isa = PBXTargetDependency;
			target = CD7247F61996880300151E1E /* Squeal-OSX */;
			targetProxy = CD61585119BCDC7700E63F56 /* PBXContainerItemProxy */;
		};
		CDCBEB5919C5F6F500862BFD /* PBXTargetDependency */ = {
			isa = PBXTargetDependency;
			target = CDCBEB4B19C5F6F500862BFD /* Squeal-iOS */;
			targetProxy = CDCBEB5819C5F6F500862BFD /* PBXContainerItemProxy */;
		};
		CDCBEB8C19C5F7C100862BFD /* PBXTargetDependency */ = {
			isa = PBXTargetDependency;
			target = CDCBEB4B19C5F6F500862BFD /* Squeal-iOS */;
			targetProxy = CDCBEB8B19C5F7C100862BFD /* PBXContainerItemProxy */;
		};
/* End PBXTargetDependency section */

/* Begin XCBuildConfiguration section */
		CD3DE28919BCD44B00DED437 /* Debug */ = {
			isa = XCBuildConfiguration;
			buildSettings = {
				COMBINE_HIDPI_IMAGES = YES;
				DEFINES_MODULE = YES;
				DYLIB_COMPATIBILITY_VERSION = 1;
				DYLIB_CURRENT_VERSION = 1;
				DYLIB_INSTALL_NAME_BASE = "@rpath";
				FRAMEWORK_VERSION = A;
				GCC_PREPROCESSOR_DEFINITIONS = (
					"DEBUG=1",
					"$(inherited)",
				);
				INFOPLIST_FILE = SquealSpecHelpers/Info.plist;
				INSTALL_PATH = "$(LOCAL_LIBRARY_DIR)/Frameworks";
				LD_RUNPATH_SEARCH_PATHS = "$(inherited) @executable_path/../Frameworks @loader_path/Frameworks";
				PRODUCT_NAME = SquealSpecHelpers;
				SKIP_INSTALL = YES;
				SWIFT_INCLUDE_PATHS = "$(PROJECT_DIR)/modules";
			};
			name = Debug;
		};
		CD3DE28A19BCD44B00DED437 /* Release */ = {
			isa = XCBuildConfiguration;
			buildSettings = {
				COMBINE_HIDPI_IMAGES = YES;
				DEFINES_MODULE = YES;
				DYLIB_COMPATIBILITY_VERSION = 1;
				DYLIB_CURRENT_VERSION = 1;
				DYLIB_INSTALL_NAME_BASE = "@rpath";
				FRAMEWORK_VERSION = A;
				INFOPLIST_FILE = SquealSpecHelpers/Info.plist;
				INSTALL_PATH = "$(LOCAL_LIBRARY_DIR)/Frameworks";
				LD_RUNPATH_SEARCH_PATHS = "$(inherited) @executable_path/../Frameworks @loader_path/Frameworks";
				PRODUCT_NAME = SquealSpecHelpers;
				SKIP_INSTALL = YES;
				SWIFT_INCLUDE_PATHS = "$(PROJECT_DIR)/modules";
			};
			name = Release;
		};
		CD7248081996880400151E1E /* Debug */ = {
			isa = XCBuildConfiguration;
			buildSettings = {
				ALWAYS_SEARCH_USER_PATHS = NO;
				CLANG_CXX_LANGUAGE_STANDARD = "gnu++0x";
				CLANG_CXX_LIBRARY = "libc++";
				CLANG_ENABLE_MODULES = YES;
				CLANG_ENABLE_OBJC_ARC = YES;
				CLANG_WARN_BOOL_CONVERSION = YES;
				CLANG_WARN_CONSTANT_CONVERSION = YES;
				CLANG_WARN_DIRECT_OBJC_ISA_USAGE = YES_ERROR;
				CLANG_WARN_EMPTY_BODY = YES;
				CLANG_WARN_ENUM_CONVERSION = YES;
				CLANG_WARN_INT_CONVERSION = YES;
				CLANG_WARN_OBJC_ROOT_CLASS = YES_ERROR;
				CLANG_WARN_UNREACHABLE_CODE = YES;
				CLANG_WARN__DUPLICATE_METHOD_MATCH = YES;
				COPY_PHASE_STRIP = NO;
				CURRENT_PROJECT_VERSION = 1;
				ENABLE_STRICT_OBJC_MSGSEND = YES;
				GCC_C_LANGUAGE_STANDARD = gnu99;
				GCC_DYNAMIC_NO_PIC = NO;
				GCC_OPTIMIZATION_LEVEL = 0;
				GCC_PREPROCESSOR_DEFINITIONS = (
					"DEBUG=1",
					"$(inherited)",
				);
				GCC_SYMBOLS_PRIVATE_EXTERN = NO;
				GCC_WARN_64_TO_32_BIT_CONVERSION = YES;
				GCC_WARN_ABOUT_RETURN_TYPE = YES_ERROR;
				GCC_WARN_UNDECLARED_SELECTOR = YES;
				GCC_WARN_UNINITIALIZED_AUTOS = YES_AGGRESSIVE;
				GCC_WARN_UNUSED_FUNCTION = YES;
				GCC_WARN_UNUSED_VARIABLE = YES;
				IPHONEOS_DEPLOYMENT_TARGET = 8.0;
				MACOSX_DEPLOYMENT_TARGET = 10.10;
				MTL_ENABLE_DEBUG_INFO = YES;
				ONLY_ACTIVE_ARCH = YES;
				SDKROOT = macosx;
				SWIFT_OPTIMIZATION_LEVEL = "-Onone";
				VERSIONING_SYSTEM = "apple-generic";
				VERSION_INFO_PREFIX = "";
			};
			name = Debug;
		};
		CD7248091996880400151E1E /* Release */ = {
			isa = XCBuildConfiguration;
			buildSettings = {
				ALWAYS_SEARCH_USER_PATHS = NO;
				CLANG_CXX_LANGUAGE_STANDARD = "gnu++0x";
				CLANG_CXX_LIBRARY = "libc++";
				CLANG_ENABLE_MODULES = YES;
				CLANG_ENABLE_OBJC_ARC = YES;
				CLANG_WARN_BOOL_CONVERSION = YES;
				CLANG_WARN_CONSTANT_CONVERSION = YES;
				CLANG_WARN_DIRECT_OBJC_ISA_USAGE = YES_ERROR;
				CLANG_WARN_EMPTY_BODY = YES;
				CLANG_WARN_ENUM_CONVERSION = YES;
				CLANG_WARN_INT_CONVERSION = YES;
				CLANG_WARN_OBJC_ROOT_CLASS = YES_ERROR;
				CLANG_WARN_UNREACHABLE_CODE = YES;
				CLANG_WARN__DUPLICATE_METHOD_MATCH = YES;
				COPY_PHASE_STRIP = YES;
				CURRENT_PROJECT_VERSION = 1;
				DEBUG_INFORMATION_FORMAT = "dwarf-with-dsym";
				ENABLE_NS_ASSERTIONS = NO;
				ENABLE_STRICT_OBJC_MSGSEND = YES;
				GCC_C_LANGUAGE_STANDARD = gnu99;
				GCC_WARN_64_TO_32_BIT_CONVERSION = YES;
				GCC_WARN_ABOUT_RETURN_TYPE = YES_ERROR;
				GCC_WARN_UNDECLARED_SELECTOR = YES;
				GCC_WARN_UNINITIALIZED_AUTOS = YES_AGGRESSIVE;
				GCC_WARN_UNUSED_FUNCTION = YES;
				GCC_WARN_UNUSED_VARIABLE = YES;
				IPHONEOS_DEPLOYMENT_TARGET = 8.0;
				MACOSX_DEPLOYMENT_TARGET = 10.10;
				MTL_ENABLE_DEBUG_INFO = NO;
				SDKROOT = macosx;
				VERSIONING_SYSTEM = "apple-generic";
				VERSION_INFO_PREFIX = "";
			};
			name = Release;
		};
		CD72480B1996880400151E1E /* Debug */ = {
			isa = XCBuildConfiguration;
			buildSettings = {
				COMBINE_HIDPI_IMAGES = YES;
				DEFINES_MODULE = YES;
				DYLIB_COMPATIBILITY_VERSION = 1;
				DYLIB_CURRENT_VERSION = 1;
				DYLIB_INSTALL_NAME_BASE = "@rpath";
				FRAMEWORK_VERSION = A;
				INFOPLIST_FILE = Squeal/Info.plist;
				INSTALL_PATH = "$(LOCAL_LIBRARY_DIR)/Frameworks";
				LD_RUNPATH_SEARCH_PATHS = "$(inherited) @executable_path/../Frameworks @loader_path/Frameworks";
				PRODUCT_NAME = Squeal;
				SKIP_INSTALL = YES;
				SWIFT_INCLUDE_PATHS = "$(PROJECT_DIR)/modules";
			};
			name = Debug;
		};
		CD72480C1996880400151E1E /* Release */ = {
			isa = XCBuildConfiguration;
			buildSettings = {
				COMBINE_HIDPI_IMAGES = YES;
				DEFINES_MODULE = YES;
				DYLIB_COMPATIBILITY_VERSION = 1;
				DYLIB_CURRENT_VERSION = 1;
				DYLIB_INSTALL_NAME_BASE = "@rpath";
				FRAMEWORK_VERSION = A;
				INFOPLIST_FILE = Squeal/Info.plist;
				INSTALL_PATH = "$(LOCAL_LIBRARY_DIR)/Frameworks";
				LD_RUNPATH_SEARCH_PATHS = "$(inherited) @executable_path/../Frameworks @loader_path/Frameworks";
				PRODUCT_NAME = Squeal;
				SKIP_INSTALL = YES;
				SWIFT_INCLUDE_PATHS = "$(PROJECT_DIR)/modules";
			};
			name = Release;
		};
		CD72480E1996880400151E1E /* Debug */ = {
			isa = XCBuildConfiguration;
			buildSettings = {
				COMBINE_HIDPI_IMAGES = YES;
				FRAMEWORK_SEARCH_PATHS = (
					"$(DEVELOPER_FRAMEWORKS_DIR)",
					"$(inherited)",
				);
				GCC_PREPROCESSOR_DEFINITIONS = (
					"DEBUG=1",
					"$(inherited)",
				);
				INFOPLIST_FILE = SquealTests/Info.plist;
				LD_RUNPATH_SEARCH_PATHS = "$(inherited) @executable_path/../Frameworks @loader_path/../Frameworks";
				PRODUCT_NAME = "$(TARGET_NAME)";
				SWIFT_INCLUDE_PATHS = "$(PROJECT_DIR)/modules";
			};
			name = Debug;
		};
		CD72480F1996880400151E1E /* Release */ = {
			isa = XCBuildConfiguration;
			buildSettings = {
				COMBINE_HIDPI_IMAGES = YES;
				FRAMEWORK_SEARCH_PATHS = (
					"$(DEVELOPER_FRAMEWORKS_DIR)",
					"$(inherited)",
				);
				INFOPLIST_FILE = SquealTests/Info.plist;
				LD_RUNPATH_SEARCH_PATHS = "$(inherited) @executable_path/../Frameworks @loader_path/../Frameworks";
				PRODUCT_NAME = "$(TARGET_NAME)";
				SWIFT_INCLUDE_PATHS = "$(PROJECT_DIR)/modules";
			};
			name = Release;
		};
		CDCBEB6019C5F6F500862BFD /* Debug */ = {
			isa = XCBuildConfiguration;
			buildSettings = {
				"CODE_SIGN_IDENTITY[sdk=iphoneos*]" = "iPhone Developer";
				DEFINES_MODULE = YES;
				DYLIB_COMPATIBILITY_VERSION = 1;
				DYLIB_CURRENT_VERSION = 1;
				DYLIB_INSTALL_NAME_BASE = "@rpath";
				GCC_PREPROCESSOR_DEFINITIONS = (
					"DEBUG=1",
					"$(inherited)",
				);
				INFOPLIST_FILE = "Squeal-iOS/Info.plist";
				INSTALL_PATH = "$(LOCAL_LIBRARY_DIR)/Frameworks";
				IPHONEOS_DEPLOYMENT_TARGET = 8.0;
				LD_RUNPATH_SEARCH_PATHS = "$(inherited) @executable_path/Frameworks @loader_path/Frameworks";
				PRODUCT_NAME = Squeal;
				SDKROOT = iphoneos;
				SKIP_INSTALL = YES;
				SWIFT_INCLUDE_PATHS = "$(PROJECT_DIR)/modules";
				TARGETED_DEVICE_FAMILY = "1,2";
			};
			name = Debug;
		};
		CDCBEB6119C5F6F500862BFD /* Release */ = {
			isa = XCBuildConfiguration;
			buildSettings = {
				"CODE_SIGN_IDENTITY[sdk=iphoneos*]" = "iPhone Developer";
				DEFINES_MODULE = YES;
				DYLIB_COMPATIBILITY_VERSION = 1;
				DYLIB_CURRENT_VERSION = 1;
				DYLIB_INSTALL_NAME_BASE = "@rpath";
				INFOPLIST_FILE = "Squeal-iOS/Info.plist";
				INSTALL_PATH = "$(LOCAL_LIBRARY_DIR)/Frameworks";
				IPHONEOS_DEPLOYMENT_TARGET = 8.0;
				LD_RUNPATH_SEARCH_PATHS = "$(inherited) @executable_path/Frameworks @loader_path/Frameworks";
				PRODUCT_NAME = Squeal;
				SDKROOT = iphoneos;
				SKIP_INSTALL = YES;
				SWIFT_INCLUDE_PATHS = "$(PROJECT_DIR)/modules";
				TARGETED_DEVICE_FAMILY = "1,2";
				VALIDATE_PRODUCT = YES;
			};
			name = Release;
		};
		CDCBEB6319C5F6F500862BFD /* Debug */ = {
			isa = XCBuildConfiguration;
			buildSettings = {
				CODE_SIGN_IDENTITY = "iPhone Developer";
				FRAMEWORK_SEARCH_PATHS = (
					"$(SDKROOT)/Developer/Library/Frameworks",
					"$(inherited)",
					"$(DEVELOPER_FRAMEWORKS_DIR)",
				);
				GCC_PREPROCESSOR_DEFINITIONS = (
					"DEBUG=1",
					"$(inherited)",
				);
				INFOPLIST_FILE = "Squeal-iOSTests/Info.plist";
				IPHONEOS_DEPLOYMENT_TARGET = 8.0;
				LD_RUNPATH_SEARCH_PATHS = "$(inherited) @executable_path/Frameworks @loader_path/Frameworks";
				PRODUCT_NAME = "$(TARGET_NAME)";
				SDKROOT = iphoneos;
				SWIFT_INCLUDE_PATHS = "$(PROJECT_DIR)/modules";
			};
			name = Debug;
		};
		CDCBEB6419C5F6F500862BFD /* Release */ = {
			isa = XCBuildConfiguration;
			buildSettings = {
				CODE_SIGN_IDENTITY = "iPhone Developer";
				FRAMEWORK_SEARCH_PATHS = (
					"$(SDKROOT)/Developer/Library/Frameworks",
					"$(inherited)",
					"$(DEVELOPER_FRAMEWORKS_DIR)",
				);
				INFOPLIST_FILE = "Squeal-iOSTests/Info.plist";
				IPHONEOS_DEPLOYMENT_TARGET = 8.0;
				LD_RUNPATH_SEARCH_PATHS = "$(inherited) @executable_path/Frameworks @loader_path/Frameworks";
				PRODUCT_NAME = "$(TARGET_NAME)";
				SDKROOT = iphoneos;
				SWIFT_INCLUDE_PATHS = "$(PROJECT_DIR)/modules";
				VALIDATE_PRODUCT = YES;
			};
			name = Release;
		};
		CDCBEB8419C5F77900862BFD /* Debug */ = {
			isa = XCBuildConfiguration;
			buildSettings = {
				"CODE_SIGN_IDENTITY[sdk=iphoneos*]" = "iPhone Developer";
				DEFINES_MODULE = YES;
				DYLIB_COMPATIBILITY_VERSION = 1;
				DYLIB_CURRENT_VERSION = 1;
				DYLIB_INSTALL_NAME_BASE = "@rpath";
				GCC_PREPROCESSOR_DEFINITIONS = (
					"DEBUG=1",
					"$(inherited)",
				);
				INFOPLIST_FILE = "SquealSpecHelpers-iOS/Info.plist";
				INSTALL_PATH = "$(LOCAL_LIBRARY_DIR)/Frameworks";
				IPHONEOS_DEPLOYMENT_TARGET = 8.0;
				LD_RUNPATH_SEARCH_PATHS = "$(inherited) @executable_path/Frameworks @loader_path/Frameworks";
				PRODUCT_NAME = SquealSpecHelpers;
				SDKROOT = iphoneos;
				SKIP_INSTALL = YES;
				SWIFT_INCLUDE_PATHS = "$(PROJECT_DIR)/modules";
				TARGETED_DEVICE_FAMILY = "1,2";
			};
			name = Debug;
		};
		CDCBEB8519C5F77900862BFD /* Release */ = {
			isa = XCBuildConfiguration;
			buildSettings = {
				"CODE_SIGN_IDENTITY[sdk=iphoneos*]" = "iPhone Developer";
				DEFINES_MODULE = YES;
				DYLIB_COMPATIBILITY_VERSION = 1;
				DYLIB_CURRENT_VERSION = 1;
				DYLIB_INSTALL_NAME_BASE = "@rpath";
				INFOPLIST_FILE = "SquealSpecHelpers-iOS/Info.plist";
				INSTALL_PATH = "$(LOCAL_LIBRARY_DIR)/Frameworks";
				IPHONEOS_DEPLOYMENT_TARGET = 8.0;
				LD_RUNPATH_SEARCH_PATHS = "$(inherited) @executable_path/Frameworks @loader_path/Frameworks";
				PRODUCT_NAME = SquealSpecHelpers;
				SDKROOT = iphoneos;
				SKIP_INSTALL = YES;
				SWIFT_INCLUDE_PATHS = "$(PROJECT_DIR)/modules";
				TARGETED_DEVICE_FAMILY = "1,2";
				VALIDATE_PRODUCT = YES;
			};
			name = Release;
		};
/* End XCBuildConfiguration section */

/* Begin XCConfigurationList section */
		CD3DE29519BCD44B00DED437 /* Build configuration list for PBXNativeTarget "SquealSpecHelpers-OSX" */ = {
			isa = XCConfigurationList;
			buildConfigurations = (
				CD3DE28919BCD44B00DED437 /* Debug */,
				CD3DE28A19BCD44B00DED437 /* Release */,
			);
			defaultConfigurationIsVisible = 0;
			defaultConfigurationName = Release;
		};
		CD7247F11996880300151E1E /* Build configuration list for PBXProject "Squeal" */ = {
			isa = XCConfigurationList;
			buildConfigurations = (
				CD7248081996880400151E1E /* Debug */,
				CD7248091996880400151E1E /* Release */,
			);
			defaultConfigurationIsVisible = 0;
			defaultConfigurationName = Release;
		};
		CD72480A1996880400151E1E /* Build configuration list for PBXNativeTarget "Squeal-OSX" */ = {
			isa = XCConfigurationList;
			buildConfigurations = (
				CD72480B1996880400151E1E /* Debug */,
				CD72480C1996880400151E1E /* Release */,
			);
			defaultConfigurationIsVisible = 0;
			defaultConfigurationName = Release;
		};
		CD72480D1996880400151E1E /* Build configuration list for PBXNativeTarget "Squeal-OSXTests" */ = {
			isa = XCConfigurationList;
			buildConfigurations = (
				CD72480E1996880400151E1E /* Debug */,
				CD72480F1996880400151E1E /* Release */,
			);
			defaultConfigurationIsVisible = 0;
			defaultConfigurationName = Release;
		};
		CDCBEB5F19C5F6F500862BFD /* Build configuration list for PBXNativeTarget "Squeal-iOS" */ = {
			isa = XCConfigurationList;
			buildConfigurations = (
				CDCBEB6019C5F6F500862BFD /* Debug */,
				CDCBEB6119C5F6F500862BFD /* Release */,
			);
			defaultConfigurationIsVisible = 0;
			defaultConfigurationName = Release;
		};
		CDCBEB6219C5F6F500862BFD /* Build configuration list for PBXNativeTarget "Squeal-iOSTests" */ = {
			isa = XCConfigurationList;
			buildConfigurations = (
				CDCBEB6319C5F6F500862BFD /* Debug */,
				CDCBEB6419C5F6F500862BFD /* Release */,
			);
			defaultConfigurationIsVisible = 0;
			defaultConfigurationName = Release;
		};
		CDCBEB8319C5F77900862BFD /* Build configuration list for PBXNativeTarget "SquealSpecHelpers-iOS" */ = {
			isa = XCConfigurationList;
			buildConfigurations = (
				CDCBEB8419C5F77900862BFD /* Debug */,
				CDCBEB8519C5F77900862BFD /* Release */,
			);
			defaultConfigurationIsVisible = 0;
			defaultConfigurationName = Release;
		};
/* End XCConfigurationList section */
	};
	rootObject = CD7247EE1996880300151E1E /* Project object */;
}
